PODS:
  - Atlas (1.0.15):
    - LayerKit (>= 0.17.1)
  - Expecta (1.0.5)
  - KIF (3.3.0):
    - KIF/Core (= 3.3.0)
  - KIF/Core (3.3.0)
  - KIFViewControllerActions (1.0.1):
    - KIF (>= 2.0.0)
  - LayerKit (0.17.1)
  - LYRCountDownLatch (0.9.0)
  - OCMock (3.2)

DEPENDENCIES:
  - Atlas (from `.`)
  - Expecta
  - KIF
  - KIFViewControllerActions (from `https://github.com/blakewatters/KIFViewControllerActions.git`)
  - LayerKit
  - LYRCountDownLatch (from `https://github.com/layerhq/LYRCountDownLatch.git`)
  - OCMock

EXTERNAL SOURCES:
  Atlas:
    :path: "."
  KIFViewControllerActions:
    :git: https://github.com/blakewatters/KIFViewControllerActions.git
  LYRCountDownLatch:
    :git: https://github.com/layerhq/LYRCountDownLatch.git

CHECKOUT OPTIONS:
  KIFViewControllerActions:
    :commit: c3691ae0014d642f1d1228c12350ee8a0369e30b
    :git: https://github.com/blakewatters/KIFViewControllerActions.git
  LYRCountDownLatch:
    :commit: 02119f855ad14e7fc0dae32bbbf17c735a281cfe
    :git: https://github.com/layerhq/LYRCountDownLatch.git

SPEC CHECKSUMS:
  Atlas: bd66c5b17719857a6b9e22299f76527245e06e88
  Expecta: e1c022fcd33910b6be89c291d2775b3fe27a89fe
  KIF: 0a82046d06f3648799cac522d2d0f7934214caac
  KIFViewControllerActions: fc3a8e1352a6609624bda1fe6cfad410d0e88552
  LayerKit: 5de4711a8b9dd5c5af9489fb9929b0f526eafb9e
  LYRCountDownLatch: 9b440b42a19ddbf4e75bdd4b43726baa1527606a
  OCMock: 28def049ef47f996b515a8eeea958be7ccab2dbb

COCOAPODS: 0.39.0
