PODS:
  - Atlas (1.0.12):
    - LayerKit (>= 0.17.0)
  - Expecta (1.0.3)
  - KIF (3.3.0):
    - KIF/Core (= 3.3.0)
  - KIF/Core (3.3.0)
  - KIFViewControllerActions (1.0.0):
    - KIF (>= 2.0.0)
  - LayerKit (0.17.0)
  - LYRCountDownLatch (0.9.0)
  - OCMock (3.2)

DEPENDENCIES:
  - Atlas (from `.`)
  - Expecta
  - KIF
  - KIFViewControllerActions (from `https://github.com/blakewatters/KIFViewControllerActions.git`)
  - LayerKit
  - LYRCountDownLatch (from `https://github.com/layerhq/LYRCountDownLatch.git`)
  - OCMock

EXTERNAL SOURCES:
  Atlas:
    :path: "."
  KIFViewControllerActions:
    :git: https://github.com/blakewatters/KIFViewControllerActions.git
  LYRCountDownLatch:
    :git: https://github.com/layerhq/LYRCountDownLatch.git

CHECKOUT OPTIONS:
  KIFViewControllerActions:
    :commit: fbcaaaf2a6236c6ed840ce011a44f7e3e1f7570d
    :git: https://github.com/blakewatters/KIFViewControllerActions.git
  LYRCountDownLatch:
    :commit: 02119f855ad14e7fc0dae32bbbf17c735a281cfe
    :git: https://github.com/layerhq/LYRCountDownLatch.git

SPEC CHECKSUMS:
  Atlas: ac628d25771ae9b5ef53ca3e9dd81e86f6f7a9e2
  Expecta: 9d1bff6c8b0eeee73a166a2ee898892478927a15
  KIF: 0a82046d06f3648799cac522d2d0f7934214caac
  KIFViewControllerActions: 73085acd975ebbfc954f7895ca1aaa9faa36b3c6
  LayerKit: 81d635966427859230deb8ede88dbc710dcac8fd
  LYRCountDownLatch: 9b440b42a19ddbf4e75bdd4b43726baa1527606a
  OCMock: 28def049ef47f996b515a8eeea958be7ccab2dbb

COCOAPODS: 0.39.0
