PODS:
  - Atlas (1.0.19):
    - LayerKit (>= 0.19.0)
  - Expecta (1.0.5)
  - KIF (3.3.2):
    - KIF/Core (= 3.3.2)
  - KIF/Core (3.3.2)
  - KIFViewControllerActions (1.0.1):
    - KIF (>= 2.0.0)
  - LayerKit (0.19.1)
  - LYRCountDownLatch (0.9.0)
  - OCMock (3.2.2)

DEPENDENCIES:
  - Atlas (from `.`)
  - Expecta
  - KIF
  - KIFViewControllerActions (from `https://github.com/blakewatters/KIFViewControllerActions.git`)
  - LayerKit
  - LYRCountDownLatch (from `https://github.com/layerhq/LYRCountDownLatch.git`)
  - OCMock

EXTERNAL SOURCES:
  Atlas:
    :path: "."
  KIFViewControllerActions:
    :git: https://github.com/blakewatters/KIFViewControllerActions.git
  LYRCountDownLatch:
    :git: https://github.com/layerhq/LYRCountDownLatch.git

CHECKOUT OPTIONS:
  KIFViewControllerActions:
    :commit: c3691ae0014d642f1d1228c12350ee8a0369e30b
    :git: https://github.com/blakewatters/KIFViewControllerActions.git
  LYRCountDownLatch:
    :commit: 02119f855ad14e7fc0dae32bbbf17c735a281cfe
    :git: https://github.com/layerhq/LYRCountDownLatch.git

SPEC CHECKSUMS:
  Atlas: 1aba12f78e26f4d727d326ab009ae67eba4f5014
  Expecta: e1c022fcd33910b6be89c291d2775b3fe27a89fe
  KIF: 9de83fa627adaf65d28ace31e40f19d830bc255c
  KIFViewControllerActions: fc3a8e1352a6609624bda1fe6cfad410d0e88552
  LayerKit: 1c309018a1a2319b0575083f50fd76f30eaa5343
  LYRCountDownLatch: 9b440b42a19ddbf4e75bdd4b43726baa1527606a
  OCMock: 18c9b7e67d4c2770e95bb77a9cc1ae0c91fe3835

COCOAPODS: 0.39.0
