// !$*UTF8*$!
{
	archiveVersion = 1;
	classes = {
	};
	objectVersion = 48;
	objects = {

/* Begin PBXBuildFile section */
		150373DF1F17D52700FA6AAB /* LYRUIIdentityItemView.xib in Resources */ = {isa = PBXBuildFile; fileRef = 150373DE1F17D52700FA6AAB /* LYRUIIdentityItemView.xib */; };
		150373E11F17D86A00FA6AAB /* LYRUIIdentityItemViewSpec.m in Sources */ = {isa = PBXBuildFile; fileRef = 150373E01F17D86A00FA6AAB /* LYRUIIdentityItemViewSpec.m */; };
		150373EA1F17E59D00FA6AAB /* LYRUIIdentityNameFormatterSpec.m in Sources */ = {isa = PBXBuildFile; fileRef = 150373E91F17E59D00FA6AAB /* LYRUIIdentityNameFormatterSpec.m */; };
		150373F01F19017800FA6AAB /* LYRUITimeAgoFormatterSpec.m in Sources */ = {isa = PBXBuildFile; fileRef = 150373EF1F19017800FA6AAB /* LYRUITimeAgoFormatterSpec.m */; };
		150373F21F1CD7E500FA6AAB /* LYRUIShapedView.xib in Resources */ = {isa = PBXBuildFile; fileRef = 150373F11F1CD7E500FA6AAB /* LYRUIShapedView.xib */; };
		1504137B1F21CC4A006F46BD /* LYRUIParticipantsCountView.xib in Resources */ = {isa = PBXBuildFile; fileRef = 1504137A1F21CC4A006F46BD /* LYRUIParticipantsCountView.xib */; };
		1504137D1F21D147006F46BD /* LYRUIParticipantsCountViewSpec.m in Sources */ = {isa = PBXBuildFile; fileRef = 1504137C1F21D147006F46BD /* LYRUIParticipantsCountViewSpec.m */; };
		15062C4E1FE2AC6700943614 /* LYRUIPresenceViewSpec.m in Sources */ = {isa = PBXBuildFile; fileRef = 15062C4D1FE2AC6700943614 /* LYRUIPresenceViewSpec.m */; };
		150771E81F2769E200E903D1 /* LYRUIAvatarViewMultiLayoutSpec.m in Sources */ = {isa = PBXBuildFile; fileRef = 150771E71F2769E200E903D1 /* LYRUIAvatarViewMultiLayoutSpec.m */; };
		150771EA1F276E1F00E903D1 /* LYRUIImageWithLettersViewSpec.m in Sources */ = {isa = PBXBuildFile; fileRef = 150771E91F276E1F00E903D1 /* LYRUIImageWithLettersViewSpec.m */; };
		150771EB1F2771B100E903D1 /* boatgif.gif in Resources */ = {isa = PBXBuildFile; fileRef = 5AEFC5CA1B79834300ADE4EC /* boatgif.gif */; };
		150771FD1F28ABB300E903D1 /* LYRUIInitialsFormatterSpec.m in Sources */ = {isa = PBXBuildFile; fileRef = 150771FC1F28ABB300E903D1 /* LYRUIInitialsFormatterSpec.m */; };
		150771FF1F28BEF700E903D1 /* LYRUIImageFetcherSpec.m in Sources */ = {isa = PBXBuildFile; fileRef = 150771FE1F28BEF700E903D1 /* LYRUIImageFetcherSpec.m */; };
		150772151F28E9AF00E903D1 /* LYRUISpecDispatcher.m in Sources */ = {isa = PBXBuildFile; fileRef = 150772141F28E9AF00E903D1 /* LYRUISpecDispatcher.m */; };
		1507722B1F2A416D00E903D1 /* LYRUIIdentityListView.xib in Resources */ = {isa = PBXBuildFile; fileRef = 1507722A1F2A416D00E903D1 /* LYRUIIdentityListView.xib */; };
		150B19041F7E814C00EFA6D8 /* LYRUIMessageListQueryControllerDelegateSpec.m in Sources */ = {isa = PBXBuildFile; fileRef = 150B19031F7E814C00EFA6D8 /* LYRUIMessageListQueryControllerDelegateSpec.m */; };
		150B19061F7E8F0A00EFA6D8 /* LYRUIMessageListPaginationControllerSpec.m in Sources */ = {isa = PBXBuildFile; fileRef = 150B19051F7E8F0A00EFA6D8 /* LYRUIMessageListPaginationControllerSpec.m */; };
		151684411F99332200EBA969 /* LYRUIBaseListViewSpec.m in Sources */ = {isa = PBXBuildFile; fileRef = 151684401F99332200EBA969 /* LYRUIBaseListViewSpec.m */; };
		1518DA012033289E00654309 /* LYRUICarouselContentOffsetsCacheSpec.m in Sources */ = {isa = PBXBuildFile; fileRef = 1518DA002033289E00654309 /* LYRUICarouselContentOffsetsCacheSpec.m */; };
		1518DA03203328AC00654309 /* LYRUICarouselContentOffsetHandlerSpec.m in Sources */ = {isa = PBXBuildFile; fileRef = 1518DA02203328AC00654309 /* LYRUICarouselContentOffsetHandlerSpec.m */; };
		1518DA05203328B400654309 /* LYRUICarouselMessageListViewSpec.m in Sources */ = {isa = PBXBuildFile; fileRef = 1518DA04203328B400654309 /* LYRUICarouselMessageListViewSpec.m */; };
		152055AD2044385A0069B2AC /* LYRUIMessageListViewPreviewingDelegateSpec.m in Sources */ = {isa = PBXBuildFile; fileRef = 152055AC204438590069B2AC /* LYRUIMessageListViewPreviewingDelegateSpec.m */; };
		152475191F3DE38700777BA3 /* LYRUIMessageItemView.xib in Resources */ = {isa = PBXBuildFile; fileRef = 152475181F3DE38700777BA3 /* LYRUIMessageItemView.xib */; };
		152515171F3084580074CE03 /* LYRUIListDataSourceSpec.m in Sources */ = {isa = PBXBuildFile; fileRef = 152515161F3084580074CE03 /* LYRUIListDataSourceSpec.m */; };
		152515191F308EC80074CE03 /* LYRUIListDelegateSpec.m in Sources */ = {isa = PBXBuildFile; fileRef = 152515181F308EC80074CE03 /* LYRUIListDelegateSpec.m */; };
		1525151B1F3090500074CE03 /* LYRUIIdentityCollectionViewCellSpec.m in Sources */ = {isa = PBXBuildFile; fileRef = 1525151A1F3090500074CE03 /* LYRUIIdentityCollectionViewCellSpec.m */; };
		1525151D1F3094680074CE03 /* LYRUIListHeaderViewSpec.m in Sources */ = {isa = PBXBuildFile; fileRef = 1525151C1F3094680074CE03 /* LYRUIListHeaderViewSpec.m */; };
		152515211F30996A0074CE03 /* LYRUIIdentityListViewSpec.m in Sources */ = {isa = PBXBuildFile; fileRef = 152515201F30996A0074CE03 /* LYRUIIdentityListViewSpec.m */; };
		152515251F30A79F0074CE03 /* LYRUIConversationListViewSpec.m in Sources */ = {isa = PBXBuildFile; fileRef = 152515241F30A79F0074CE03 /* LYRUIConversationListViewSpec.m */; };
		152515271F30A8520074CE03 /* LYRUIConversationCollectionViewCellSpec.m in Sources */ = {isa = PBXBuildFile; fileRef = 152515261F30A8520074CE03 /* LYRUIConversationCollectionViewCellSpec.m */; };
		153310B11F2F66FB00B58675 /* LYRUIConversationListView.xib in Resources */ = {isa = PBXBuildFile; fileRef = 153310B01F2F66FB00B58675 /* LYRUIConversationListView.xib */; };
		154DB68F1F3C99210080A0D2 /* LYRUIComposeBar.xib in Resources */ = {isa = PBXBuildFile; fileRef = 154DB68E1F3C99210080A0D2 /* LYRUIComposeBar.xib */; };
		156081831F4463690013C86B /* LYRUIComposeBarSpec.m in Sources */ = {isa = PBXBuildFile; fileRef = 156081821F4463680013C86B /* LYRUIComposeBarSpec.m */; };
		1562E23920724BA4005B54F6 /* LYRUIConversationItemTimeFormatterSpec.m in Sources */ = {isa = PBXBuildFile; fileRef = 1562E23820724BA4005B54F6 /* LYRUIConversationItemTimeFormatterSpec.m */; };
		1562E23B20725C61005B54F6 /* LYRUIMessageListTimeFormatterSpec.m in Sources */ = {isa = PBXBuildFile; fileRef = 1562E23A20725C61005B54F6 /* LYRUIMessageListTimeFormatterSpec.m */; };
		15654C211F260F6500255309 /* LYRUIAvatarView.xib in Resources */ = {isa = PBXBuildFile; fileRef = 15654C201F260F6500255309 /* LYRUIAvatarView.xib */; };
		15654C241F2642F500255309 /* LYRUIAvatarViewSingleLayoutSpec.m in Sources */ = {isa = PBXBuildFile; fileRef = 15654C231F2642F500255309 /* LYRUIAvatarViewSingleLayoutSpec.m */; };
		15654C281F264F4000255309 /* LYRUIAvatarViewSpec.m in Sources */ = {isa = PBXBuildFile; fileRef = 15654C271F264F4000255309 /* LYRUIAvatarViewSpec.m */; };
		156B41E61FDAC5E00005A78D /* LYRUIListLayoutSpec.m in Sources */ = {isa = PBXBuildFile; fileRef = 1525151E1F3096990074CE03 /* LYRUIListLayoutSpec.m */; };
		1573187A1F7CDF45003CE98F /* LYRUIMessageItemViewSpec.m in Sources */ = {isa = PBXBuildFile; fileRef = 157318791F7CDF45003CE98F /* LYRUIMessageItemViewSpec.m */; };
		1574522B1FAB54C200A5F857 /* LYRUIAvatarViewProviderSpec.m in Sources */ = {isa = PBXBuildFile; fileRef = 1574522A1FAB54C200A5F857 /* LYRUIAvatarViewProviderSpec.m */; };
		1574F64020193A15002742BE /* LYRUIComposeBarTestLayout.m in Sources */ = {isa = PBXBuildFile; fileRef = 1574F63F20193A15002742BE /* LYRUIComposeBarTestLayout.m */; };
		1575B47A1FE9609100269488 /* LYRUIDependencyInjectorSpec.m in Sources */ = {isa = PBXBuildFile; fileRef = 1575B4791FE9609100269488 /* LYRUIDependencyInjectorSpec.m */; };
		157F36731F7C3163004D12C6 /* LYRUIParticipantsDefaultFilterSpec.m in Sources */ = {isa = PBXBuildFile; fileRef = 157F36721F7C3163004D12C6 /* LYRUIParticipantsDefaultFilterSpec.m */; };
		158273091F0D071E00F8974C /* LYRUIConversationItemViewSpec.m in Sources */ = {isa = PBXBuildFile; fileRef = 158273081F0D071E00F8974C /* LYRUIConversationItemViewSpec.m */; };
		1582730B1F0D09AA00F8974C /* LYRUIViewWithLayoutSpec.m in Sources */ = {isa = PBXBuildFile; fileRef = 1582730A1F0D09AA00F8974C /* LYRUIViewWithLayoutSpec.m */; };
		15836DBE1F151C8C00FAF433 /* LYRUIBaseItemViewLayoutSpec.m in Sources */ = {isa = PBXBuildFile; fileRef = 15836DBD1F151C8C00FAF433 /* LYRUIBaseItemViewLayoutSpec.m */; };
		15998B64204EF28B00B1A428 /* LYRUIChoiceSelectionsCacheSpec.m in Sources */ = {isa = PBXBuildFile; fileRef = 15998B63204EF28B00B1A428 /* LYRUIChoiceSelectionsCacheSpec.m */; };
		159A26F11F1F8F4000BC416C /* LYRUIShapedViewSpec.m in Sources */ = {isa = PBXBuildFile; fileRef = 159A26F01F1F8F4000BC416C /* LYRUIShapedViewSpec.m */; };
		159A26F61F1FA9B600BC416C /* LYRUIPresenceViewDefaultThemeSpec.m in Sources */ = {isa = PBXBuildFile; fileRef = 159A26F51F1FA9B600BC416C /* LYRUIPresenceViewDefaultThemeSpec.m */; };
		159A26F81F1FAB4F00BC416C /* LYRUIShapedViewDefaultShapeDrawerSpec.m in Sources */ = {isa = PBXBuildFile; fileRef = 159A26F71F1FAB4F00BC416C /* LYRUIShapedViewDefaultShapeDrawerSpec.m */; };
		159A27071F20D40E00BC416C /* LYRUIImageWithLettersView.xib in Resources */ = {isa = PBXBuildFile; fileRef = 159A27061F20D40E00BC416C /* LYRUIImageWithLettersView.xib */; };
		15A4C44C1F0E584700741D91 /* LYRUIConversationItemView.xib in Resources */ = {isa = PBXBuildFile; fileRef = 15A4C44B1F0E584700741D91 /* LYRUIConversationItemView.xib */; };
		15A4C45A1F0E7BF500741D91 /* LYRUIMessageTimeDefaultFormatterSpec.m in Sources */ = {isa = PBXBuildFile; fileRef = 15A4C4591F0E7BF500741D91 /* LYRUIMessageTimeDefaultFormatterSpec.m */; };
		15A4C4621F0E86FF00741D91 /* LYRUIConversationItemTitleFormatterSpec.m in Sources */ = {isa = PBXBuildFile; fileRef = 15A4C4611F0E86FF00741D91 /* LYRUIConversationItemTitleFormatterSpec.m */; };
		15AF424A1F5843B500C03BE5 /* LYRUIConversationViewSpec.m in Sources */ = {isa = PBXBuildFile; fileRef = 15AF42491F5843B500C03BE5 /* LYRUIConversationViewSpec.m */; };
		15BA3A8E1F7CE9EF001AB286 /* LYRUIMessageItemViewLayoutSpec.m in Sources */ = {isa = PBXBuildFile; fileRef = 15BA3A8D1F7CE9EF001AB286 /* LYRUIMessageItemViewLayoutSpec.m */; };
		15C19FCB1F46F72D002AA604 /* LYRUIMessageListView.xib in Resources */ = {isa = PBXBuildFile; fileRef = 15C19FCA1F46F72D002AA604 /* LYRUIMessageListView.xib */; };
		15C332BF2023793D00869CD0 /* LYRUIMessageAttributesManagerSpec.m in Sources */ = {isa = PBXBuildFile; fileRef = 15C332BE2023793D00869CD0 /* LYRUIMessageAttributesManagerSpec.m */; };
		15C39F4D203B14C800F8C293 /* LYRUIFakeTestMessage.m in Sources */ = {isa = PBXBuildFile; fileRef = 15C39F4C203B14C800F8C293 /* LYRUIFakeTestMessage.m */; };
		15C39F50203B155B00F8C293 /* LYRUIFakeTestMessageSerializer.m in Sources */ = {isa = PBXBuildFile; fileRef = 15C39F4F203B155B00F8C293 /* LYRUIFakeTestMessageSerializer.m */; };
		15C39F53203B15DA00F8C293 /* LYRUIFakeTestMessagePresenter.m in Sources */ = {isa = PBXBuildFile; fileRef = 15C39F52203B15DA00F8C293 /* LYRUIFakeTestMessagePresenter.m */; };
		15C39F56203B224E00F8C293 /* LYRUIFakeTestMessageContainerPresenter.m in Sources */ = {isa = PBXBuildFile; fileRef = 15C39F55203B224E00F8C293 /* LYRUIFakeTestMessageContainerPresenter.m */; };
		15C39F59203B260C00F8C293 /* LYRUIFakeImageMessage.m in Sources */ = {isa = PBXBuildFile; fileRef = 15C39F58203B260C00F8C293 /* LYRUIFakeImageMessage.m */; };
		15C39F5C203B271B00F8C293 /* LYRUIFakeTestActionHandler.m in Sources */ = {isa = PBXBuildFile; fileRef = 15C39F5B203B271B00F8C293 /* LYRUIFakeTestActionHandler.m */; };
		15C39F5E203C637600F8C293 /* LYRUIMessageListViewPresenterSpec.m in Sources */ = {isa = PBXBuildFile; fileRef = 15C39F5D203C637600F8C293 /* LYRUIMessageListViewPresenterSpec.m */; };
		15C39F60203C77EB00F8C293 /* LYRUICarouselMessageListViewPresenterSpec.m in Sources */ = {isa = PBXBuildFile; fileRef = 15C39F5F203C77EB00F8C293 /* LYRUICarouselMessageListViewPresenterSpec.m */; };
		15C4A5791F7D49C300643F8F /* LYRUIMessageListDelegateSpec.m in Sources */ = {isa = PBXBuildFile; fileRef = 15C4A5781F7D49C300643F8F /* LYRUIMessageListDelegateSpec.m */; };
		15C660AD1F5832CB0072CB16 /* LYRUIConversationView.xib in Resources */ = {isa = PBXBuildFile; fileRef = 15C660AC1F5832CB0072CB16 /* LYRUIConversationView.xib */; };
		15CE1B101FB9DD1D00B410ED /* LYRUISendButtonSpec.m in Sources */ = {isa = PBXBuildFile; fileRef = 15CE1B0F1FB9DD1D00B410ED /* LYRUISendButtonSpec.m */; };
		15CF9FC41F59A5F5002232D8 /* test-logo.png in Resources */ = {isa = PBXBuildFile; fileRef = D63C68DF1A94250000D235D5 /* test-logo.png */; };
		15E369F12020D4400009D921 /* LYRUIConversationItemViewPresenterSpec.m in Sources */ = {isa = PBXBuildFile; fileRef = 15E369E62020D43F0009D921 /* LYRUIConversationItemViewPresenterSpec.m */; };
		15E369F22020D4400009D921 /* LYRUIIdentityItemViewPresenterSpec.m in Sources */ = {isa = PBXBuildFile; fileRef = 15E369E72020D43F0009D921 /* LYRUIIdentityItemViewPresenterSpec.m */; };
		15E369F32020D4400009D921 /* LYRUIIdentityListViewPresenterSpec.m in Sources */ = {isa = PBXBuildFile; fileRef = 15E369E82020D43F0009D921 /* LYRUIIdentityListViewPresenterSpec.m */; };
		15E369F42020D4400009D921 /* LYRUIConversationListViewPresenterSpec.m in Sources */ = {isa = PBXBuildFile; fileRef = 15E369E92020D43F0009D921 /* LYRUIConversationListViewPresenterSpec.m */; };
		15E369F52020D4400009D921 /* LYRUIImageWithLettersViewPresenterSpec.m in Sources */ = {isa = PBXBuildFile; fileRef = 15E369EA2020D43F0009D921 /* LYRUIImageWithLettersViewPresenterSpec.m */; };
		15E369F62020D4400009D921 /* LYRUIAvatarViewPresenterSpec.m in Sources */ = {isa = PBXBuildFile; fileRef = 15E369EB2020D43F0009D921 /* LYRUIAvatarViewPresenterSpec.m */; };
		15E369F72020D4400009D921 /* LYRUIListCellPresenterSpec.m in Sources */ = {isa = PBXBuildFile; fileRef = 15E369EC2020D43F0009D921 /* LYRUIListCellPresenterSpec.m */; };
		15E369F82020D4400009D921 /* LYRUIListSupplementaryViewPresenterSpec.m in Sources */ = {isa = PBXBuildFile; fileRef = 15E369ED2020D43F0009D921 /* LYRUIListSupplementaryViewPresenterSpec.m */; };
		15E369F92020D4400009D921 /* LYRUIMessageItemViewPresenterSpec.m in Sources */ = {isa = PBXBuildFile; fileRef = 15E369EE2020D43F0009D921 /* LYRUIMessageItemViewPresenterSpec.m */; };
		15E369FA2020D4400009D921 /* LYRUIPresenceViewPresenterSpec.m in Sources */ = {isa = PBXBuildFile; fileRef = 15E369EF2020D43F0009D921 /* LYRUIPresenceViewPresenterSpec.m */; };
		15E369FB2020D4400009D921 /* LYRUIComposeBarPresenterSpec.m in Sources */ = {isa = PBXBuildFile; fileRef = 15E369F02020D4400009D921 /* LYRUIComposeBarPresenterSpec.m */; };
		15E369FD2020D4530009D921 /* LYRUIBubbleTypingIndicatorView.xib in Resources */ = {isa = PBXBuildFile; fileRef = 15E369FC2020D4530009D921 /* LYRUIBubbleTypingIndicatorView.xib */; };
		15E369FF2020D4650009D921 /* LYRUIListQueryControllerDelegateSpec.m in Sources */ = {isa = PBXBuildFile; fileRef = 15E369FE2020D4650009D921 /* LYRUIListQueryControllerDelegateSpec.m */; };
		8F5A8821F40061D9FC6CBB4F /* Pods_UnitTests.framework in Frameworks */ = {isa = PBXBuildFile; fileRef = 1886043CF840E83E9A77B78B /* Pods_UnitTests.framework */; };
/* End PBXBuildFile section */

/* Begin PBXFileReference section */
		150373DE1F17D52700FA6AAB /* LYRUIIdentityItemView.xib */ = {isa = PBXFileReference; fileEncoding = 4; lastKnownFileType = file.xib; path = LYRUIIdentityItemView.xib; sourceTree = "<group>"; };
		150373E01F17D86A00FA6AAB /* LYRUIIdentityItemViewSpec.m */ = {isa = PBXFileReference; fileEncoding = 4; lastKnownFileType = sourcecode.c.objc; path = LYRUIIdentityItemViewSpec.m; sourceTree = "<group>"; };
		150373E91F17E59D00FA6AAB /* LYRUIIdentityNameFormatterSpec.m */ = {isa = PBXFileReference; fileEncoding = 4; lastKnownFileType = sourcecode.c.objc; path = LYRUIIdentityNameFormatterSpec.m; sourceTree = "<group>"; };
		150373EF1F19017800FA6AAB /* LYRUITimeAgoFormatterSpec.m */ = {isa = PBXFileReference; fileEncoding = 4; lastKnownFileType = sourcecode.c.objc; path = LYRUITimeAgoFormatterSpec.m; sourceTree = "<group>"; };
		150373F11F1CD7E500FA6AAB /* LYRUIShapedView.xib */ = {isa = PBXFileReference; fileEncoding = 4; lastKnownFileType = file.xib; path = LYRUIShapedView.xib; sourceTree = "<group>"; };
		1504137A1F21CC4A006F46BD /* LYRUIParticipantsCountView.xib */ = {isa = PBXFileReference; fileEncoding = 4; lastKnownFileType = file.xib; path = LYRUIParticipantsCountView.xib; sourceTree = "<group>"; };
		1504137C1F21D147006F46BD /* LYRUIParticipantsCountViewSpec.m */ = {isa = PBXFileReference; fileEncoding = 4; lastKnownFileType = sourcecode.c.objc; path = LYRUIParticipantsCountViewSpec.m; sourceTree = "<group>"; };
		15062C4D1FE2AC6700943614 /* LYRUIPresenceViewSpec.m */ = {isa = PBXFileReference; lastKnownFileType = sourcecode.c.objc; path = LYRUIPresenceViewSpec.m; sourceTree = "<group>"; };
		150771E71F2769E200E903D1 /* LYRUIAvatarViewMultiLayoutSpec.m */ = {isa = PBXFileReference; fileEncoding = 4; lastKnownFileType = sourcecode.c.objc; path = LYRUIAvatarViewMultiLayoutSpec.m; sourceTree = "<group>"; };
		150771E91F276E1F00E903D1 /* LYRUIImageWithLettersViewSpec.m */ = {isa = PBXFileReference; fileEncoding = 4; lastKnownFileType = sourcecode.c.objc; path = LYRUIImageWithLettersViewSpec.m; sourceTree = "<group>"; };
		150771FC1F28ABB300E903D1 /* LYRUIInitialsFormatterSpec.m */ = {isa = PBXFileReference; fileEncoding = 4; lastKnownFileType = sourcecode.c.objc; path = LYRUIInitialsFormatterSpec.m; sourceTree = "<group>"; };
		150771FE1F28BEF700E903D1 /* LYRUIImageFetcherSpec.m */ = {isa = PBXFileReference; fileEncoding = 4; lastKnownFileType = sourcecode.c.objc; path = LYRUIImageFetcherSpec.m; sourceTree = "<group>"; };
		150772131F28E9AF00E903D1 /* LYRUISpecDispatcher.h */ = {isa = PBXFileReference; fileEncoding = 4; lastKnownFileType = sourcecode.c.h; path = LYRUISpecDispatcher.h; sourceTree = "<group>"; };
		150772141F28E9AF00E903D1 /* LYRUISpecDispatcher.m */ = {isa = PBXFileReference; fileEncoding = 4; lastKnownFileType = sourcecode.c.objc; path = LYRUISpecDispatcher.m; sourceTree = "<group>"; };
		1507722A1F2A416D00E903D1 /* LYRUIIdentityListView.xib */ = {isa = PBXFileReference; fileEncoding = 4; lastKnownFileType = file.xib; path = LYRUIIdentityListView.xib; sourceTree = "<group>"; };
		150B19031F7E814C00EFA6D8 /* LYRUIMessageListQueryControllerDelegateSpec.m */ = {isa = PBXFileReference; lastKnownFileType = sourcecode.c.objc; path = LYRUIMessageListQueryControllerDelegateSpec.m; sourceTree = "<group>"; };
		150B19051F7E8F0A00EFA6D8 /* LYRUIMessageListPaginationControllerSpec.m */ = {isa = PBXFileReference; lastKnownFileType = sourcecode.c.objc; path = LYRUIMessageListPaginationControllerSpec.m; sourceTree = "<group>"; };
		151684401F99332200EBA969 /* LYRUIBaseListViewSpec.m */ = {isa = PBXFileReference; lastKnownFileType = sourcecode.c.objc; path = LYRUIBaseListViewSpec.m; sourceTree = "<group>"; };
		1518DA002033289E00654309 /* LYRUICarouselContentOffsetsCacheSpec.m */ = {isa = PBXFileReference; fileEncoding = 4; lastKnownFileType = sourcecode.c.objc; path = LYRUICarouselContentOffsetsCacheSpec.m; sourceTree = "<group>"; };
		1518DA02203328AC00654309 /* LYRUICarouselContentOffsetHandlerSpec.m */ = {isa = PBXFileReference; fileEncoding = 4; lastKnownFileType = sourcecode.c.objc; path = LYRUICarouselContentOffsetHandlerSpec.m; sourceTree = "<group>"; };
		1518DA04203328B400654309 /* LYRUICarouselMessageListViewSpec.m */ = {isa = PBXFileReference; fileEncoding = 4; lastKnownFileType = sourcecode.c.objc; path = LYRUICarouselMessageListViewSpec.m; sourceTree = "<group>"; };
		152055AC204438590069B2AC /* LYRUIMessageListViewPreviewingDelegateSpec.m */ = {isa = PBXFileReference; fileEncoding = 4; lastKnownFileType = sourcecode.c.objc; path = LYRUIMessageListViewPreviewingDelegateSpec.m; sourceTree = "<group>"; };
		152475181F3DE38700777BA3 /* LYRUIMessageItemView.xib */ = {isa = PBXFileReference; fileEncoding = 4; lastKnownFileType = file.xib; path = LYRUIMessageItemView.xib; sourceTree = "<group>"; };
		152515161F3084580074CE03 /* LYRUIListDataSourceSpec.m */ = {isa = PBXFileReference; fileEncoding = 4; lastKnownFileType = sourcecode.c.objc; path = LYRUIListDataSourceSpec.m; sourceTree = "<group>"; };
		152515181F308EC80074CE03 /* LYRUIListDelegateSpec.m */ = {isa = PBXFileReference; fileEncoding = 4; lastKnownFileType = sourcecode.c.objc; path = LYRUIListDelegateSpec.m; sourceTree = "<group>"; };
		1525151A1F3090500074CE03 /* LYRUIIdentityCollectionViewCellSpec.m */ = {isa = PBXFileReference; fileEncoding = 4; lastKnownFileType = sourcecode.c.objc; path = LYRUIIdentityCollectionViewCellSpec.m; sourceTree = "<group>"; };
		1525151C1F3094680074CE03 /* LYRUIListHeaderViewSpec.m */ = {isa = PBXFileReference; fileEncoding = 4; lastKnownFileType = sourcecode.c.objc; path = LYRUIListHeaderViewSpec.m; sourceTree = "<group>"; };
		1525151E1F3096990074CE03 /* LYRUIListLayoutSpec.m */ = {isa = PBXFileReference; fileEncoding = 4; lastKnownFileType = sourcecode.c.objc; path = LYRUIListLayoutSpec.m; sourceTree = "<group>"; };
		152515201F30996A0074CE03 /* LYRUIIdentityListViewSpec.m */ = {isa = PBXFileReference; fileEncoding = 4; lastKnownFileType = sourcecode.c.objc; path = LYRUIIdentityListViewSpec.m; sourceTree = "<group>"; };
		152515241F30A79F0074CE03 /* LYRUIConversationListViewSpec.m */ = {isa = PBXFileReference; fileEncoding = 4; lastKnownFileType = sourcecode.c.objc; path = LYRUIConversationListViewSpec.m; sourceTree = "<group>"; };
		152515261F30A8520074CE03 /* LYRUIConversationCollectionViewCellSpec.m */ = {isa = PBXFileReference; fileEncoding = 4; lastKnownFileType = sourcecode.c.objc; path = LYRUIConversationCollectionViewCellSpec.m; sourceTree = "<group>"; };
		152515611F39DECF0074CE03 /* LYRUIListSectionSpec.m */ = {isa = PBXFileReference; fileEncoding = 4; lastKnownFileType = sourcecode.c.objc; path = LYRUIListSectionSpec.m; sourceTree = "<group>"; };
		153310B01F2F66FB00B58675 /* LYRUIConversationListView.xib */ = {isa = PBXFileReference; fileEncoding = 4; lastKnownFileType = file.xib; path = LYRUIConversationListView.xib; sourceTree = "<group>"; };
		154DB68E1F3C99210080A0D2 /* LYRUIComposeBar.xib */ = {isa = PBXFileReference; fileEncoding = 4; lastKnownFileType = file.xib; path = LYRUIComposeBar.xib; sourceTree = "<group>"; };
		156081751F42EBC60013C86B /* LYRUIBaseListViewSpec.m */ = {isa = PBXFileReference; fileEncoding = 4; lastKnownFileType = sourcecode.c.objc; path = LYRUIBaseListViewSpec.m; sourceTree = "<group>"; };
		156081771F42F1E10013C86B /* LYRUIListQueryControllerDelegateSpec.m */ = {isa = PBXFileReference; fileEncoding = 4; lastKnownFileType = sourcecode.c.objc; path = LYRUIListQueryControllerDelegateSpec.m; sourceTree = "<group>"; };
		156081821F4463680013C86B /* LYRUIComposeBarSpec.m */ = {isa = PBXFileReference; fileEncoding = 4; lastKnownFileType = sourcecode.c.objc; path = LYRUIComposeBarSpec.m; sourceTree = "<group>"; };
		1562E23820724BA4005B54F6 /* LYRUIConversationItemTimeFormatterSpec.m */ = {isa = PBXFileReference; lastKnownFileType = sourcecode.c.objc; path = LYRUIConversationItemTimeFormatterSpec.m; sourceTree = "<group>"; };
		1562E23A20725C61005B54F6 /* LYRUIMessageListTimeFormatterSpec.m */ = {isa = PBXFileReference; lastKnownFileType = sourcecode.c.objc; path = LYRUIMessageListTimeFormatterSpec.m; sourceTree = "<group>"; };
		15654C201F260F6500255309 /* LYRUIAvatarView.xib */ = {isa = PBXFileReference; fileEncoding = 4; lastKnownFileType = file.xib; path = LYRUIAvatarView.xib; sourceTree = "<group>"; };
		15654C231F2642F500255309 /* LYRUIAvatarViewSingleLayoutSpec.m */ = {isa = PBXFileReference; fileEncoding = 4; lastKnownFileType = sourcecode.c.objc; path = LYRUIAvatarViewSingleLayoutSpec.m; sourceTree = "<group>"; };
		15654C271F264F4000255309 /* LYRUIAvatarViewSpec.m */ = {isa = PBXFileReference; fileEncoding = 4; lastKnownFileType = sourcecode.c.objc; path = LYRUIAvatarViewSpec.m; sourceTree = "<group>"; };
		157318791F7CDF45003CE98F /* LYRUIMessageItemViewSpec.m */ = {isa = PBXFileReference; lastKnownFileType = sourcecode.c.objc; path = LYRUIMessageItemViewSpec.m; sourceTree = "<group>"; };
		1574522A1FAB54C200A5F857 /* LYRUIAvatarViewProviderSpec.m */ = {isa = PBXFileReference; lastKnownFileType = sourcecode.c.objc; path = LYRUIAvatarViewProviderSpec.m; sourceTree = "<group>"; };
		1574F63E20193A15002742BE /* LYRUIComposeBarTestLayout.h */ = {isa = PBXFileReference; lastKnownFileType = sourcecode.c.h; path = LYRUIComposeBarTestLayout.h; sourceTree = "<group>"; };
		1574F63F20193A15002742BE /* LYRUIComposeBarTestLayout.m */ = {isa = PBXFileReference; lastKnownFileType = sourcecode.c.objc; path = LYRUIComposeBarTestLayout.m; sourceTree = "<group>"; };
		1575B4791FE9609100269488 /* LYRUIDependencyInjectorSpec.m */ = {isa = PBXFileReference; lastKnownFileType = sourcecode.c.objc; path = LYRUIDependencyInjectorSpec.m; sourceTree = "<group>"; };
		157F36721F7C3163004D12C6 /* LYRUIParticipantsDefaultFilterSpec.m */ = {isa = PBXFileReference; fileEncoding = 4; lastKnownFileType = sourcecode.c.objc; path = LYRUIParticipantsDefaultFilterSpec.m; sourceTree = "<group>"; };
		158273081F0D071E00F8974C /* LYRUIConversationItemViewSpec.m */ = {isa = PBXFileReference; fileEncoding = 4; lastKnownFileType = sourcecode.c.objc; path = LYRUIConversationItemViewSpec.m; sourceTree = "<group>"; };
		1582730A1F0D09AA00F8974C /* LYRUIViewWithLayoutSpec.m */ = {isa = PBXFileReference; fileEncoding = 4; lastKnownFileType = sourcecode.c.objc; path = LYRUIViewWithLayoutSpec.m; sourceTree = "<group>"; };
		15836DBD1F151C8C00FAF433 /* LYRUIBaseItemViewLayoutSpec.m */ = {isa = PBXFileReference; fileEncoding = 4; lastKnownFileType = sourcecode.c.objc; path = LYRUIBaseItemViewLayoutSpec.m; sourceTree = "<group>"; };
		15998B63204EF28B00B1A428 /* LYRUIChoiceSelectionsCacheSpec.m */ = {isa = PBXFileReference; fileEncoding = 4; lastKnownFileType = sourcecode.c.objc; path = LYRUIChoiceSelectionsCacheSpec.m; sourceTree = "<group>"; };
		159A26F01F1F8F4000BC416C /* LYRUIShapedViewSpec.m */ = {isa = PBXFileReference; fileEncoding = 4; lastKnownFileType = sourcecode.c.objc; path = LYRUIShapedViewSpec.m; sourceTree = "<group>"; };
		159A26F51F1FA9B600BC416C /* LYRUIPresenceViewDefaultThemeSpec.m */ = {isa = PBXFileReference; fileEncoding = 4; lastKnownFileType = sourcecode.c.objc; path = LYRUIPresenceViewDefaultThemeSpec.m; sourceTree = "<group>"; };
		159A26F71F1FAB4F00BC416C /* LYRUIShapedViewDefaultShapeDrawerSpec.m */ = {isa = PBXFileReference; fileEncoding = 4; lastKnownFileType = sourcecode.c.objc; path = LYRUIShapedViewDefaultShapeDrawerSpec.m; sourceTree = "<group>"; };
		159A27061F20D40E00BC416C /* LYRUIImageWithLettersView.xib */ = {isa = PBXFileReference; fileEncoding = 4; lastKnownFileType = file.xib; path = LYRUIImageWithLettersView.xib; sourceTree = "<group>"; };
		15A4C44B1F0E584700741D91 /* LYRUIConversationItemView.xib */ = {isa = PBXFileReference; fileEncoding = 4; lastKnownFileType = file.xib; path = LYRUIConversationItemView.xib; sourceTree = "<group>"; };
		15A4C4591F0E7BF500741D91 /* LYRUIMessageTimeDefaultFormatterSpec.m */ = {isa = PBXFileReference; fileEncoding = 4; lastKnownFileType = sourcecode.c.objc; path = LYRUIMessageTimeDefaultFormatterSpec.m; sourceTree = "<group>"; };
		15A4C4611F0E86FF00741D91 /* LYRUIConversationItemTitleFormatterSpec.m */ = {isa = PBXFileReference; fileEncoding = 4; lastKnownFileType = sourcecode.c.objc; path = LYRUIConversationItemTitleFormatterSpec.m; sourceTree = "<group>"; };
		15AF42491F5843B500C03BE5 /* LYRUIConversationViewSpec.m */ = {isa = PBXFileReference; fileEncoding = 4; lastKnownFileType = sourcecode.c.objc; path = LYRUIConversationViewSpec.m; sourceTree = "<group>"; };
		15BA3A8D1F7CE9EF001AB286 /* LYRUIMessageItemViewLayoutSpec.m */ = {isa = PBXFileReference; lastKnownFileType = sourcecode.c.objc; path = LYRUIMessageItemViewLayoutSpec.m; sourceTree = "<group>"; };
		15C19FCA1F46F72D002AA604 /* LYRUIMessageListView.xib */ = {isa = PBXFileReference; fileEncoding = 4; lastKnownFileType = file.xib; path = LYRUIMessageListView.xib; sourceTree = "<group>"; };
		15C332BC2023792B00869CD0 /* Info.plist */ = {isa = PBXFileReference; fileEncoding = 4; lastKnownFileType = text.plist.xml; path = Info.plist; sourceTree = "<group>"; };
		15C332BE2023793D00869CD0 /* LYRUIMessageAttributesManagerSpec.m */ = {isa = PBXFileReference; fileEncoding = 4; lastKnownFileType = sourcecode.c.objc; path = LYRUIMessageAttributesManagerSpec.m; sourceTree = "<group>"; };
		15C39F4B203B14C800F8C293 /* LYRUIFakeTestMessage.h */ = {isa = PBXFileReference; lastKnownFileType = sourcecode.c.h; path = LYRUIFakeTestMessage.h; sourceTree = "<group>"; };
		15C39F4C203B14C800F8C293 /* LYRUIFakeTestMessage.m */ = {isa = PBXFileReference; lastKnownFileType = sourcecode.c.objc; path = LYRUIFakeTestMessage.m; sourceTree = "<group>"; };
		15C39F4E203B155B00F8C293 /* LYRUIFakeTestMessageSerializer.h */ = {isa = PBXFileReference; lastKnownFileType = sourcecode.c.h; path = LYRUIFakeTestMessageSerializer.h; sourceTree = "<group>"; };
		15C39F4F203B155B00F8C293 /* LYRUIFakeTestMessageSerializer.m */ = {isa = PBXFileReference; lastKnownFileType = sourcecode.c.objc; path = LYRUIFakeTestMessageSerializer.m; sourceTree = "<group>"; };
		15C39F51203B15DA00F8C293 /* LYRUIFakeTestMessagePresenter.h */ = {isa = PBXFileReference; lastKnownFileType = sourcecode.c.h; path = LYRUIFakeTestMessagePresenter.h; sourceTree = "<group>"; };
		15C39F52203B15DA00F8C293 /* LYRUIFakeTestMessagePresenter.m */ = {isa = PBXFileReference; lastKnownFileType = sourcecode.c.objc; path = LYRUIFakeTestMessagePresenter.m; sourceTree = "<group>"; };
		15C39F54203B224E00F8C293 /* LYRUIFakeTestMessageContainerPresenter.h */ = {isa = PBXFileReference; lastKnownFileType = sourcecode.c.h; path = LYRUIFakeTestMessageContainerPresenter.h; sourceTree = "<group>"; };
		15C39F55203B224E00F8C293 /* LYRUIFakeTestMessageContainerPresenter.m */ = {isa = PBXFileReference; lastKnownFileType = sourcecode.c.objc; path = LYRUIFakeTestMessageContainerPresenter.m; sourceTree = "<group>"; };
		15C39F57203B260C00F8C293 /* LYRUIFakeImageMessage.h */ = {isa = PBXFileReference; lastKnownFileType = sourcecode.c.h; path = LYRUIFakeImageMessage.h; sourceTree = "<group>"; };
		15C39F58203B260C00F8C293 /* LYRUIFakeImageMessage.m */ = {isa = PBXFileReference; lastKnownFileType = sourcecode.c.objc; path = LYRUIFakeImageMessage.m; sourceTree = "<group>"; };
		15C39F5A203B271B00F8C293 /* LYRUIFakeTestActionHandler.h */ = {isa = PBXFileReference; lastKnownFileType = sourcecode.c.h; path = LYRUIFakeTestActionHandler.h; sourceTree = "<group>"; };
		15C39F5B203B271B00F8C293 /* LYRUIFakeTestActionHandler.m */ = {isa = PBXFileReference; lastKnownFileType = sourcecode.c.objc; path = LYRUIFakeTestActionHandler.m; sourceTree = "<group>"; };
		15C39F5D203C637600F8C293 /* LYRUIMessageListViewPresenterSpec.m */ = {isa = PBXFileReference; lastKnownFileType = sourcecode.c.objc; path = LYRUIMessageListViewPresenterSpec.m; sourceTree = "<group>"; };
		15C39F5F203C77EB00F8C293 /* LYRUICarouselMessageListViewPresenterSpec.m */ = {isa = PBXFileReference; lastKnownFileType = sourcecode.c.objc; path = LYRUICarouselMessageListViewPresenterSpec.m; sourceTree = "<group>"; };
		15C4A5781F7D49C300643F8F /* LYRUIMessageListDelegateSpec.m */ = {isa = PBXFileReference; lastKnownFileType = sourcecode.c.objc; path = LYRUIMessageListDelegateSpec.m; sourceTree = "<group>"; };
		15C660AC1F5832CB0072CB16 /* LYRUIConversationView.xib */ = {isa = PBXFileReference; fileEncoding = 4; lastKnownFileType = file.xib; path = LYRUIConversationView.xib; sourceTree = "<group>"; };
		15CE1B0F1FB9DD1D00B410ED /* LYRUISendButtonSpec.m */ = {isa = PBXFileReference; lastKnownFileType = sourcecode.c.objc; path = LYRUISendButtonSpec.m; sourceTree = "<group>"; };
		15E369E62020D43F0009D921 /* LYRUIConversationItemViewPresenterSpec.m */ = {isa = PBXFileReference; fileEncoding = 4; lastKnownFileType = sourcecode.c.objc; path = LYRUIConversationItemViewPresenterSpec.m; sourceTree = "<group>"; };
		15E369E72020D43F0009D921 /* LYRUIIdentityItemViewPresenterSpec.m */ = {isa = PBXFileReference; fileEncoding = 4; lastKnownFileType = sourcecode.c.objc; path = LYRUIIdentityItemViewPresenterSpec.m; sourceTree = "<group>"; };
		15E369E82020D43F0009D921 /* LYRUIIdentityListViewPresenterSpec.m */ = {isa = PBXFileReference; fileEncoding = 4; lastKnownFileType = sourcecode.c.objc; path = LYRUIIdentityListViewPresenterSpec.m; sourceTree = "<group>"; };
		15E369E92020D43F0009D921 /* LYRUIConversationListViewPresenterSpec.m */ = {isa = PBXFileReference; fileEncoding = 4; lastKnownFileType = sourcecode.c.objc; path = LYRUIConversationListViewPresenterSpec.m; sourceTree = "<group>"; };
		15E369EA2020D43F0009D921 /* LYRUIImageWithLettersViewPresenterSpec.m */ = {isa = PBXFileReference; fileEncoding = 4; lastKnownFileType = sourcecode.c.objc; path = LYRUIImageWithLettersViewPresenterSpec.m; sourceTree = "<group>"; };
		15E369EB2020D43F0009D921 /* LYRUIAvatarViewPresenterSpec.m */ = {isa = PBXFileReference; fileEncoding = 4; lastKnownFileType = sourcecode.c.objc; path = LYRUIAvatarViewPresenterSpec.m; sourceTree = "<group>"; };
		15E369EC2020D43F0009D921 /* LYRUIListCellPresenterSpec.m */ = {isa = PBXFileReference; fileEncoding = 4; lastKnownFileType = sourcecode.c.objc; path = LYRUIListCellPresenterSpec.m; sourceTree = "<group>"; };
		15E369ED2020D43F0009D921 /* LYRUIListSupplementaryViewPresenterSpec.m */ = {isa = PBXFileReference; fileEncoding = 4; lastKnownFileType = sourcecode.c.objc; path = LYRUIListSupplementaryViewPresenterSpec.m; sourceTree = "<group>"; };
		15E369EE2020D43F0009D921 /* LYRUIMessageItemViewPresenterSpec.m */ = {isa = PBXFileReference; fileEncoding = 4; lastKnownFileType = sourcecode.c.objc; path = LYRUIMessageItemViewPresenterSpec.m; sourceTree = "<group>"; };
		15E369EF2020D43F0009D921 /* LYRUIPresenceViewPresenterSpec.m */ = {isa = PBXFileReference; fileEncoding = 4; lastKnownFileType = sourcecode.c.objc; path = LYRUIPresenceViewPresenterSpec.m; sourceTree = "<group>"; };
		15E369F02020D4400009D921 /* LYRUIComposeBarPresenterSpec.m */ = {isa = PBXFileReference; fileEncoding = 4; lastKnownFileType = sourcecode.c.objc; path = LYRUIComposeBarPresenterSpec.m; sourceTree = "<group>"; };
		15E369FC2020D4530009D921 /* LYRUIBubbleTypingIndicatorView.xib */ = {isa = PBXFileReference; fileEncoding = 4; lastKnownFileType = file.xib; path = LYRUIBubbleTypingIndicatorView.xib; sourceTree = "<group>"; };
		15E369FE2020D4650009D921 /* LYRUIListQueryControllerDelegateSpec.m */ = {isa = PBXFileReference; fileEncoding = 4; lastKnownFileType = sourcecode.c.objc; path = LYRUIListQueryControllerDelegateSpec.m; sourceTree = "<group>"; };
		1886043CF840E83E9A77B78B /* Pods_UnitTests.framework */ = {isa = PBXFileReference; explicitFileType = wrapper.framework; includeInIndex = 0; path = Pods_UnitTests.framework; sourceTree = BUILT_PRODUCTS_DIR; };
		250C5EF21C7656610084EB18 /* LayerKit.framework */ = {isa = PBXFileReference; lastKnownFileType = wrapper.framework; name = LayerKit.framework; path = Carthage/Build/iOS/LayerKit.framework; sourceTree = "<group>"; };
		34C06B1C4F6FE86629A3C050 /* Pods-test-ProgrammaticTests.release.xcconfig */ = {isa = PBXFileReference; includeInIndex = 1; lastKnownFileType = text.xcconfig; name = "Pods-test-ProgrammaticTests.release.xcconfig"; path = "Pods/Target Support Files/Pods-test-ProgrammaticTests/Pods-test-ProgrammaticTests.release.xcconfig"; sourceTree = "<group>"; };
		4160065E3D4E4D6CA1EF3F99 /* Pods-Storyboard.debug.xcconfig */ = {isa = PBXFileReference; includeInIndex = 1; lastKnownFileType = text.xcconfig; name = "Pods-Storyboard.debug.xcconfig"; path = "Pods/Target Support Files/Pods-Storyboard/Pods-Storyboard.debug.xcconfig"; sourceTree = "<group>"; };
		5AEFC5CA1B79834300ADE4EC /* boatgif.gif */ = {isa = PBXFileReference; lastKnownFileType = image.gif; path = boatgif.gif; sourceTree = "<group>"; };
		5BDC513D0E932968078A69D7 /* Pods-Programmatic.release.xcconfig */ = {isa = PBXFileReference; includeInIndex = 1; lastKnownFileType = text.xcconfig; name = "Pods-Programmatic.release.xcconfig"; path = "Pods/Target Support Files/Pods-Programmatic/Pods-Programmatic.release.xcconfig"; sourceTree = "<group>"; };
		5DE31FA9B1906CEA04D0C891 /* Pods.framework */ = {isa = PBXFileReference; explicitFileType = wrapper.framework; includeInIndex = 0; path = Pods.framework; sourceTree = BUILT_PRODUCTS_DIR; };
		62363A00A270318F0E8C0C38 /* Pods_test_StoryboardTests.framework */ = {isa = PBXFileReference; explicitFileType = wrapper.framework; includeInIndex = 0; path = Pods_test_StoryboardTests.framework; sourceTree = BUILT_PRODUCTS_DIR; };
		7858B60C1CE54BBE007795AB /* block.png */ = {isa = PBXFileReference; lastKnownFileType = image.png; name = block.png; path = Resources/block.png; sourceTree = "<group>"; };
		7858B60D1CE54BBE007795AB /* block@2x.png */ = {isa = PBXFileReference; lastKnownFileType = image.png; name = "block@2x.png"; path = "Resources/block@2x.png"; sourceTree = "<group>"; };
		7858B60E1CE54BBE007795AB /* block@3x.png */ = {isa = PBXFileReference; lastKnownFileType = image.png; name = "block@3x.png"; path = "Resources/block@3x.png"; sourceTree = "<group>"; };
		7858B60F1CE54BBE007795AB /* camera_dark.png */ = {isa = PBXFileReference; lastKnownFileType = image.png; name = camera_dark.png; path = Resources/camera_dark.png; sourceTree = "<group>"; };
		7858B6101CE54BBE007795AB /* camera_dark@2x.png */ = {isa = PBXFileReference; lastKnownFileType = image.png; name = "camera_dark@2x.png"; path = "Resources/camera_dark@2x.png"; sourceTree = "<group>"; };
		7858B6111CE54BBE007795AB /* camera_dark@3x.png */ = {isa = PBXFileReference; lastKnownFileType = image.png; name = "camera_dark@3x.png"; path = "Resources/camera_dark@3x.png"; sourceTree = "<group>"; };
		7858B6121CE54BBE007795AB /* chevron.png */ = {isa = PBXFileReference; lastKnownFileType = image.png; name = chevron.png; path = Resources/chevron.png; sourceTree = "<group>"; };
		7858B6131CE54BBE007795AB /* chevron@2x.png */ = {isa = PBXFileReference; lastKnownFileType = image.png; name = "chevron@2x.png"; path = "Resources/chevron@2x.png"; sourceTree = "<group>"; };
		7858B6141CE54BBE007795AB /* chevron@3x.png */ = {isa = PBXFileReference; lastKnownFileType = image.png; name = "chevron@3x.png"; path = "Resources/chevron@3x.png"; sourceTree = "<group>"; };
		7858B6151CE54BBE007795AB /* layerbell.caf */ = {isa = PBXFileReference; lastKnownFileType = file; name = layerbell.caf; path = Resources/layerbell.caf; sourceTree = "<group>"; };
		7858B6161CE54BBE007795AB /* layerLogo.png */ = {isa = PBXFileReference; lastKnownFileType = image.png; name = layerLogo.png; path = Resources/layerLogo.png; sourceTree = "<group>"; };
		7858B6171CE54BBE007795AB /* layerLogo@2x.png */ = {isa = PBXFileReference; lastKnownFileType = image.png; name = "layerLogo@2x.png"; path = "Resources/layerLogo@2x.png"; sourceTree = "<group>"; };
		7858B6181CE54BBE007795AB /* layerLogo@3x.png */ = {isa = PBXFileReference; lastKnownFileType = image.png; name = "layerLogo@3x.png"; path = "Resources/layerLogo@3x.png"; sourceTree = "<group>"; };
		7858B6191CE54BBE007795AB /* location_dark.png */ = {isa = PBXFileReference; lastKnownFileType = image.png; name = location_dark.png; path = Resources/location_dark.png; sourceTree = "<group>"; };
		7858B61A1CE54BBE007795AB /* location_dark@2x.png */ = {isa = PBXFileReference; lastKnownFileType = image.png; name = "location_dark@2x.png"; path = "Resources/location_dark@2x.png"; sourceTree = "<group>"; };
		7858B61B1CE54BBE007795AB /* location_dark@3x.png */ = {isa = PBXFileReference; lastKnownFileType = image.png; name = "location_dark@3x.png"; path = "Resources/location_dark@3x.png"; sourceTree = "<group>"; };
		7858B61C1CE54BBE007795AB /* plus.png */ = {isa = PBXFileReference; lastKnownFileType = image.png; name = plus.png; path = Resources/plus.png; sourceTree = "<group>"; };
		7858B61D1CE54BBE007795AB /* plus@2x.png */ = {isa = PBXFileReference; lastKnownFileType = image.png; name = "plus@2x.png"; path = "Resources/plus@2x.png"; sourceTree = "<group>"; };
		7858B61E1CE54BBE007795AB /* plus@3x.png */ = {isa = PBXFileReference; lastKnownFileType = image.png; name = "plus@3x.png"; path = "Resources/plus@3x.png"; sourceTree = "<group>"; };
		886A86EFB93A13A1717104CE /* Pods-UnitTests.debug.xcconfig */ = {isa = PBXFileReference; includeInIndex = 1; lastKnownFileType = text.xcconfig; name = "Pods-UnitTests.debug.xcconfig"; path = "Pods/Target Support Files/Pods-UnitTests/Pods-UnitTests.debug.xcconfig"; sourceTree = "<group>"; };
		91A456BCEC404FC7F83EC216 /* Pods-Storyboard.release.xcconfig */ = {isa = PBXFileReference; includeInIndex = 1; lastKnownFileType = text.xcconfig; name = "Pods-Storyboard.release.xcconfig"; path = "Pods/Target Support Files/Pods-Storyboard/Pods-Storyboard.release.xcconfig"; sourceTree = "<group>"; };
		921B2F42195B3C5F0569C57B /* Pods_Storyboard.framework */ = {isa = PBXFileReference; explicitFileType = wrapper.framework; includeInIndex = 0; path = Pods_Storyboard.framework; sourceTree = BUILT_PRODUCTS_DIR; };
		959F1869E1FC45A3651F40B6 /* Pods-test-StoryboardTests.release.xcconfig */ = {isa = PBXFileReference; includeInIndex = 1; lastKnownFileType = text.xcconfig; name = "Pods-test-StoryboardTests.release.xcconfig"; path = "Pods/Target Support Files/Pods-test-StoryboardTests/Pods-test-StoryboardTests.release.xcconfig"; sourceTree = "<group>"; };
		95A744001D22A9D600BED68D /* LayerKit.framework */ = {isa = PBXFileReference; lastKnownFileType = wrapper.framework; name = LayerKit.framework; path = Pods/LayerKit/LayerKit.framework; sourceTree = "<group>"; };
		98BF90733247F9CE21529791 /* Pods-UnitTests.release.xcconfig */ = {isa = PBXFileReference; includeInIndex = 1; lastKnownFileType = text.xcconfig; name = "Pods-UnitTests.release.xcconfig"; path = "Pods/Target Support Files/Pods-UnitTests/Pods-UnitTests.release.xcconfig"; sourceTree = "<group>"; };
		A8E39A93868BE92F637098C5 /* Pods-test-StoryboardTests.debug.xcconfig */ = {isa = PBXFileReference; includeInIndex = 1; lastKnownFileType = text.xcconfig; name = "Pods-test-StoryboardTests.debug.xcconfig"; path = "Pods/Target Support Files/Pods-test-StoryboardTests/Pods-test-StoryboardTests.debug.xcconfig"; sourceTree = "<group>"; };
		B085A18188DCFC913F85665D /* Pods_Programmatic.framework */ = {isa = PBXFileReference; explicitFileType = wrapper.framework; includeInIndex = 0; path = Pods_Programmatic.framework; sourceTree = BUILT_PRODUCTS_DIR; };
		D0294DD81A93F33900702856 /* UnitTests.xctest */ = {isa = PBXFileReference; explicitFileType = wrapper.cfbundle; includeInIndex = 0; path = UnitTests.xctest; sourceTree = BUILT_PRODUCTS_DIR; };
		D63C68DF1A94250000D235D5 /* test-logo.png */ = {isa = PBXFileReference; lastKnownFileType = image.png; path = "test-logo.png"; sourceTree = "<group>"; };
		D6C045431A9914080028E9D0 /* ProgrammaticAppDelegate.h */ = {isa = PBXFileReference; fileEncoding = 4; lastKnownFileType = sourcecode.c.h; name = ProgrammaticAppDelegate.h; path = Examples/Programmatic/ProgrammaticAppDelegate.h; sourceTree = SOURCE_ROOT; };
		D6C045441A9914080028E9D0 /* ProgrammaticAppDelegate.m */ = {isa = PBXFileReference; fileEncoding = 4; lastKnownFileType = sourcecode.c.objc; name = ProgrammaticAppDelegate.m; path = Examples/Programmatic/ProgrammaticAppDelegate.m; sourceTree = SOURCE_ROOT; };
		D6F405A71A8FDDAA00AE9581 /* ATLSampleConversationAvatarItem.h */ = {isa = PBXFileReference; fileEncoding = 4; lastKnownFileType = sourcecode.c.h; name = ATLSampleConversationAvatarItem.h; path = Examples/ATLSampleConversationAvatarItem.h; sourceTree = SOURCE_ROOT; };
		D6F405A81A8FDDAA00AE9581 /* ATLSampleConversationAvatarItem.m */ = {isa = PBXFileReference; fileEncoding = 4; lastKnownFileType = sourcecode.c.objc; name = ATLSampleConversationAvatarItem.m; path = Examples/ATLSampleConversationAvatarItem.m; sourceTree = SOURCE_ROOT; };
		D6F405A91A8FDDAA00AE9581 /* ATLSampleConversationListViewController.h */ = {isa = PBXFileReference; fileEncoding = 4; lastKnownFileType = sourcecode.c.h; name = ATLSampleConversationListViewController.h; path = Examples/ATLSampleConversationListViewController.h; sourceTree = SOURCE_ROOT; };
		D6F405AA1A8FDDAA00AE9581 /* ATLSampleConversationListViewController.m */ = {isa = PBXFileReference; fileEncoding = 4; lastKnownFileType = sourcecode.c.objc; name = ATLSampleConversationListViewController.m; path = Examples/ATLSampleConversationListViewController.m; sourceTree = SOURCE_ROOT; };
		D6F405AB1A8FDDAA00AE9581 /* ATLSampleConversationViewController.h */ = {isa = PBXFileReference; fileEncoding = 4; lastKnownFileType = sourcecode.c.h; name = ATLSampleConversationViewController.h; path = Examples/ATLSampleConversationViewController.h; sourceTree = SOURCE_ROOT; };
		D6F405AC1A8FDDAA00AE9581 /* ATLSampleConversationViewController.m */ = {isa = PBXFileReference; fileEncoding = 4; lastKnownFileType = sourcecode.c.objc; name = ATLSampleConversationViewController.m; path = Examples/ATLSampleConversationViewController.m; sourceTree = SOURCE_ROOT; };
		D6F405AD1A8FDDAA00AE9581 /* ATLSampleParticipantTableViewController.h */ = {isa = PBXFileReference; fileEncoding = 4; lastKnownFileType = sourcecode.c.h; name = ATLSampleParticipantTableViewController.h; path = Examples/ATLSampleParticipantTableViewController.h; sourceTree = SOURCE_ROOT; };
		D6F405AE1A8FDDAA00AE9581 /* ATLSampleParticipantTableViewController.m */ = {isa = PBXFileReference; fileEncoding = 4; lastKnownFileType = sourcecode.c.objc; name = ATLSampleParticipantTableViewController.m; path = Examples/ATLSampleParticipantTableViewController.m; sourceTree = SOURCE_ROOT; };
		D6F405B31A8FDDE300AE9581 /* LayerKitMock.h */ = {isa = PBXFileReference; fileEncoding = 4; lastKnownFileType = sourcecode.c.h; name = LayerKitMock.h; path = Examples/Mocks/LayerKitMock.h; sourceTree = SOURCE_ROOT; };
		D6F405B61A8FDDE300AE9581 /* LYRClientMock.h */ = {isa = PBXFileReference; fileEncoding = 4; lastKnownFileType = sourcecode.c.h; name = LYRClientMock.h; path = Examples/Mocks/LYRClientMock.h; sourceTree = SOURCE_ROOT; };
		D6F405B71A8FDDE300AE9581 /* LYRClientMock.m */ = {isa = PBXFileReference; fileEncoding = 4; lastKnownFileType = sourcecode.c.objc; name = LYRClientMock.m; path = Examples/Mocks/LYRClientMock.m; sourceTree = SOURCE_ROOT; };
		D6F405B81A8FDDE300AE9581 /* LYRConversationMock.h */ = {isa = PBXFileReference; fileEncoding = 4; lastKnownFileType = sourcecode.c.h; name = LYRConversationMock.h; path = Examples/Mocks/LYRConversationMock.h; sourceTree = SOURCE_ROOT; };
		D6F405B91A8FDDE300AE9581 /* LYRConversationMock.m */ = {isa = PBXFileReference; fileEncoding = 4; lastKnownFileType = sourcecode.c.objc; name = LYRConversationMock.m; path = Examples/Mocks/LYRConversationMock.m; sourceTree = SOURCE_ROOT; };
		D6F405BA1A8FDDE300AE9581 /* LYRMessageMock.h */ = {isa = PBXFileReference; fileEncoding = 4; lastKnownFileType = sourcecode.c.h; name = LYRMessageMock.h; path = Examples/Mocks/LYRMessageMock.h; sourceTree = SOURCE_ROOT; };
		D6F405BB1A8FDDE300AE9581 /* LYRMessageMock.m */ = {isa = PBXFileReference; fileEncoding = 4; lastKnownFileType = sourcecode.c.objc; name = LYRMessageMock.m; path = Examples/Mocks/LYRMessageMock.m; sourceTree = SOURCE_ROOT; };
		D6F405BC1A8FDDE300AE9581 /* LYRMessagePartMock.h */ = {isa = PBXFileReference; fileEncoding = 4; lastKnownFileType = sourcecode.c.h; name = LYRMessagePartMock.h; path = Examples/Mocks/LYRMessagePartMock.h; sourceTree = SOURCE_ROOT; };
		D6F405BD1A8FDDE300AE9581 /* LYRMessagePartMock.m */ = {isa = PBXFileReference; fileEncoding = 4; lastKnownFileType = sourcecode.c.objc; name = LYRMessagePartMock.m; path = Examples/Mocks/LYRMessagePartMock.m; sourceTree = SOURCE_ROOT; };
		D6F405BE1A8FDDE300AE9581 /* LYRMockContentStore.h */ = {isa = PBXFileReference; fileEncoding = 4; lastKnownFileType = sourcecode.c.h; name = LYRMockContentStore.h; path = Examples/Mocks/LYRMockContentStore.h; sourceTree = SOURCE_ROOT; };
		D6F405BF1A8FDDE300AE9581 /* LYRMockContentStore.m */ = {isa = PBXFileReference; fileEncoding = 4; lastKnownFileType = sourcecode.c.objc; name = LYRMockContentStore.m; path = Examples/Mocks/LYRMockContentStore.m; sourceTree = SOURCE_ROOT; };
		D6F405C01A8FDDE300AE9581 /* LYRQueryControllerMock.h */ = {isa = PBXFileReference; fileEncoding = 4; lastKnownFileType = sourcecode.c.h; name = LYRQueryControllerMock.h; path = Examples/Mocks/LYRQueryControllerMock.h; sourceTree = SOURCE_ROOT; };
		D6F405C11A8FDDE300AE9581 /* LYRQueryControllerMock.m */ = {isa = PBXFileReference; fileEncoding = 4; lastKnownFileType = sourcecode.c.objc; name = LYRQueryControllerMock.m; path = Examples/Mocks/LYRQueryControllerMock.m; sourceTree = SOURCE_ROOT; };
		D6F405C21A8FDDE300AE9581 /* ATLUserMock.h */ = {isa = PBXFileReference; fileEncoding = 4; lastKnownFileType = sourcecode.c.h; name = ATLUserMock.h; path = Examples/Mocks/ATLUserMock.h; sourceTree = SOURCE_ROOT; };
		D6F405C31A8FDDE300AE9581 /* ATLUserMock.m */ = {isa = PBXFileReference; fileEncoding = 4; lastKnownFileType = sourcecode.c.objc; name = ATLUserMock.m; path = Examples/Mocks/ATLUserMock.m; sourceTree = SOURCE_ROOT; };
		D6F405CC1A8FDE1B00AE9581 /* Atlas.storyboard */ = {isa = PBXFileReference; fileEncoding = 4; lastKnownFileType = file.storyboard; name = Atlas.storyboard; path = Examples/Storyboard/Atlas.storyboard; sourceTree = SOURCE_ROOT; };
		D6F405D11A8FDE1B00AE9581 /* Base */ = {isa = PBXFileReference; lastKnownFileType = file.xib; name = Base; path = LaunchScreen.xib; sourceTree = "<group>"; };
		D6F405D21A8FDE1B00AE9581 /* Images.xcassets */ = {isa = PBXFileReference; lastKnownFileType = folder.assetcatalog; name = Images.xcassets; path = Examples/Storyboard/Images.xcassets; sourceTree = SOURCE_ROOT; };
		D6F405D31A8FDE1B00AE9581 /* Info.plist */ = {isa = PBXFileReference; fileEncoding = 4; lastKnownFileType = text.plist.xml; name = Info.plist; path = Examples/Storyboard/Info.plist; sourceTree = SOURCE_ROOT; };
		D6F405D41A8FDE1B00AE9581 /* main.m */ = {isa = PBXFileReference; fileEncoding = 4; lastKnownFileType = sourcecode.c.objc; name = main.m; path = Examples/Storyboard/main.m; sourceTree = SOURCE_ROOT; };
		D6F405D51A8FDE1B00AE9581 /* StoryboardAppDelegate.h */ = {isa = PBXFileReference; fileEncoding = 4; lastKnownFileType = sourcecode.c.h; name = StoryboardAppDelegate.h; path = Examples/Storyboard/StoryboardAppDelegate.h; sourceTree = SOURCE_ROOT; };
		D6F405D61A8FDE1B00AE9581 /* StoryboardAppDelegate.m */ = {isa = PBXFileReference; fileEncoding = 4; lastKnownFileType = sourcecode.c.objc; name = StoryboardAppDelegate.m; path = Examples/Storyboard/StoryboardAppDelegate.m; sourceTree = SOURCE_ROOT; };
		D6F405E11A8FDE3900AE9581 /* Base */ = {isa = PBXFileReference; lastKnownFileType = file.xib; name = Base; path = LaunchScreen.xib; sourceTree = "<group>"; };
		D6F405E21A8FDE3900AE9581 /* Images.xcassets */ = {isa = PBXFileReference; lastKnownFileType = folder.assetcatalog; name = Images.xcassets; path = Examples/Programmatic/Images.xcassets; sourceTree = SOURCE_ROOT; };
		D6F405E31A8FDE3900AE9581 /* Info.plist */ = {isa = PBXFileReference; fileEncoding = 4; lastKnownFileType = text.plist.xml; name = Info.plist; path = Examples/Programmatic/Info.plist; sourceTree = SOURCE_ROOT; };
		D6F405E41A8FDE3900AE9581 /* main.m */ = {isa = PBXFileReference; fileEncoding = 4; lastKnownFileType = sourcecode.c.objc; name = main.m; path = Examples/Programmatic/main.m; sourceTree = SOURCE_ROOT; };
		D6F4060F1A8FDEEB00AE9581 /* ProgrammaticTests-Info.plist */ = {isa = PBXFileReference; fileEncoding = 4; lastKnownFileType = text.plist.xml; path = "ProgrammaticTests-Info.plist"; sourceTree = "<group>"; };
		D6F406101A8FDEEB00AE9581 /* StoryboardTests-Info.plist */ = {isa = PBXFileReference; fileEncoding = 4; lastKnownFileType = text.plist.xml; path = "StoryboardTests-Info.plist"; sourceTree = "<group>"; };
		D6F406121A8FDEEB00AE9581 /* Unit Tests.xcscheme */ = {isa = PBXFileReference; fileEncoding = 4; lastKnownFileType = text.xml; path = "Unit Tests.xcscheme"; sourceTree = "<group>"; };
		D8050D6CFBC2EA1D5D6B800A /* Pods_test_ProgrammaticTests.framework */ = {isa = PBXFileReference; explicitFileType = wrapper.framework; includeInIndex = 0; path = Pods_test_ProgrammaticTests.framework; sourceTree = BUILT_PRODUCTS_DIR; };
		DD247AF2EF0D58C390C41D9F /* Pods-Programmatic.debug.xcconfig */ = {isa = PBXFileReference; includeInIndex = 1; lastKnownFileType = text.xcconfig; name = "Pods-Programmatic.debug.xcconfig"; path = "Pods/Target Support Files/Pods-Programmatic/Pods-Programmatic.debug.xcconfig"; sourceTree = "<group>"; };
		E994C194C8CEC4ECECA9506A /* Pods-test-ProgrammaticTests.debug.xcconfig */ = {isa = PBXFileReference; includeInIndex = 1; lastKnownFileType = text.xcconfig; name = "Pods-test-ProgrammaticTests.debug.xcconfig"; path = "Pods/Target Support Files/Pods-test-ProgrammaticTests/Pods-test-ProgrammaticTests.debug.xcconfig"; sourceTree = "<group>"; };
/* End PBXFileReference section */

/* Begin PBXFrameworksBuildPhase section */
		D0294DD51A93F33900702856 /* Frameworks */ = {
			isa = PBXFrameworksBuildPhase;
			buildActionMask = 2147483647;
			files = (
				8F5A8821F40061D9FC6CBB4F /* Pods_UnitTests.framework in Frameworks */,
			);
			runOnlyForDeploymentPostprocessing = 0;
		};
/* End PBXFrameworksBuildPhase section */

/* Begin PBXGroup section */
		150413991F225E1D006F46BD /* Themes */ = {
			isa = PBXGroup;
			children = (
				159A26F51F1FA9B600BC416C /* LYRUIPresenceViewDefaultThemeSpec.m */,
			);
			name = Themes;
			sourceTree = "<group>";
		};
		150772121F28E99300E903D1 /* Helpers */ = {
			isa = PBXGroup;
			children = (
				150772131F28E9AF00E903D1 /* LYRUISpecDispatcher.h */,
				150772141F28E9AF00E903D1 /* LYRUISpecDispatcher.m */,
				1574F63E20193A15002742BE /* LYRUIComposeBarTestLayout.h */,
				1574F63F20193A15002742BE /* LYRUIComposeBarTestLayout.m */,
				15C39F4B203B14C800F8C293 /* LYRUIFakeTestMessage.h */,
				15C39F4C203B14C800F8C293 /* LYRUIFakeTestMessage.m */,
				15C39F57203B260C00F8C293 /* LYRUIFakeImageMessage.h */,
				15C39F58203B260C00F8C293 /* LYRUIFakeImageMessage.m */,
				15C39F4E203B155B00F8C293 /* LYRUIFakeTestMessageSerializer.h */,
				15C39F4F203B155B00F8C293 /* LYRUIFakeTestMessageSerializer.m */,
				15C39F51203B15DA00F8C293 /* LYRUIFakeTestMessagePresenter.h */,
				15C39F52203B15DA00F8C293 /* LYRUIFakeTestMessagePresenter.m */,
				15C39F54203B224E00F8C293 /* LYRUIFakeTestMessageContainerPresenter.h */,
				15C39F55203B224E00F8C293 /* LYRUIFakeTestMessageContainerPresenter.m */,
				15C39F5A203B271B00F8C293 /* LYRUIFakeTestActionHandler.h */,
				15C39F5B203B271B00F8C293 /* LYRUIFakeTestActionHandler.m */,
			);
			path = Helpers;
			sourceTree = "<group>";
		};
		155D422C1FA0FCA200B5BADC /* Recovered References */ = {
			isa = PBXGroup;
			children = (
				152515611F39DECF0074CE03 /* LYRUIListSectionSpec.m */,
				156081751F42EBC60013C86B /* LYRUIBaseListViewSpec.m */,
				156081771F42F1E10013C86B /* LYRUIListQueryControllerDelegateSpec.m */,
			);
			name = "Recovered References";
			sourceTree = "<group>";
		};
		15654C221F2642AE00255309 /* Layouts */ = {
			isa = PBXGroup;
			children = (
				15654C231F2642F500255309 /* LYRUIAvatarViewSingleLayoutSpec.m */,
				150771E71F2769E200E903D1 /* LYRUIAvatarViewMultiLayoutSpec.m */,
				15836DBD1F151C8C00FAF433 /* LYRUIBaseItemViewLayoutSpec.m */,
				1525151E1F3096990074CE03 /* LYRUIListLayoutSpec.m */,
				15BA3A8D1F7CE9EF001AB286 /* LYRUIMessageItemViewLayoutSpec.m */,
			);
			name = Layouts;
			sourceTree = "<group>";
		};
		1575B4781FE9605000269488 /* DependencyInjection */ = {
			isa = PBXGroup;
			children = (
				1575B4791FE9609100269488 /* LYRUIDependencyInjectorSpec.m */,
			);
			name = DependencyInjection;
			sourceTree = "<group>";
		};
		159A26F21F1F9ADB00BC416C /* Presenters */ = {
			isa = PBXGroup;
			children = (
				1518DA02203328AC00654309 /* LYRUICarouselContentOffsetHandlerSpec.m */,
				152055AC204438590069B2AC /* LYRUIMessageListViewPreviewingDelegateSpec.m */,
				15E369EB2020D43F0009D921 /* LYRUIAvatarViewPresenterSpec.m */,
				15E369F02020D4400009D921 /* LYRUIComposeBarPresenterSpec.m */,
				15E369E62020D43F0009D921 /* LYRUIConversationItemViewPresenterSpec.m */,
				15E369E92020D43F0009D921 /* LYRUIConversationListViewPresenterSpec.m */,
				15E369E72020D43F0009D921 /* LYRUIIdentityItemViewPresenterSpec.m */,
				15E369E82020D43F0009D921 /* LYRUIIdentityListViewPresenterSpec.m */,
				15E369EA2020D43F0009D921 /* LYRUIImageWithLettersViewPresenterSpec.m */,
				15E369EC2020D43F0009D921 /* LYRUIListCellPresenterSpec.m */,
				15E369ED2020D43F0009D921 /* LYRUIListSupplementaryViewPresenterSpec.m */,
				15E369EE2020D43F0009D921 /* LYRUIMessageItemViewPresenterSpec.m */,
				15C39F5D203C637600F8C293 /* LYRUIMessageListViewPresenterSpec.m */,
				15C39F5F203C77EB00F8C293 /* LYRUICarouselMessageListViewPresenterSpec.m */,
				15E369EF2020D43F0009D921 /* LYRUIPresenceViewPresenterSpec.m */,
			);
			name = Presenters;
			sourceTree = "<group>";
		};
		15A4C4581F0E7BCA00741D91 /* Formatters */ = {
			isa = PBXGroup;
			children = (
				15A4C4591F0E7BF500741D91 /* LYRUIMessageTimeDefaultFormatterSpec.m */,
				15A4C4611F0E86FF00741D91 /* LYRUIConversationItemTitleFormatterSpec.m */,
				150373E91F17E59D00FA6AAB /* LYRUIIdentityNameFormatterSpec.m */,
				150373EF1F19017800FA6AAB /* LYRUITimeAgoFormatterSpec.m */,
				1562E23820724BA4005B54F6 /* LYRUIConversationItemTimeFormatterSpec.m */,
				1562E23A20725C61005B54F6 /* LYRUIMessageListTimeFormatterSpec.m */,
			);
			name = Formatters;
			sourceTree = "<group>";
		};
		15C3554D1F3076E70039EEFC /* Models */ = {
			isa = PBXGroup;
			children = (
				1518DA002033289E00654309 /* LYRUICarouselContentOffsetsCacheSpec.m */,
				15E369FE2020D4650009D921 /* LYRUIListQueryControllerDelegateSpec.m */,
				152515161F3084580074CE03 /* LYRUIListDataSourceSpec.m */,
				152515181F308EC80074CE03 /* LYRUIListDelegateSpec.m */,
				15C4A5781F7D49C300643F8F /* LYRUIMessageListDelegateSpec.m */,
				150B19031F7E814C00EFA6D8 /* LYRUIMessageListQueryControllerDelegateSpec.m */,
				150B19051F7E8F0A00EFA6D8 /* LYRUIMessageListPaginationControllerSpec.m */,
				15998B63204EF28B00B1A428 /* LYRUIChoiceSelectionsCacheSpec.m */,
			);
			name = Models;
			sourceTree = "<group>";
		};
		412524007C3A7505AC34F33C /* Frameworks */ = {
			isa = PBXGroup;
			children = (
				95A744001D22A9D600BED68D /* LayerKit.framework */,
				250C5EF21C7656610084EB18 /* LayerKit.framework */,
				5DE31FA9B1906CEA04D0C891 /* Pods.framework */,
				B085A18188DCFC913F85665D /* Pods_Programmatic.framework */,
				921B2F42195B3C5F0569C57B /* Pods_Storyboard.framework */,
				1886043CF840E83E9A77B78B /* Pods_UnitTests.framework */,
				D8050D6CFBC2EA1D5D6B800A /* Pods_test_ProgrammaticTests.framework */,
				62363A00A270318F0E8C0C38 /* Pods_test_StoryboardTests.framework */,
			);
			name = Frameworks;
			sourceTree = "<group>";
		};
		7858B60B1CE54B81007795AB /* Resources */ = {
			isa = PBXGroup;
			children = (
				7858B60C1CE54BBE007795AB /* block.png */,
				7858B60D1CE54BBE007795AB /* block@2x.png */,
				7858B60E1CE54BBE007795AB /* block@3x.png */,
				7858B60F1CE54BBE007795AB /* camera_dark.png */,
				7858B6101CE54BBE007795AB /* camera_dark@2x.png */,
				7858B6111CE54BBE007795AB /* camera_dark@3x.png */,
				7858B6121CE54BBE007795AB /* chevron.png */,
				7858B6131CE54BBE007795AB /* chevron@2x.png */,
				7858B6141CE54BBE007795AB /* chevron@3x.png */,
				7858B6151CE54BBE007795AB /* layerbell.caf */,
				7858B6161CE54BBE007795AB /* layerLogo.png */,
				7858B6171CE54BBE007795AB /* layerLogo@2x.png */,
				7858B6181CE54BBE007795AB /* layerLogo@3x.png */,
				7858B6191CE54BBE007795AB /* location_dark.png */,
				7858B61A1CE54BBE007795AB /* location_dark@2x.png */,
				7858B61B1CE54BBE007795AB /* location_dark@3x.png */,
				7858B61C1CE54BBE007795AB /* plus.png */,
				7858B61D1CE54BBE007795AB /* plus@2x.png */,
				7858B61E1CE54BBE007795AB /* plus@3x.png */,
			);
			name = Resources;
			sourceTree = "<group>";
		};
		B174A0FE34EB0548FDFABF32 /* Pods */ = {
			isa = PBXGroup;
			children = (
				DD247AF2EF0D58C390C41D9F /* Pods-Programmatic.debug.xcconfig */,
				5BDC513D0E932968078A69D7 /* Pods-Programmatic.release.xcconfig */,
				4160065E3D4E4D6CA1EF3F99 /* Pods-Storyboard.debug.xcconfig */,
				91A456BCEC404FC7F83EC216 /* Pods-Storyboard.release.xcconfig */,
				886A86EFB93A13A1717104CE /* Pods-UnitTests.debug.xcconfig */,
				98BF90733247F9CE21529791 /* Pods-UnitTests.release.xcconfig */,
				E994C194C8CEC4ECECA9506A /* Pods-test-ProgrammaticTests.debug.xcconfig */,
				34C06B1C4F6FE86629A3C050 /* Pods-test-ProgrammaticTests.release.xcconfig */,
				A8E39A93868BE92F637098C5 /* Pods-test-StoryboardTests.debug.xcconfig */,
				959F1869E1FC45A3651F40B6 /* Pods-test-StoryboardTests.release.xcconfig */,
			);
			name = Pods;
			sourceTree = "<group>";
		};
		D0D778881A02E2B2000A5F51 = {
			isa = PBXGroup;
			children = (
				7858B60B1CE54B81007795AB /* Resources */,
				D676CF171A8C4344002D9D27 /* Examples */,
				412524007C3A7505AC34F33C /* Frameworks */,
				D0D778941A02EAA9000A5F51 /* Products */,
				D6F406001A8FDEEB00AE9581 /* Tests */,
				B174A0FE34EB0548FDFABF32 /* Pods */,
				155D422C1FA0FCA200B5BADC /* Recovered References */,
			);
			sourceTree = "<group>";
		};
		D0D778941A02EAA9000A5F51 /* Products */ = {
			isa = PBXGroup;
			children = (
				D0294DD81A93F33900702856 /* UnitTests.xctest */,
			);
			name = Products;
			sourceTree = "<group>";
		};
		D0E729491A02F1C700B76672 /* Mocks */ = {
			isa = PBXGroup;
			children = (
				D6F405B31A8FDDE300AE9581 /* LayerKitMock.h */,
				D6F405B61A8FDDE300AE9581 /* LYRClientMock.h */,
				D6F405B71A8FDDE300AE9581 /* LYRClientMock.m */,
				D6F405B81A8FDDE300AE9581 /* LYRConversationMock.h */,
				D6F405B91A8FDDE300AE9581 /* LYRConversationMock.m */,
				D6F405BA1A8FDDE300AE9581 /* LYRMessageMock.h */,
				D6F405BB1A8FDDE300AE9581 /* LYRMessageMock.m */,
				D6F405BC1A8FDDE300AE9581 /* LYRMessagePartMock.h */,
				D6F405BD1A8FDDE300AE9581 /* LYRMessagePartMock.m */,
				D6F405BE1A8FDDE300AE9581 /* LYRMockContentStore.h */,
				D6F405BF1A8FDDE300AE9581 /* LYRMockContentStore.m */,
				D6F405C01A8FDDE300AE9581 /* LYRQueryControllerMock.h */,
				D6F405C11A8FDDE300AE9581 /* LYRQueryControllerMock.m */,
				D6F405C21A8FDDE300AE9581 /* ATLUserMock.h */,
				D6F405C31A8FDDE300AE9581 /* ATLUserMock.m */,
			);
			name = Mocks;
			path = "Sample Code/Shared";
			sourceTree = "<group>";
		};
		D676CF171A8C4344002D9D27 /* Examples */ = {
			isa = PBXGroup;
			children = (
				D0E729491A02F1C700B76672 /* Mocks */,
				D6F405A71A8FDDAA00AE9581 /* ATLSampleConversationAvatarItem.h */,
				D6F405A81A8FDDAA00AE9581 /* ATLSampleConversationAvatarItem.m */,
				D6F405A91A8FDDAA00AE9581 /* ATLSampleConversationListViewController.h */,
				D6F405AA1A8FDDAA00AE9581 /* ATLSampleConversationListViewController.m */,
				D6F405AB1A8FDDAA00AE9581 /* ATLSampleConversationViewController.h */,
				D6F405AC1A8FDDAA00AE9581 /* ATLSampleConversationViewController.m */,
				D6F405AD1A8FDDAA00AE9581 /* ATLSampleParticipantTableViewController.h */,
				D6F405AE1A8FDDAA00AE9581 /* ATLSampleParticipantTableViewController.m */,
				D6F57E2B1A8BE4AF00B62BD9 /* Programmatic */,
				D6F57E551A8BE4B500B62BD9 /* Storyboard */,
			);
			name = Examples;
			sourceTree = "<group>";
		};
		D6C0454D1A994B3A0028E9D0 /* Views */ = {
			isa = PBXGroup;
			children = (
				1518DA04203328B400654309 /* LYRUICarouselMessageListViewSpec.m */,
				15E369FC2020D4530009D921 /* LYRUIBubbleTypingIndicatorView.xib */,
				159A26F01F1F8F4000BC416C /* LYRUIShapedViewSpec.m */,
				150373F11F1CD7E500FA6AAB /* LYRUIShapedView.xib */,
				150771E91F276E1F00E903D1 /* LYRUIImageWithLettersViewSpec.m */,
				159A27061F20D40E00BC416C /* LYRUIImageWithLettersView.xib */,
				1504137C1F21D147006F46BD /* LYRUIParticipantsCountViewSpec.m */,
				1504137A1F21CC4A006F46BD /* LYRUIParticipantsCountView.xib */,
				15654C271F264F4000255309 /* LYRUIAvatarViewSpec.m */,
				15654C201F260F6500255309 /* LYRUIAvatarView.xib */,
				158273081F0D071E00F8974C /* LYRUIConversationItemViewSpec.m */,
				15A4C44B1F0E584700741D91 /* LYRUIConversationItemView.xib */,
				152515241F30A79F0074CE03 /* LYRUIConversationListViewSpec.m */,
				153310B01F2F66FB00B58675 /* LYRUIConversationListView.xib */,
				152515261F30A8520074CE03 /* LYRUIConversationCollectionViewCellSpec.m */,
				1582730A1F0D09AA00F8974C /* LYRUIViewWithLayoutSpec.m */,
				150373E01F17D86A00FA6AAB /* LYRUIIdentityItemViewSpec.m */,
				150373DE1F17D52700FA6AAB /* LYRUIIdentityItemView.xib */,
				152515201F30996A0074CE03 /* LYRUIIdentityListViewSpec.m */,
				1507722A1F2A416D00E903D1 /* LYRUIIdentityListView.xib */,
				1525151A1F3090500074CE03 /* LYRUIIdentityCollectionViewCellSpec.m */,
				1525151C1F3094680074CE03 /* LYRUIListHeaderViewSpec.m */,
				151684401F99332200EBA969 /* LYRUIBaseListViewSpec.m */,
				156081821F4463680013C86B /* LYRUIComposeBarSpec.m */,
				157318791F7CDF45003CE98F /* LYRUIMessageItemViewSpec.m */,
				152475181F3DE38700777BA3 /* LYRUIMessageItemView.xib */,
				154DB68E1F3C99210080A0D2 /* LYRUIComposeBar.xib */,
				15C19FCA1F46F72D002AA604 /* LYRUIMessageListView.xib */,
				15CE1B0F1FB9DD1D00B410ED /* LYRUISendButtonSpec.m */,
				15062C4D1FE2AC6700943614 /* LYRUIPresenceViewSpec.m */,
				15AF42491F5843B500C03BE5 /* LYRUIConversationViewSpec.m */,
				15C660AC1F5832CB0072CB16 /* LYRUIConversationView.xib */,
			);
			name = Views;
			sourceTree = "<group>";
		};
		D6C045511A9967070028E9D0 /* Utilities */ = {
			isa = PBXGroup;
			children = (
				15C332BE2023793D00869CD0 /* LYRUIMessageAttributesManagerSpec.m */,
				159A26F71F1FAB4F00BC416C /* LYRUIShapedViewDefaultShapeDrawerSpec.m */,
				150771FC1F28ABB300E903D1 /* LYRUIInitialsFormatterSpec.m */,
				150771FE1F28BEF700E903D1 /* LYRUIImageFetcherSpec.m */,
				157F36721F7C3163004D12C6 /* LYRUIParticipantsDefaultFilterSpec.m */,
				1574522A1FAB54C200A5F857 /* LYRUIAvatarViewProviderSpec.m */,
			);
			name = Utilities;
			sourceTree = "<group>";
		};
		D6F405CF1A8FDE1B00AE9581 /* Base.lproj */ = {
			isa = PBXGroup;
			children = (
				D6F405D01A8FDE1B00AE9581 /* LaunchScreen.xib */,
			);
			name = Base.lproj;
			path = Examples/Storyboard/Base.lproj;
			sourceTree = SOURCE_ROOT;
		};
		D6F405DF1A8FDE3900AE9581 /* Base.lproj */ = {
			isa = PBXGroup;
			children = (
				D6F405E01A8FDE3900AE9581 /* LaunchScreen.xib */,
			);
			name = Base.lproj;
			path = Examples/Programmatic/Base.lproj;
			sourceTree = SOURCE_ROOT;
		};
		D6F406001A8FDEEB00AE9581 /* Tests */ = {
			isa = PBXGroup;
			children = (
				15C332BC2023792B00869CD0 /* Info.plist */,
				1575B4781FE9605000269488 /* DependencyInjection */,
				15C3554D1F3076E70039EEFC /* Models */,
				150772121F28E99300E903D1 /* Helpers */,
				15654C221F2642AE00255309 /* Layouts */,
				150413991F225E1D006F46BD /* Themes */,
				159A26F21F1F9ADB00BC416C /* Presenters */,
				15A4C4581F0E7BCA00741D91 /* Formatters */,
				D6C045511A9967070028E9D0 /* Utilities */,
				D6C0454D1A994B3A0028E9D0 /* Views */,
				D6F4060E1A8FDEEB00AE9581 /* Resources */,
				D6F406111A8FDEEB00AE9581 /* Schemes */,
			);
			path = Tests;
			sourceTree = "<group>";
		};
		D6F4060E1A8FDEEB00AE9581 /* Resources */ = {
			isa = PBXGroup;
			children = (
				5AEFC5CA1B79834300ADE4EC /* boatgif.gif */,
				D63C68DF1A94250000D235D5 /* test-logo.png */,
				D6F4060F1A8FDEEB00AE9581 /* ProgrammaticTests-Info.plist */,
				D6F406101A8FDEEB00AE9581 /* StoryboardTests-Info.plist */,
			);
			path = Resources;
			sourceTree = "<group>";
		};
		D6F406111A8FDEEB00AE9581 /* Schemes */ = {
			isa = PBXGroup;
			children = (
				D6F406121A8FDEEB00AE9581 /* Unit Tests.xcscheme */,
			);
			path = Schemes;
			sourceTree = "<group>";
		};
		D6F57E2B1A8BE4AF00B62BD9 /* Programmatic */ = {
			isa = PBXGroup;
			children = (
				D6C045431A9914080028E9D0 /* ProgrammaticAppDelegate.h */,
				D6C045441A9914080028E9D0 /* ProgrammaticAppDelegate.m */,
				D6F405DF1A8FDE3900AE9581 /* Base.lproj */,
				D6F405E21A8FDE3900AE9581 /* Images.xcassets */,
				D6F405E31A8FDE3900AE9581 /* Info.plist */,
				D6F405E41A8FDE3900AE9581 /* main.m */,
			);
			path = Programmatic;
			sourceTree = "<group>";
		};
		D6F57E551A8BE4B500B62BD9 /* Storyboard */ = {
			isa = PBXGroup;
			children = (
				D6F405CC1A8FDE1B00AE9581 /* Atlas.storyboard */,
				D6F405CF1A8FDE1B00AE9581 /* Base.lproj */,
				D6F405D21A8FDE1B00AE9581 /* Images.xcassets */,
				D6F405D31A8FDE1B00AE9581 /* Info.plist */,
				D6F405D41A8FDE1B00AE9581 /* main.m */,
				D6F405D51A8FDE1B00AE9581 /* StoryboardAppDelegate.h */,
				D6F405D61A8FDE1B00AE9581 /* StoryboardAppDelegate.m */,
			);
			path = Storyboard;
			sourceTree = "<group>";
		};
/* End PBXGroup section */

/* Begin PBXNativeTarget section */
		D0294DD71A93F33900702856 /* UnitTests */ = {
			isa = PBXNativeTarget;
			buildConfigurationList = D0294DE21A93F33900702856 /* Build configuration list for PBXNativeTarget "UnitTests" */;
			buildPhases = (
				CBCF98B5B1502954C192D5A1 /* [CP] Check Pods Manifest.lock */,
				D0294DD41A93F33900702856 /* Sources */,
				D0294DD51A93F33900702856 /* Frameworks */,
				D0294DD61A93F33900702856 /* Resources */,
				DBB73C07ACFE371256674EFE /* [CP] Embed Pods Frameworks */,
				F728FF30D518513156FA5822 /* [CP] Copy Pods Resources */,
			);
			buildRules = (
			);
			dependencies = (
			);
			name = UnitTests;
			productName = UnitTests;
			productReference = D0294DD81A93F33900702856 /* UnitTests.xctest */;
			productType = "com.apple.product-type.bundle.unit-test";
		};
/* End PBXNativeTarget section */

/* Begin PBXProject section */
		D0D778891A02E2B2000A5F51 /* Project object */ = {
			isa = PBXProject;
			attributes = {
				LastUpgradeCheck = 0830;
				TargetAttributes = {
					D0294DD71A93F33900702856 = {
						CreatedOnToolsVersion = 6.1.1;
					};
				};
			};
			buildConfigurationList = D0D7788C1A02E2B2000A5F51 /* Build configuration list for PBXProject "Layer-XDK-UI" */;
			compatibilityVersion = "Xcode 8.0";
			developmentRegion = English;
			hasScannedForEncodings = 0;
			knownRegions = (
				en,
				Base,
			);
			mainGroup = D0D778881A02E2B2000A5F51;
			productRefGroup = D0D778941A02EAA9000A5F51 /* Products */;
			projectDirPath = "";
			projectRoot = "";
			targets = (
				D0294DD71A93F33900702856 /* UnitTests */,
			);
		};
/* End PBXProject section */

/* Begin PBXResourcesBuildPhase section */
		D0294DD61A93F33900702856 /* Resources */ = {
			isa = PBXResourcesBuildPhase;
			buildActionMask = 2147483647;
			files = (
				154DB68F1F3C99210080A0D2 /* LYRUIComposeBar.xib in Resources */,
				1504137B1F21CC4A006F46BD /* LYRUIParticipantsCountView.xib in Resources */,
				15C19FCB1F46F72D002AA604 /* LYRUIMessageListView.xib in Resources */,
				159A27071F20D40E00BC416C /* LYRUIImageWithLettersView.xib in Resources */,
				150373F21F1CD7E500FA6AAB /* LYRUIShapedView.xib in Resources */,
				15654C211F260F6500255309 /* LYRUIAvatarView.xib in Resources */,
				153310B11F2F66FB00B58675 /* LYRUIConversationListView.xib in Resources */,
				152475191F3DE38700777BA3 /* LYRUIMessageItemView.xib in Resources */,
				15E369FD2020D4530009D921 /* LYRUIBubbleTypingIndicatorView.xib in Resources */,
				150771EB1F2771B100E903D1 /* boatgif.gif in Resources */,
				15A4C44C1F0E584700741D91 /* LYRUIConversationItemView.xib in Resources */,
				15CF9FC41F59A5F5002232D8 /* test-logo.png in Resources */,
				15C660AD1F5832CB0072CB16 /* LYRUIConversationView.xib in Resources */,
				1507722B1F2A416D00E903D1 /* LYRUIIdentityListView.xib in Resources */,
				150373DF1F17D52700FA6AAB /* LYRUIIdentityItemView.xib in Resources */,
			);
			runOnlyForDeploymentPostprocessing = 0;
		};
/* End PBXResourcesBuildPhase section */

/* Begin PBXShellScriptBuildPhase section */
		CBCF98B5B1502954C192D5A1 /* [CP] Check Pods Manifest.lock */ = {
			isa = PBXShellScriptBuildPhase;
			buildActionMask = 2147483647;
			files = (
			);
			inputPaths = (
				"${PODS_PODFILE_DIR_PATH}/Podfile.lock",
				"${PODS_ROOT}/Manifest.lock",
			);
			name = "[CP] Check Pods Manifest.lock";
			outputPaths = (
				"$(DERIVED_FILE_DIR)/Pods-UnitTests-checkManifestLockResult.txt",
			);
			runOnlyForDeploymentPostprocessing = 0;
			shellPath = /bin/sh;
			shellScript = "diff \"${PODS_PODFILE_DIR_PATH}/Podfile.lock\" \"${PODS_ROOT}/Manifest.lock\" > /dev/null\nif [ $? != 0 ] ; then\n    # print error to STDERR\n    echo \"error: The sandbox is not in sync with the Podfile.lock. Run 'pod install' or update your CocoaPods installation.\" >&2\n    exit 1\nfi\n";
			showEnvVarsInLog = 0;
		};
		DBB73C07ACFE371256674EFE /* [CP] Embed Pods Frameworks */ = {
			isa = PBXShellScriptBuildPhase;
			buildActionMask = 2147483647;
			files = (
			);
			inputPaths = (
				"${SRCROOT}/Pods/Target Support Files/Pods-UnitTests/Pods-UnitTests-frameworks.sh",
				"${BUILT_PRODUCTS_DIR}/Atlas/Atlas.framework",
				"${PODS_ROOT}/LayerKit/LayerKit.framework",
				"${BUILT_PRODUCTS_DIR}/Expecta/Expecta.framework",
				"${BUILT_PRODUCTS_DIR}/KIF/KIF.framework",
				"${BUILT_PRODUCTS_DIR}/OCHamcrest/OCHamcrest.framework",
				"${BUILT_PRODUCTS_DIR}/OCMock/OCMock.framework",
				"${BUILT_PRODUCTS_DIR}/OCMockito/OCMockito.framework",
				"${BUILT_PRODUCTS_DIR}/Specta/Specta.framework",
			);
			name = "[CP] Embed Pods Frameworks";
			outputPaths = (
				"${TARGET_BUILD_DIR}/${FRAMEWORKS_FOLDER_PATH}/Atlas.framework",
				"${TARGET_BUILD_DIR}/${FRAMEWORKS_FOLDER_PATH}/LayerKit.framework",
				"${TARGET_BUILD_DIR}/${FRAMEWORKS_FOLDER_PATH}/Expecta.framework",
				"${TARGET_BUILD_DIR}/${FRAMEWORKS_FOLDER_PATH}/KIF.framework",
				"${TARGET_BUILD_DIR}/${FRAMEWORKS_FOLDER_PATH}/OCHamcrest.framework",
				"${TARGET_BUILD_DIR}/${FRAMEWORKS_FOLDER_PATH}/OCMock.framework",
				"${TARGET_BUILD_DIR}/${FRAMEWORKS_FOLDER_PATH}/OCMockito.framework",
				"${TARGET_BUILD_DIR}/${FRAMEWORKS_FOLDER_PATH}/Specta.framework",
			);
			runOnlyForDeploymentPostprocessing = 0;
			shellPath = /bin/sh;
			shellScript = "\"${SRCROOT}/Pods/Target Support Files/Pods-UnitTests/Pods-UnitTests-frameworks.sh\"\n";
			showEnvVarsInLog = 0;
		};
		F728FF30D518513156FA5822 /* [CP] Copy Pods Resources */ = {
			isa = PBXShellScriptBuildPhase;
			buildActionMask = 2147483647;
			files = (
			);
			inputPaths = (
			);
			name = "[CP] Copy Pods Resources";
			outputPaths = (
			);
			runOnlyForDeploymentPostprocessing = 0;
			shellPath = /bin/sh;
			shellScript = "\"${SRCROOT}/Pods/Target Support Files/Pods-UnitTests/Pods-UnitTests-resources.sh\"\n";
			showEnvVarsInLog = 0;
		};
/* End PBXShellScriptBuildPhase section */

/* Begin PBXSourcesBuildPhase section */
		D0294DD41A93F33900702856 /* Sources */ = {
			isa = PBXSourcesBuildPhase;
			buildActionMask = 2147483647;
			files = (
				156B41E61FDAC5E00005A78D /* LYRUIListLayoutSpec.m in Sources */,
				15E369F42020D4400009D921 /* LYRUIConversationListViewPresenterSpec.m in Sources */,
				156081831F4463690013C86B /* LYRUIComposeBarSpec.m in Sources */,
				159A26F61F1FA9B600BC416C /* LYRUIPresenceViewDefaultThemeSpec.m in Sources */,
				15E369F52020D4400009D921 /* LYRUIImageWithLettersViewPresenterSpec.m in Sources */,
				150373EA1F17E59D00FA6AAB /* LYRUIIdentityNameFormatterSpec.m in Sources */,
				150373F01F19017800FA6AAB /* LYRUITimeAgoFormatterSpec.m in Sources */,
				1518DA012033289E00654309 /* LYRUICarouselContentOffsetsCacheSpec.m in Sources */,
				1525151D1F3094680074CE03 /* LYRUIListHeaderViewSpec.m in Sources */,
				152515271F30A8520074CE03 /* LYRUIConversationCollectionViewCellSpec.m in Sources */,
				15E369F32020D4400009D921 /* LYRUIIdentityListViewPresenterSpec.m in Sources */,
				15AF424A1F5843B500C03BE5 /* LYRUIConversationViewSpec.m in Sources */,
				15C39F5C203B271B00F8C293 /* LYRUIFakeTestActionHandler.m in Sources */,
				152515251F30A79F0074CE03 /* LYRUIConversationListViewSpec.m in Sources */,
				1504137D1F21D147006F46BD /* LYRUIParticipantsCountViewSpec.m in Sources */,
				15654C281F264F4000255309 /* LYRUIAvatarViewSpec.m in Sources */,
				15998B64204EF28B00B1A428 /* LYRUIChoiceSelectionsCacheSpec.m in Sources */,
				15E369F82020D4400009D921 /* LYRUIListSupplementaryViewPresenterSpec.m in Sources */,
				15654C241F2642F500255309 /* LYRUIAvatarViewSingleLayoutSpec.m in Sources */,
				152515191F308EC80074CE03 /* LYRUIListDelegateSpec.m in Sources */,
				15C39F56203B224E00F8C293 /* LYRUIFakeTestMessageContainerPresenter.m in Sources */,
				150771FF1F28BEF700E903D1 /* LYRUIImageFetcherSpec.m in Sources */,
				15E369F72020D4400009D921 /* LYRUIListCellPresenterSpec.m in Sources */,
				15E369FA2020D4400009D921 /* LYRUIPresenceViewPresenterSpec.m in Sources */,
				15C39F60203C77EB00F8C293 /* LYRUICarouselMessageListViewPresenterSpec.m in Sources */,
				15C39F50203B155B00F8C293 /* LYRUIFakeTestMessageSerializer.m in Sources */,
				15C332BF2023793D00869CD0 /* LYRUIMessageAttributesManagerSpec.m in Sources */,
				15E369F92020D4400009D921 /* LYRUIMessageItemViewPresenterSpec.m in Sources */,
				1562E23920724BA4005B54F6 /* LYRUIConversationItemTimeFormatterSpec.m in Sources */,
				15E369F12020D4400009D921 /* LYRUIConversationItemViewPresenterSpec.m in Sources */,
				1518DA03203328AC00654309 /* LYRUICarouselContentOffsetHandlerSpec.m in Sources */,
				15C4A5791F7D49C300643F8F /* LYRUIMessageListDelegateSpec.m in Sources */,
				15C39F4D203B14C800F8C293 /* LYRUIFakeTestMessage.m in Sources */,
				157F36731F7C3163004D12C6 /* LYRUIParticipantsDefaultFilterSpec.m in Sources */,
				1575B47A1FE9609100269488 /* LYRUIDependencyInjectorSpec.m in Sources */,
				15062C4E1FE2AC6700943614 /* LYRUIPresenceViewSpec.m in Sources */,
				150772151F28E9AF00E903D1 /* LYRUISpecDispatcher.m in Sources */,
				151684411F99332200EBA969 /* LYRUIBaseListViewSpec.m in Sources */,
				15E369FB2020D4400009D921 /* LYRUIComposeBarPresenterSpec.m in Sources */,
				15E369F62020D4400009D921 /* LYRUIAvatarViewPresenterSpec.m in Sources */,
				15C39F5E203C637600F8C293 /* LYRUIMessageListViewPresenterSpec.m in Sources */,
				15E369FF2020D4650009D921 /* LYRUIListQueryControllerDelegateSpec.m in Sources */,
				1562E23B20725C61005B54F6 /* LYRUIMessageListTimeFormatterSpec.m in Sources */,
				152515171F3084580074CE03 /* LYRUIListDataSourceSpec.m in Sources */,
				159A26F11F1F8F4000BC416C /* LYRUIShapedViewSpec.m in Sources */,
				1573187A1F7CDF45003CE98F /* LYRUIMessageItemViewSpec.m in Sources */,
				150771E81F2769E200E903D1 /* LYRUIAvatarViewMultiLayoutSpec.m in Sources */,
				159A26F81F1FAB4F00BC416C /* LYRUIShapedViewDefaultShapeDrawerSpec.m in Sources */,
				15BA3A8E1F7CE9EF001AB286 /* LYRUIMessageItemViewLayoutSpec.m in Sources */,
				150771EA1F276E1F00E903D1 /* LYRUIImageWithLettersViewSpec.m in Sources */,
				150B19061F7E8F0A00EFA6D8 /* LYRUIMessageListPaginationControllerSpec.m in Sources */,
				1574F64020193A15002742BE /* LYRUIComposeBarTestLayout.m in Sources */,
				150771FD1F28ABB300E903D1 /* LYRUIInitialsFormatterSpec.m in Sources */,
				150B19041F7E814C00EFA6D8 /* LYRUIMessageListQueryControllerDelegateSpec.m in Sources */,
				1525151B1F3090500074CE03 /* LYRUIIdentityCollectionViewCellSpec.m in Sources */,
				1574522B1FAB54C200A5F857 /* LYRUIAvatarViewProviderSpec.m in Sources */,
				15E369F22020D4400009D921 /* LYRUIIdentityItemViewPresenterSpec.m in Sources */,
				152515211F30996A0074CE03 /* LYRUIIdentityListViewSpec.m in Sources */,
				15CE1B101FB9DD1D00B410ED /* LYRUISendButtonSpec.m in Sources */,
				15A4C4621F0E86FF00741D91 /* LYRUIConversationItemTitleFormatterSpec.m in Sources */,
				15C39F53203B15DA00F8C293 /* LYRUIFakeTestMessagePresenter.m in Sources */,
				15836DBE1F151C8C00FAF433 /* LYRUIBaseItemViewLayoutSpec.m in Sources */,
				1518DA05203328B400654309 /* LYRUICarouselMessageListViewSpec.m in Sources */,
				15A4C45A1F0E7BF500741D91 /* LYRUIMessageTimeDefaultFormatterSpec.m in Sources */,
				1582730B1F0D09AA00F8974C /* LYRUIViewWithLayoutSpec.m in Sources */,
				150373E11F17D86A00FA6AAB /* LYRUIIdentityItemViewSpec.m in Sources */,
				15C39F59203B260C00F8C293 /* LYRUIFakeImageMessage.m in Sources */,
				152055AD2044385A0069B2AC /* LYRUIMessageListViewPreviewingDelegateSpec.m in Sources */,
				158273091F0D071E00F8974C /* LYRUIConversationItemViewSpec.m in Sources */,
			);
			runOnlyForDeploymentPostprocessing = 0;
		};
/* End PBXSourcesBuildPhase section */

/* Begin PBXVariantGroup section */
		D6F405D01A8FDE1B00AE9581 /* LaunchScreen.xib */ = {
			isa = PBXVariantGroup;
			children = (
				D6F405D11A8FDE1B00AE9581 /* Base */,
			);
			name = LaunchScreen.xib;
			sourceTree = "<group>";
		};
		D6F405E01A8FDE3900AE9581 /* LaunchScreen.xib */ = {
			isa = PBXVariantGroup;
			children = (
				D6F405E11A8FDE3900AE9581 /* Base */,
			);
			name = LaunchScreen.xib;
			sourceTree = "<group>";
		};
/* End PBXVariantGroup section */

/* Begin XCBuildConfiguration section */
		D0294DE01A93F33900702856 /* Debug */ = {
			isa = XCBuildConfiguration;
			baseConfigurationReference = 886A86EFB93A13A1717104CE /* Pods-UnitTests.debug.xcconfig */;
			buildSettings = {
				ALWAYS_SEARCH_USER_PATHS = NO;
				CLANG_CXX_LANGUAGE_STANDARD = "gnu++0x";
				CLANG_CXX_LIBRARY = "libc++";
				CLANG_ENABLE_MODULES = YES;
				CLANG_ENABLE_OBJC_ARC = YES;
				CLANG_WARN_BOOL_CONVERSION = YES;
				CLANG_WARN_CONSTANT_CONVERSION = YES;
				CLANG_WARN_DIRECT_OBJC_ISA_USAGE = YES_ERROR;
				CLANG_WARN_EMPTY_BODY = YES;
				CLANG_WARN_ENUM_CONVERSION = YES;
				CLANG_WARN_INT_CONVERSION = YES;
				CLANG_WARN_OBJC_ROOT_CLASS = YES_ERROR;
				CLANG_WARN_UNREACHABLE_CODE = YES;
				CLANG_WARN__DUPLICATE_METHOD_MATCH = YES;
				CODE_SIGN_IDENTITY = "iPhone Developer";
				COPY_PHASE_STRIP = NO;
				ENABLE_STRICT_OBJC_MSGSEND = YES;
				GCC_C_LANGUAGE_STANDARD = gnu99;
				GCC_DYNAMIC_NO_PIC = NO;
				GCC_OPTIMIZATION_LEVEL = 0;
				GCC_PREPROCESSOR_DEFINITIONS = (
					"DEBUG=1",
					"$(inherited)",
				);
				GCC_SYMBOLS_PRIVATE_EXTERN = NO;
				GCC_TREAT_WARNINGS_AS_ERRORS = NO;
				GCC_WARN_64_TO_32_BIT_CONVERSION = YES;
				GCC_WARN_ABOUT_RETURN_TYPE = YES_ERROR;
				GCC_WARN_UNDECLARED_SELECTOR = YES;
				GCC_WARN_UNINITIALIZED_AUTOS = YES_AGGRESSIVE;
				GCC_WARN_UNUSED_FUNCTION = YES;
				GCC_WARN_UNUSED_VARIABLE = YES;
				INFOPLIST_FILE = Tests/Info.plist;
				IPHONEOS_DEPLOYMENT_TARGET = 9.0;
				LD_RUNPATH_SEARCH_PATHS = "$(inherited) @executable_path/Frameworks @loader_path/Frameworks";
				MTL_ENABLE_DEBUG_INFO = YES;
				PRODUCT_BUNDLE_IDENTIFIER = "com.layer.XDK.$(PRODUCT_NAME:rfc1034identifier)";
				PRODUCT_NAME = "$(TARGET_NAME)";
				SDKROOT = iphoneos;
			};
			name = Debug;
		};
		D0294DE11A93F33900702856 /* Release */ = {
			isa = XCBuildConfiguration;
			baseConfigurationReference = 98BF90733247F9CE21529791 /* Pods-UnitTests.release.xcconfig */;
			buildSettings = {
				ALWAYS_SEARCH_USER_PATHS = NO;
				CLANG_CXX_LANGUAGE_STANDARD = "gnu++0x";
				CLANG_CXX_LIBRARY = "libc++";
				CLANG_ENABLE_MODULES = YES;
				CLANG_ENABLE_OBJC_ARC = YES;
				CLANG_WARN_BOOL_CONVERSION = YES;
				CLANG_WARN_CONSTANT_CONVERSION = YES;
				CLANG_WARN_DIRECT_OBJC_ISA_USAGE = YES_ERROR;
				CLANG_WARN_EMPTY_BODY = YES;
				CLANG_WARN_ENUM_CONVERSION = YES;
				CLANG_WARN_INT_CONVERSION = YES;
				CLANG_WARN_OBJC_ROOT_CLASS = YES_ERROR;
				CLANG_WARN_UNREACHABLE_CODE = YES;
				CLANG_WARN__DUPLICATE_METHOD_MATCH = YES;
				CODE_SIGN_IDENTITY = "iPhone Developer";
				COPY_PHASE_STRIP = YES;
				ENABLE_NS_ASSERTIONS = NO;
				ENABLE_STRICT_OBJC_MSGSEND = YES;
				GCC_C_LANGUAGE_STANDARD = gnu99;
				GCC_TREAT_WARNINGS_AS_ERRORS = NO;
				GCC_WARN_64_TO_32_BIT_CONVERSION = YES;
				GCC_WARN_ABOUT_RETURN_TYPE = YES_ERROR;
				GCC_WARN_UNDECLARED_SELECTOR = YES;
				GCC_WARN_UNINITIALIZED_AUTOS = YES_AGGRESSIVE;
				GCC_WARN_UNUSED_FUNCTION = YES;
				GCC_WARN_UNUSED_VARIABLE = YES;
				INFOPLIST_FILE = Tests/Info.plist;
				IPHONEOS_DEPLOYMENT_TARGET = 9.0;
				LD_RUNPATH_SEARCH_PATHS = "$(inherited) @executable_path/Frameworks @loader_path/Frameworks";
				MTL_ENABLE_DEBUG_INFO = NO;
				PRODUCT_BUNDLE_IDENTIFIER = "com.layer.XDK.$(PRODUCT_NAME:rfc1034identifier)";
				PRODUCT_NAME = "$(TARGET_NAME)";
				SDKROOT = iphoneos;
				VALIDATE_PRODUCT = YES;
			};
			name = Release;
		};
		D0D7788D1A02E2B2000A5F51 /* Debug */ = {
			isa = XCBuildConfiguration;
			buildSettings = {
				CLANG_WARN_BOOL_CONVERSION = YES;
				CLANG_WARN_CONSTANT_CONVERSION = YES;
				CLANG_WARN_EMPTY_BODY = YES;
				CLANG_WARN_ENUM_CONVERSION = YES;
				CLANG_WARN_INFINITE_RECURSION = YES;
				CLANG_WARN_INT_CONVERSION = YES;
				CLANG_WARN_SUSPICIOUS_MOVE = YES;
				CLANG_WARN_UNREACHABLE_CODE = YES;
				CLANG_WARN__DUPLICATE_METHOD_MATCH = YES;
				ENABLE_STRICT_OBJC_MSGSEND = YES;
				ENABLE_TESTABILITY = YES;
				GCC_NO_COMMON_BLOCKS = YES;
				GCC_TREAT_WARNINGS_AS_ERRORS = YES;
				GCC_WARN_64_TO_32_BIT_CONVERSION = YES;
				GCC_WARN_ABOUT_RETURN_TYPE = YES;
				GCC_WARN_UNDECLARED_SELECTOR = YES;
				GCC_WARN_UNINITIALIZED_AUTOS = YES;
				GCC_WARN_UNUSED_FUNCTION = YES;
				GCC_WARN_UNUSED_VARIABLE = YES;
				ONLY_ACTIVE_ARCH = YES;
			};
			name = Debug;
		};
		D0D7788E1A02E2B2000A5F51 /* Release */ = {
			isa = XCBuildConfiguration;
			buildSettings = {
				CLANG_WARN_BOOL_CONVERSION = YES;
				CLANG_WARN_CONSTANT_CONVERSION = YES;
				CLANG_WARN_EMPTY_BODY = YES;
				CLANG_WARN_ENUM_CONVERSION = YES;
				CLANG_WARN_INFINITE_RECURSION = YES;
				CLANG_WARN_INT_CONVERSION = YES;
				CLANG_WARN_SUSPICIOUS_MOVE = YES;
				CLANG_WARN_UNREACHABLE_CODE = YES;
				CLANG_WARN__DUPLICATE_METHOD_MATCH = YES;
				ENABLE_STRICT_OBJC_MSGSEND = YES;
				GCC_NO_COMMON_BLOCKS = YES;
				GCC_TREAT_WARNINGS_AS_ERRORS = YES;
				GCC_WARN_64_TO_32_BIT_CONVERSION = YES;
				GCC_WARN_ABOUT_RETURN_TYPE = YES;
				GCC_WARN_UNDECLARED_SELECTOR = YES;
				GCC_WARN_UNINITIALIZED_AUTOS = YES;
				GCC_WARN_UNUSED_FUNCTION = YES;
				GCC_WARN_UNUSED_VARIABLE = YES;
			};
			name = Release;
		};
/* End XCBuildConfiguration section */

/* Begin XCConfigurationList section */
		D0294DE21A93F33900702856 /* Build configuration list for PBXNativeTarget "UnitTests" */ = {
			isa = XCConfigurationList;
			buildConfigurations = (
				D0294DE01A93F33900702856 /* Debug */,
				D0294DE11A93F33900702856 /* Release */,
			);
			defaultConfigurationIsVisible = 0;
			defaultConfigurationName = Release;
		};
		D0D7788C1A02E2B2000A5F51 /* Build configuration list for PBXProject "Layer-XDK-UI" */ = {
			isa = XCConfigurationList;
			buildConfigurations = (
				D0D7788D1A02E2B2000A5F51 /* Debug */,
				D0D7788E1A02E2B2000A5F51 /* Release */,
			);
			defaultConfigurationIsVisible = 0;
			defaultConfigurationName = Release;
		};
/* End XCConfigurationList section */
	};
	rootObject = D0D778891A02E2B2000A5F51 /* Project object */;
}
