<?xml version="1.0" encoding="UTF-8"?>
<Scheme
   LastUpgradeVersion = "0830"
   version = "1.3">
   <BuildAction
      parallelizeBuildables = "YES"
      buildImplicitDependencies = "YES">
      <BuildActionEntries>
         <BuildActionEntry
            buildForTesting = "YES"
            buildForRunning = "YES"
            buildForProfiling = "YES"
            buildForArchiving = "YES"
            buildForAnalyzing = "YES">
            <BuildableReference
               BuildableIdentifier = "primary"
               BlueprintIdentifier = "D6F57E531A8BE4B500B62BD9"
               BuildableName = "Storyboard.app"
               BlueprintName = "Storyboard"
               ReferencedContainer = "container:Atlas.xcodeproj">
            </BuildableReference>
         </BuildActionEntry>
      </BuildActionEntries>
   </BuildAction>
   <TestAction
      buildConfiguration = "Debug"
      selectedDebuggerIdentifier = "Xcode.DebuggerFoundation.Debugger.LLDB"
      selectedLauncherIdentifier = "Xcode.DebuggerFoundation.Launcher.LLDB"
      shouldUseLaunchSchemeArgsEnv = "YES">
      <Testables>
         <TestableReference
            skipped = "NO">
            <BuildableReference
               BuildableIdentifier = "primary"
               BlueprintIdentifier = "D6F57E6B1A8BE4B500B62BD9"
               BuildableName = "StoryboardTests.xctest"
               BlueprintName = "StoryboardTests"
               ReferencedContainer = "container:Atlas.xcodeproj">
            </BuildableReference>
            <SkippedTests>
               <Test
                  Identifier = "ATLConversationListViewControllerTest/testToVerifyColorAndFontChangeFunctionality">
               </Test>
               <Test
                  Identifier = "ATLConversationListViewControllerTest/testToVerifyConversationListBaseUI">
               </Test>
               <Test
                  Identifier = "ATLConversationListViewControllerTest/testToVerifyConversationListDisplaysAllConversationsInLayer">
               </Test>
               <Test
                  Identifier = "ATLConversationListViewControllerTest/testToVerifyConversationListViewControllerDataSource">
               </Test>
               <Test
                  Identifier = "ATLConversationListViewControllerTest/testToVerifyCreatingANewConversationLiveUpdatesConversationList">
               </Test>
               <Test
                  Identifier = "ATLConversationListViewControllerTest/testToVerifyCustomCellClassFunctionality">
               </Test>
               <Test
                  Identifier = "ATLConversationListViewControllerTest/testToVerifyCustomDeletionColorAndText">
               </Test>
               <Test
                  Identifier = "ATLConversationListViewControllerTest/testToVerifyCustomRowActions">
               </Test>
               <Test
                  Identifier = "ATLConversationListViewControllerTest/testToVerifyCustomRowHeightFunctionality">
               </Test>
               <Test
                  Identifier = "ATLConversationListViewControllerTest/testToVerifyDelegateIsNotifiedOfConversationSelection">
               </Test>
               <Test
                  Identifier = "ATLConversationListViewControllerTest/testToVerifyDelegateIsNotifiedOfGlobalConversationDeletion">
               </Test>
               <Test
                  Identifier = "ATLConversationListViewControllerTest/testToVerifyDelegateIsNotifiedOfLocalConversationDeletion">
               </Test>
               <Test
                  Identifier = "ATLConversationListViewControllerTest/testToVerifyDelegateIsNotifiedOfSearch">
               </Test>
               <Test
                  Identifier = "ATLConversationListViewControllerTest/testToVerifyDisablingEditModeDoesNotAllowUserToDeleteConversations">
               </Test>
               <Test
                  Identifier = "ATLConversationListViewControllerTest/testToVerifyEditingModeAndMultipleConversationDeletionFunctionality">
               </Test>
               <Test
                  Identifier = "ATLConversationListViewControllerTest/testToVerifyGlobalDeletionButtonFunctionality">
               </Test>
               <Test
                  Identifier = "ATLConversationListViewControllerTest/testToVerifyLocalDeletionButtonFunctionality">
               </Test>
               <Test
                  Identifier = "ATLConversationListViewControllerTest/testToVerifyQueryConfigurationTakesEffect">
               </Test>
               <Test
                  Identifier = "ATLConversationTableViewCellTest/testToVerifyCustomCellBackgroundColor">
               </Test>
               <Test
                  Identifier = "ATLConversationTableViewCellTest/testToVerifyCustomConversationLabelColor">
               </Test>
               <Test
                  Identifier = "ATLConversationTableViewCellTest/testToVerifyCustomConversationLabelFont">
               </Test>
               <Test
                  Identifier = "ATLConversationTableViewCellTest/testToVerifyCustomDateLabelColor">
               </Test>
               <Test
                  Identifier = "ATLConversationTableViewCellTest/testToVerifyCustomDateLabelFont">
               </Test>
               <Test
                  Identifier = "ATLConversationTableViewCellTest/testToVerifyCustomLastMessageLabelColor">
               </Test>
               <Test
                  Identifier = "ATLConversationTableViewCellTest/testToVerifyCustomLastMessageLabelFont">
               </Test>
               <Test
                  Identifier = "ATLConversationTableViewCellTest/testToVerifyCustomUnreadMessageIndicatorBackgrounColor">
               </Test>
               <Test
                  Identifier = "ATLConversationTableViewCellTest/testToVerifyLastMessageTextWhenMessageIsALocation">
               </Test>
               <Test
                  Identifier = "ATLConversationTableViewCellTest/testToVerifyLastMessageTextWhenMessageIsAnImage">
               </Test>
               <Test
                  Identifier = "ATLConversationViewControllerTest/testToVerifyAvatarImageIsDisplayedForEveryMessage">
               </Test>
               <Test
                  Identifier = "ATLConversationViewControllerTest/testToVerifyAvatarImageIsDisplayedInGroupConversation">
               </Test>
               <Test
                  Identifier = "ATLConversationViewControllerTest/testToVerifyAvatarImageIsDisplayedOncePerCluster">
               </Test>
               <Test
                  Identifier = "ATLConversationViewControllerTest/testToVerifyAvatarImageIsDisplayedOncePerSection">
               </Test>
               <Test
                  Identifier = "ATLConversationViewControllerTest/testToVerifyAvatarImageIsNotDisplayedInOneOnOneConversation">
               </Test>
               <Test
                  Identifier = "ATLConversationViewControllerTest/testToVerifyCustomAvatarImageDiameter">
               </Test>
               <Test
                  Identifier = "ATLConversationViewControllerTest/testToVerifyCustomCellHeightForMessage">
               </Test>
               <Test
                  Identifier = "ATLConversationViewControllerTest/testToVerifyCustomMessageObjects">
               </Test>
               <Test
                  Identifier = "ATLConversationViewControllerTest/testToVerifyDelegateIsNotifiedOfCellCreation">
               </Test>
               <Test
                  Identifier = "ATLConversationViewControllerTest/testToVerifyDelegateIsNotifiedOfMessageSelection">
               </Test>
               <Test
                  Identifier = "ATLConversationViewControllerTest/testToVerifyDelegateIsNotifiedOfMessageSend">
               </Test>
               <Test
                  Identifier = "ATLConversationViewControllerTest/testToVerifyInputToolbarIsAppropriateWidth">
               </Test>
               <Test
                  Identifier = "ATLConversationViewControllerTest/testToVerifyPlatformMessageSenderNameIsDisplayedInGroupConversation">
               </Test>
               <Test
                  Identifier = "ATLConversationViewControllerTest/testToVerifyRecievedMessageAppearsInConversationView">
               </Test>
               <Test
                  Identifier = "ATLConversationViewControllerTest/testToVerifyReloadingCellsForMutlitpleMessagesDoesNotRaise">
               </Test>
               <Test
                  Identifier = "ATLConversationViewControllerTest/testToVerifySenderNameIsDisplayedInGroupConversation">
               </Test>
               <Test
                  Identifier = "ATLConversationViewControllerTest/testToVerifySendingWhitespaceDoesNotSendLocation">
               </Test>
               <Test
                  Identifier = "ATLConversationViewControllerTest/testToVerifySentImageAppearsInConversationView">
               </Test>
               <Test
                  Identifier = "ATLConversationViewControllerTest/testToVerifySentMessageAppearsInConversationView">
               </Test>
               <Test
                  Identifier = "ATLConversationViewControllerTest/testToVerifyTextMessagePartDataIsHydratedAfterMessageSend">
               </Test>
               <Test
                  Identifier = "ATLConversationViewControllerTest/testToVerifyUserAvatarImageIsDisplayed">
               </Test>
               <Test
                  Identifier = "ATLConversationViewControllerTest/testToVerityControllerDisplaysCorrectDataFromTheDataSource">
               </Test>
               <Test
                  Identifier = "ATLConversationViewControllerTest/testtoVerifyReloadingCellsDuringQueryControllerAnimationDoesNotRaise">
               </Test>
               <Test
                  Identifier = "ATLMessageCollectionViewCellTest/testToVerifyAvatarImageBackgroundColor">
               </Test>
               <Test
                  Identifier = "ATLMessageCollectionViewCellTest/testToVerifyAvatarImageDiameter">
               </Test>
               <Test
                  Identifier = "ATLMessageCollectionViewCellTest/testToVerifyIncomingCustomBubbleViewColor">
               </Test>
               <Test
                  Identifier = "ATLMessageCollectionViewCellTest/testToVerifyIncomingCustomBubbleViewCornerRadius">
               </Test>
               <Test
                  Identifier = "ATLMessageCollectionViewCellTest/testToVerifyIncomingCustomMessageLinkTextColor">
               </Test>
               <Test
                  Identifier = "ATLMessageCollectionViewCellTest/testToVerifyIncomingCustomMessageTextColor">
               </Test>
               <Test
                  Identifier = "ATLMessageCollectionViewCellTest/testToVerifyIncomingCustomMessageTextFont">
               </Test>
               <Test
                  Identifier = "ATLMessageCollectionViewCellTest/testToVerifyOutgoingCustomBubbleViewColor">
               </Test>
               <Test
                  Identifier = "ATLMessageCollectionViewCellTest/testToVerifyOutgoingCustomBubbleViewCornerRadius">
               </Test>
               <Test
                  Identifier = "ATLMessageCollectionViewCellTest/testToVerifyOutgoingCustomMessageLinkTextColor">
               </Test>
               <Test
                  Identifier = "ATLMessageCollectionViewCellTest/testToVerifyOutgoingCustomMessageTextColor">
               </Test>
               <Test
                  Identifier = "ATLMessageCollectionViewCellTest/testToVerifyOutgoingCustomMessageTextFont">
               </Test>
               <Test
                  Identifier = "ATLMessageCollectionViewCellTest/testToVerifyTextCheckingTypeLink">
               </Test>
               <Test
                  Identifier = "ATLMessageInputBarTest/testToVerifyRightAcccessoryButtonEnablementWithoutImage">
               </Test>
               <Test
                  Identifier = "ATLMessageInputBarTest/testToVerifySelectingAndRemovingAnImageKeepsFontConsistent">
               </Test>
               <Test
                  Identifier = "ATLMessageInputBarTest/testToVerifyToVerifyTextChangesLocationButtonToSendButton">
               </Test>
               <Test
                  Identifier = "ATLParticipantTableViewControllerTest/testToVerifYSearchForUnknownParticipantDoesNotDisplayResult">
               </Test>
               <Test
                  Identifier = "ATLParticipantTableViewControllerTest/testToVerifyChangingCellClassAfterViewLoadRaiseException">
               </Test>
               <Test
                  Identifier = "ATLParticipantTableViewControllerTest/testToVerifyChangingRowHeightAfterViewLoadRaiseException">
               </Test>
               <Test
                  Identifier = "ATLParticipantTableViewControllerTest/testToVerifyColorAndFontChangeFunctionality">
               </Test>
               <Test
                  Identifier = "ATLParticipantTableViewControllerTest/testToVerifyCustomCellClassFunctionality">
               </Test>
               <Test
                  Identifier = "ATLParticipantTableViewControllerTest/testToVerifyCustomRowHeightFunctionality">
               </Test>
               <Test
                  Identifier = "ATLParticipantTableViewControllerTest/testToVerifyListOfContactsDisplaysAppropriately">
               </Test>
               <Test
                  Identifier = "ATLParticipantTableViewControllerTest/testToVerifyParticipantPickerDelegateFunctionalityForCancelButton">
               </Test>
               <Test
                  Identifier = "ATLParticipantTableViewControllerTest/testToVerifySearchForKnownParticipantDisplaysIntendedResult">
               </Test>
               <Test
                  Identifier = "ATLParticipantTableViewControllerTest/testToVerifySectionTextPropertyFunctionality">
               </Test>
               <Test
                  Identifier = "ATLParticipantTableViewControllerTest/testtoVerifyParticipantPickerDelegateFunctionalityForParticipantSelection">
               </Test>
               <Test
                  Identifier = "LYRParticipantTableViewCellTest/testToVeifyCustomHeaderFont">
               </Test>
               <Test
                  Identifier = "LYRParticipantTableViewCellTest/testToVerifyCustomBackgroundColor">
               </Test>
               <Test
                  Identifier = "LYRParticipantTableViewCellTest/testToVerifyCustomBoldFont">
               </Test>
               <Test
                  Identifier = "LYRParticipantTableViewCellTest/testToVerifyCustomFont">
               </Test>
               <Test
                  Identifier = "LYRParticipantTableViewCellTest/testToVerifyCustomHeaderTextColor">
               </Test>
               <Test
                  Identifier = "LYRParticipantTableViewCellTest/testToVerifyCustomTextColor">
               </Test>
            </SkippedTests>
         </TestableReference>
      </Testables>
      <MacroExpansion>
         <BuildableReference
            BuildableIdentifier = "primary"
            BlueprintIdentifier = "D6F57E531A8BE4B500B62BD9"
            BuildableName = "Storyboard.app"
            BlueprintName = "Storyboard"
            ReferencedContainer = "container:Atlas.xcodeproj">
         </BuildableReference>
      </MacroExpansion>
      <AdditionalOptions>
      </AdditionalOptions>
   </TestAction>
   <LaunchAction
      buildConfiguration = "Debug"
      selectedDebuggerIdentifier = "Xcode.DebuggerFoundation.Debugger.LLDB"
      selectedLauncherIdentifier = "Xcode.DebuggerFoundation.Launcher.LLDB"
      launchStyle = "0"
      useCustomWorkingDirectory = "NO"
      ignoresPersistentStateOnLaunch = "NO"
      debugDocumentVersioning = "YES"
      debugServiceExtension = "internal"
      allowLocationSimulation = "YES">
      <BuildableProductRunnable
         runnableDebuggingMode = "0">
         <BuildableReference
            BuildableIdentifier = "primary"
            BlueprintIdentifier = "D6F57E531A8BE4B500B62BD9"
            BuildableName = "Storyboard.app"
            BlueprintName = "Storyboard"
            ReferencedContainer = "container:Atlas.xcodeproj">
         </BuildableReference>
      </BuildableProductRunnable>
      <AdditionalOptions>
      </AdditionalOptions>
   </LaunchAction>
   <ProfileAction
      buildConfiguration = "Release"
      shouldUseLaunchSchemeArgsEnv = "YES"
      savedToolIdentifier = ""
      useCustomWorkingDirectory = "NO"
      debugDocumentVersioning = "YES">
      <BuildableProductRunnable
         runnableDebuggingMode = "0">
         <BuildableReference
            BuildableIdentifier = "primary"
            BlueprintIdentifier = "D6F57E531A8BE4B500B62BD9"
            BuildableName = "Storyboard.app"
            BlueprintName = "Storyboard"
            ReferencedContainer = "container:Atlas.xcodeproj">
         </BuildableReference>
      </BuildableProductRunnable>
   </ProfileAction>
   <AnalyzeAction
      buildConfiguration = "Debug">
   </AnalyzeAction>
   <ArchiveAction
      buildConfiguration = "Release"
      revealArchiveInOrganizer = "YES">
   </ArchiveAction>
</Scheme>
