// !$*UTF8*$!
{
	archiveVersion = 1;
	classes = {
	};
	objectVersion = 46;
	objects = {

/* Begin PBXBuildFile section */
		40EBBF671E9D4C2300C25041 /* ATLAvatarViewTest.m in Sources */ = {isa = PBXBuildFile; fileRef = 40EBBF651E9D4C1B00C25041 /* ATLAvatarViewTest.m */; };
		40EBBF681E9D4C2400C25041 /* ATLAvatarViewTest.m in Sources */ = {isa = PBXBuildFile; fileRef = 40EBBF651E9D4C1B00C25041 /* ATLAvatarViewTest.m */; };
		58239E45B91E3CD954E75554 /* Pods_test_ProgrammaticTests.framework in Frameworks */ = {isa = PBXBuildFile; fileRef = D8050D6CFBC2EA1D5D6B800A /* Pods_test_ProgrammaticTests.framework */; };
		5A86A2D11B82BB11005AF74B /* ATLMessageCollectionViewCellTests.m in Sources */ = {isa = PBXBuildFile; fileRef = 5A86A2D01B82BB11005AF74B /* ATLMessageCollectionViewCellTests.m */; };
		5A86A2D21B82BB11005AF74B /* ATLMessageCollectionViewCellTests.m in Sources */ = {isa = PBXBuildFile; fileRef = 5A86A2D01B82BB11005AF74B /* ATLMessageCollectionViewCellTests.m */; };
		5AEFC5CB1B79834300ADE4EC /* boatgif.gif in Resources */ = {isa = PBXBuildFile; fileRef = 5AEFC5CA1B79834300ADE4EC /* boatgif.gif */; };
		5AEFC5CC1B79834300ADE4EC /* boatgif.gif in Resources */ = {isa = PBXBuildFile; fileRef = 5AEFC5CA1B79834300ADE4EC /* boatgif.gif */; };
		5AF32FD31AA59C39005C13D7 /* ATLUserMockTest.m in Sources */ = {isa = PBXBuildFile; fileRef = 5AF32FD21AA59C39005C13D7 /* ATLUserMockTest.m */; };
		7858B61F1CE54BBE007795AB /* block.png in Resources */ = {isa = PBXBuildFile; fileRef = 7858B60C1CE54BBE007795AB /* block.png */; };
		7858B6201CE54BBE007795AB /* block.png in Resources */ = {isa = PBXBuildFile; fileRef = 7858B60C1CE54BBE007795AB /* block.png */; };
		7858B6221CE54BBE007795AB /* block@2x.png in Resources */ = {isa = PBXBuildFile; fileRef = 7858B60D1CE54BBE007795AB /* block@2x.png */; };
		7858B6231CE54BBE007795AB /* block@2x.png in Resources */ = {isa = PBXBuildFile; fileRef = 7858B60D1CE54BBE007795AB /* block@2x.png */; };
		7858B6251CE54BBE007795AB /* block@3x.png in Resources */ = {isa = PBXBuildFile; fileRef = 7858B60E1CE54BBE007795AB /* block@3x.png */; };
		7858B6261CE54BBE007795AB /* block@3x.png in Resources */ = {isa = PBXBuildFile; fileRef = 7858B60E1CE54BBE007795AB /* block@3x.png */; };
		7858B6281CE54BBE007795AB /* camera_dark.png in Resources */ = {isa = PBXBuildFile; fileRef = 7858B60F1CE54BBE007795AB /* camera_dark.png */; };
		7858B6291CE54BBE007795AB /* camera_dark.png in Resources */ = {isa = PBXBuildFile; fileRef = 7858B60F1CE54BBE007795AB /* camera_dark.png */; };
		7858B62B1CE54BBE007795AB /* camera_dark@2x.png in Resources */ = {isa = PBXBuildFile; fileRef = 7858B6101CE54BBE007795AB /* camera_dark@2x.png */; };
		7858B62C1CE54BBE007795AB /* camera_dark@2x.png in Resources */ = {isa = PBXBuildFile; fileRef = 7858B6101CE54BBE007795AB /* camera_dark@2x.png */; };
		7858B62E1CE54BBE007795AB /* camera_dark@3x.png in Resources */ = {isa = PBXBuildFile; fileRef = 7858B6111CE54BBE007795AB /* camera_dark@3x.png */; };
		7858B62F1CE54BBE007795AB /* camera_dark@3x.png in Resources */ = {isa = PBXBuildFile; fileRef = 7858B6111CE54BBE007795AB /* camera_dark@3x.png */; };
		7858B6311CE54BBE007795AB /* chevron.png in Resources */ = {isa = PBXBuildFile; fileRef = 7858B6121CE54BBE007795AB /* chevron.png */; };
		7858B6321CE54BBE007795AB /* chevron.png in Resources */ = {isa = PBXBuildFile; fileRef = 7858B6121CE54BBE007795AB /* chevron.png */; };
		7858B6341CE54BBE007795AB /* chevron@2x.png in Resources */ = {isa = PBXBuildFile; fileRef = 7858B6131CE54BBE007795AB /* chevron@2x.png */; };
		7858B6351CE54BBE007795AB /* chevron@2x.png in Resources */ = {isa = PBXBuildFile; fileRef = 7858B6131CE54BBE007795AB /* chevron@2x.png */; };
		7858B6371CE54BBE007795AB /* chevron@3x.png in Resources */ = {isa = PBXBuildFile; fileRef = 7858B6141CE54BBE007795AB /* chevron@3x.png */; };
		7858B6381CE54BBE007795AB /* chevron@3x.png in Resources */ = {isa = PBXBuildFile; fileRef = 7858B6141CE54BBE007795AB /* chevron@3x.png */; };
		7858B63A1CE54BBE007795AB /* layerbell.caf in Resources */ = {isa = PBXBuildFile; fileRef = 7858B6151CE54BBE007795AB /* layerbell.caf */; };
		7858B63B1CE54BBE007795AB /* layerbell.caf in Resources */ = {isa = PBXBuildFile; fileRef = 7858B6151CE54BBE007795AB /* layerbell.caf */; };
		7858B63D1CE54BBE007795AB /* layerLogo.png in Resources */ = {isa = PBXBuildFile; fileRef = 7858B6161CE54BBE007795AB /* layerLogo.png */; };
		7858B63E1CE54BBE007795AB /* layerLogo.png in Resources */ = {isa = PBXBuildFile; fileRef = 7858B6161CE54BBE007795AB /* layerLogo.png */; };
		7858B6401CE54BBE007795AB /* layerLogo@2x.png in Resources */ = {isa = PBXBuildFile; fileRef = 7858B6171CE54BBE007795AB /* layerLogo@2x.png */; };
		7858B6411CE54BBE007795AB /* layerLogo@2x.png in Resources */ = {isa = PBXBuildFile; fileRef = 7858B6171CE54BBE007795AB /* layerLogo@2x.png */; };
		7858B6431CE54BBE007795AB /* layerLogo@3x.png in Resources */ = {isa = PBXBuildFile; fileRef = 7858B6181CE54BBE007795AB /* layerLogo@3x.png */; };
		7858B6441CE54BBE007795AB /* layerLogo@3x.png in Resources */ = {isa = PBXBuildFile; fileRef = 7858B6181CE54BBE007795AB /* layerLogo@3x.png */; };
		7858B6461CE54BBE007795AB /* location_dark.png in Resources */ = {isa = PBXBuildFile; fileRef = 7858B6191CE54BBE007795AB /* location_dark.png */; };
		7858B6471CE54BBE007795AB /* location_dark.png in Resources */ = {isa = PBXBuildFile; fileRef = 7858B6191CE54BBE007795AB /* location_dark.png */; };
		7858B6491CE54BBE007795AB /* location_dark@2x.png in Resources */ = {isa = PBXBuildFile; fileRef = 7858B61A1CE54BBE007795AB /* location_dark@2x.png */; };
		7858B64A1CE54BBE007795AB /* location_dark@2x.png in Resources */ = {isa = PBXBuildFile; fileRef = 7858B61A1CE54BBE007795AB /* location_dark@2x.png */; };
		7858B64C1CE54BBE007795AB /* location_dark@3x.png in Resources */ = {isa = PBXBuildFile; fileRef = 7858B61B1CE54BBE007795AB /* location_dark@3x.png */; };
		7858B64D1CE54BBE007795AB /* location_dark@3x.png in Resources */ = {isa = PBXBuildFile; fileRef = 7858B61B1CE54BBE007795AB /* location_dark@3x.png */; };
		7858B64F1CE54BBE007795AB /* plus.png in Resources */ = {isa = PBXBuildFile; fileRef = 7858B61C1CE54BBE007795AB /* plus.png */; };
		7858B6501CE54BBE007795AB /* plus.png in Resources */ = {isa = PBXBuildFile; fileRef = 7858B61C1CE54BBE007795AB /* plus.png */; };
		7858B6521CE54BBE007795AB /* plus@2x.png in Resources */ = {isa = PBXBuildFile; fileRef = 7858B61D1CE54BBE007795AB /* plus@2x.png */; };
		7858B6531CE54BBE007795AB /* plus@2x.png in Resources */ = {isa = PBXBuildFile; fileRef = 7858B61D1CE54BBE007795AB /* plus@2x.png */; };
		7858B6551CE54BBE007795AB /* plus@3x.png in Resources */ = {isa = PBXBuildFile; fileRef = 7858B61E1CE54BBE007795AB /* plus@3x.png */; };
		7858B6561CE54BBE007795AB /* plus@3x.png in Resources */ = {isa = PBXBuildFile; fileRef = 7858B61E1CE54BBE007795AB /* plus@3x.png */; };
		8F5A8821F40061D9FC6CBB4F /* Pods_UnitTests.framework in Frameworks */ = {isa = PBXBuildFile; fileRef = 1886043CF840E83E9A77B78B /* Pods_UnitTests.framework */; };
		917DFA240CA4D2A4EFD8C2DF /* Pods_test_StoryboardTests.framework in Frameworks */ = {isa = PBXBuildFile; fileRef = 62363A00A270318F0E8C0C38 /* Pods_test_StoryboardTests.framework */; };
		D0294DE71A93F37A00702856 /* Info.plist in Resources */ = {isa = PBXBuildFile; fileRef = D0294DE61A93F37A00702856 /* Info.plist */; };
		D0294DE81A93F39300702856 /* ATLMediaStreamTests.m in Sources */ = {isa = PBXBuildFile; fileRef = D0294DE41A93F37000702856 /* ATLMediaStreamTests.m */; };
		D02CDCDB1A9FFC930013CBE8 /* ATLTestUtilities.m in Sources */ = {isa = PBXBuildFile; fileRef = D02CDCDA1A9FFC930013CBE8 /* ATLTestUtilities.m */; };
		D02CDCDC1A9FFC930013CBE8 /* ATLTestUtilities.m in Sources */ = {isa = PBXBuildFile; fileRef = D02CDCDA1A9FFC930013CBE8 /* ATLTestUtilities.m */; };
		D02CDCDD1A9FFC930013CBE8 /* ATLTestUtilities.m in Sources */ = {isa = PBXBuildFile; fileRef = D02CDCDA1A9FFC930013CBE8 /* ATLTestUtilities.m */; };
		D04517141A9F9A0C00E137D9 /* ATLMediaAttachmentTests.m in Sources */ = {isa = PBXBuildFile; fileRef = D04517131A9F9A0C00E137D9 /* ATLMediaAttachmentTests.m */; };
		D63C68E11A94250000D235D5 /* test-logo.png in Resources */ = {isa = PBXBuildFile; fileRef = D63C68DF1A94250000D235D5 /* test-logo.png */; };
		D6A122B51A9D2CA2004F67BE /* ATLTestClasses.m in Sources */ = {isa = PBXBuildFile; fileRef = D6F4060A1A8FDEEB00AE9581 /* ATLTestClasses.m */; };
		D6A122B61A9D2CA2004F67BE /* ATLTestInterface.m in Sources */ = {isa = PBXBuildFile; fileRef = D6F4060C1A8FDEEB00AE9581 /* ATLTestInterface.m */; };
		D6A122B71A9D2CA2004F67BE /* LYRClientMockTests.m in Sources */ = {isa = PBXBuildFile; fileRef = D6F4060D1A8FDEEB00AE9581 /* LYRClientMockTests.m */; };
		D6A122B81A9D2CA2004F67BE /* ATLConversationTableViewCellTest.m in Sources */ = {isa = PBXBuildFile; fileRef = D6F406021A8FDEEB00AE9581 /* ATLConversationTableViewCellTest.m */; };
		D6A122B91A9D2CA2004F67BE /* ATLMessageCollectionViewCellTest.m in Sources */ = {isa = PBXBuildFile; fileRef = D6F406041A8FDEEB00AE9581 /* ATLMessageCollectionViewCellTest.m */; };
		D6A122BA1A9D2CA2004F67BE /* ATLParticipantTableViewCellTest.m in Sources */ = {isa = PBXBuildFile; fileRef = D6F406081A8FDEEB00AE9581 /* ATLParticipantTableViewCellTest.m */; };
		D6A122BB1A9D2CA2004F67BE /* ATLConversationListViewControllerTest.m in Sources */ = {isa = PBXBuildFile; fileRef = D6F406011A8FDEEB00AE9581 /* ATLConversationListViewControllerTest.m */; };
		D6A122BC1A9D2CA2004F67BE /* ATLConversationViewControllerTest.m in Sources */ = {isa = PBXBuildFile; fileRef = D6F406031A8FDEEB00AE9581 /* ATLConversationViewControllerTest.m */; };
		D6A122BD1A9D2CA2004F67BE /* ATLMessageInputBarTest.m in Sources */ = {isa = PBXBuildFile; fileRef = D6F406051A8FDEEB00AE9581 /* ATLMessageInputBarTest.m */; };
		D6A122BE1A9D2CA2004F67BE /* ATLParticipantTableViewControllerTest.m in Sources */ = {isa = PBXBuildFile; fileRef = D6F406071A8FDEEB00AE9581 /* ATLParticipantTableViewControllerTest.m */; };
		D6A122BF1A9D2CA2004F67BE /* ALTAddressBarControllerTest.m in Sources */ = {isa = PBXBuildFile; fileRef = D6C0454E1A9953C70028E9D0 /* ALTAddressBarControllerTest.m */; };
		D6C045451A9914090028E9D0 /* ProgrammaticAppDelegate.m in Sources */ = {isa = PBXBuildFile; fileRef = D6C045441A9914080028E9D0 /* ProgrammaticAppDelegate.m */; };
		D6C0454B1A9941CD0028E9D0 /* test-logo.png in Resources */ = {isa = PBXBuildFile; fileRef = D63C68DF1A94250000D235D5 /* test-logo.png */; };
		D6C0454F1A9953C70028E9D0 /* ALTAddressBarControllerTest.m in Sources */ = {isa = PBXBuildFile; fileRef = D6C0454E1A9953C70028E9D0 /* ALTAddressBarControllerTest.m */; };
		D6D48F851A9D140F00C8872E /* LYRClientMock.m in Sources */ = {isa = PBXBuildFile; fileRef = D6F405B71A8FDDE300AE9581 /* LYRClientMock.m */; };
		D6D48F861A9D140F00C8872E /* LYRConversationMock.m in Sources */ = {isa = PBXBuildFile; fileRef = D6F405B91A8FDDE300AE9581 /* LYRConversationMock.m */; };
		D6D48F871A9D140F00C8872E /* LYRMessageMock.m in Sources */ = {isa = PBXBuildFile; fileRef = D6F405BB1A8FDDE300AE9581 /* LYRMessageMock.m */; };
		D6D48F881A9D140F00C8872E /* LYRMessagePartMock.m in Sources */ = {isa = PBXBuildFile; fileRef = D6F405BD1A8FDDE300AE9581 /* LYRMessagePartMock.m */; };
		D6D48F891A9D140F00C8872E /* LYRMockContentStore.m in Sources */ = {isa = PBXBuildFile; fileRef = D6F405BF1A8FDDE300AE9581 /* LYRMockContentStore.m */; };
		D6D48F8A1A9D140F00C8872E /* LYRQueryControllerMock.m in Sources */ = {isa = PBXBuildFile; fileRef = D6F405C11A8FDDE300AE9581 /* LYRQueryControllerMock.m */; };
		D6D48F8B1A9D140F00C8872E /* ATLUserMock.m in Sources */ = {isa = PBXBuildFile; fileRef = D6F405C31A8FDDE300AE9581 /* ATLUserMock.m */; };
		D6D48F8C1A9D140F00C8872E /* ATLSampleConversationAvatarItem.m in Sources */ = {isa = PBXBuildFile; fileRef = D6F405A81A8FDDAA00AE9581 /* ATLSampleConversationAvatarItem.m */; };
		D6D48F8D1A9D140F00C8872E /* ATLSampleConversationListViewController.m in Sources */ = {isa = PBXBuildFile; fileRef = D6F405AA1A8FDDAA00AE9581 /* ATLSampleConversationListViewController.m */; };
		D6D48F8E1A9D140F00C8872E /* ATLSampleConversationViewController.m in Sources */ = {isa = PBXBuildFile; fileRef = D6F405AC1A8FDDAA00AE9581 /* ATLSampleConversationViewController.m */; };
		D6D48F8F1A9D140F00C8872E /* ATLSampleParticipantTableViewController.m in Sources */ = {isa = PBXBuildFile; fileRef = D6F405AE1A8FDDAA00AE9581 /* ATLSampleParticipantTableViewController.m */; };
		D6D48F901A9D159000C8872E /* main.m in Sources */ = {isa = PBXBuildFile; fileRef = D6F405D41A8FDE1B00AE9581 /* main.m */; };
		D6D48F921A9D165600C8872E /* Atlas.storyboard in Resources */ = {isa = PBXBuildFile; fileRef = D6F405CC1A8FDE1B00AE9581 /* Atlas.storyboard */; };
		D6F405AF1A8FDDAA00AE9581 /* ATLSampleConversationAvatarItem.m in Sources */ = {isa = PBXBuildFile; fileRef = D6F405A81A8FDDAA00AE9581 /* ATLSampleConversationAvatarItem.m */; };
		D6F405B01A8FDDAA00AE9581 /* ATLSampleConversationListViewController.m in Sources */ = {isa = PBXBuildFile; fileRef = D6F405AA1A8FDDAA00AE9581 /* ATLSampleConversationListViewController.m */; };
		D6F405B11A8FDDAA00AE9581 /* ATLSampleConversationViewController.m in Sources */ = {isa = PBXBuildFile; fileRef = D6F405AC1A8FDDAA00AE9581 /* ATLSampleConversationViewController.m */; };
		D6F405B21A8FDDAA00AE9581 /* ATLSampleParticipantTableViewController.m in Sources */ = {isa = PBXBuildFile; fileRef = D6F405AE1A8FDDAA00AE9581 /* ATLSampleParticipantTableViewController.m */; };
		D6F405C51A8FDDE300AE9581 /* LYRClientMock.m in Sources */ = {isa = PBXBuildFile; fileRef = D6F405B71A8FDDE300AE9581 /* LYRClientMock.m */; };
		D6F405C61A8FDDE300AE9581 /* LYRConversationMock.m in Sources */ = {isa = PBXBuildFile; fileRef = D6F405B91A8FDDE300AE9581 /* LYRConversationMock.m */; };
		D6F405C71A8FDDE300AE9581 /* LYRMessageMock.m in Sources */ = {isa = PBXBuildFile; fileRef = D6F405BB1A8FDDE300AE9581 /* LYRMessageMock.m */; };
		D6F405C81A8FDDE300AE9581 /* LYRMessagePartMock.m in Sources */ = {isa = PBXBuildFile; fileRef = D6F405BD1A8FDDE300AE9581 /* LYRMessagePartMock.m */; };
		D6F405C91A8FDDE300AE9581 /* LYRMockContentStore.m in Sources */ = {isa = PBXBuildFile; fileRef = D6F405BF1A8FDDE300AE9581 /* LYRMockContentStore.m */; };
		D6F405CA1A8FDDE300AE9581 /* LYRQueryControllerMock.m in Sources */ = {isa = PBXBuildFile; fileRef = D6F405C11A8FDDE300AE9581 /* LYRQueryControllerMock.m */; };
		D6F405CB1A8FDDE300AE9581 /* ATLUserMock.m in Sources */ = {isa = PBXBuildFile; fileRef = D6F405C31A8FDDE300AE9581 /* ATLUserMock.m */; };
		D6F405E71A8FDE3900AE9581 /* Images.xcassets in Resources */ = {isa = PBXBuildFile; fileRef = D6F405E21A8FDE3900AE9581 /* Images.xcassets */; };
		D6F405E91A8FDE3900AE9581 /* main.m in Sources */ = {isa = PBXBuildFile; fileRef = D6F405E41A8FDE3900AE9581 /* main.m */; };
		D6F406261A8FDF5900AE9581 /* StoryboardAppDelegate.m in Sources */ = {isa = PBXBuildFile; fileRef = D6F405D61A8FDE1B00AE9581 /* StoryboardAppDelegate.m */; };
		D6F4062C1A8FE28000AE9581 /* ATLConversationListViewControllerTest.m in Sources */ = {isa = PBXBuildFile; fileRef = D6F406011A8FDEEB00AE9581 /* ATLConversationListViewControllerTest.m */; };
		D6F4062D1A8FE28000AE9581 /* ATLConversationTableViewCellTest.m in Sources */ = {isa = PBXBuildFile; fileRef = D6F406021A8FDEEB00AE9581 /* ATLConversationTableViewCellTest.m */; };
		D6F4062E1A8FE28000AE9581 /* ATLConversationViewControllerTest.m in Sources */ = {isa = PBXBuildFile; fileRef = D6F406031A8FDEEB00AE9581 /* ATLConversationViewControllerTest.m */; };
		D6F4062F1A8FE28000AE9581 /* ATLMessageCollectionViewCellTest.m in Sources */ = {isa = PBXBuildFile; fileRef = D6F406041A8FDEEB00AE9581 /* ATLMessageCollectionViewCellTest.m */; };
		D6F406301A8FE28000AE9581 /* ATLMessageInputBarTest.m in Sources */ = {isa = PBXBuildFile; fileRef = D6F406051A8FDEEB00AE9581 /* ATLMessageInputBarTest.m */; };
		D6F406321A8FE28000AE9581 /* ATLParticipantTableViewControllerTest.m in Sources */ = {isa = PBXBuildFile; fileRef = D6F406071A8FDEEB00AE9581 /* ATLParticipantTableViewControllerTest.m */; };
		D6F406331A8FE28000AE9581 /* ATLParticipantTableViewCellTest.m in Sources */ = {isa = PBXBuildFile; fileRef = D6F406081A8FDEEB00AE9581 /* ATLParticipantTableViewCellTest.m */; };
		D6F406341A8FE28600AE9581 /* ATLTestClasses.m in Sources */ = {isa = PBXBuildFile; fileRef = D6F4060A1A8FDEEB00AE9581 /* ATLTestClasses.m */; };
		D6F406351A8FE28900AE9581 /* LYRClientMockTests.m in Sources */ = {isa = PBXBuildFile; fileRef = D6F4060D1A8FDEEB00AE9581 /* LYRClientMockTests.m */; };
		D6F406361A8FE28C00AE9581 /* ATLTestInterface.m in Sources */ = {isa = PBXBuildFile; fileRef = D6F4060C1A8FDEEB00AE9581 /* ATLTestInterface.m */; };
		D8F526991CE2AE4E45DA34DB /* Pods_Storyboard.framework in Frameworks */ = {isa = PBXBuildFile; fileRef = 921B2F42195B3C5F0569C57B /* Pods_Storyboard.framework */; };
		D9D282D2BB1B4AD3789CDAFE /* Pods_Programmatic.framework in Frameworks */ = {isa = PBXBuildFile; fileRef = B085A18188DCFC913F85665D /* Pods_Programmatic.framework */; };
/* End PBXBuildFile section */

/* Begin PBXContainerItemProxy section */
		D6F57E431A8BE4AF00B62BD9 /* PBXContainerItemProxy */ = {
			isa = PBXContainerItemProxy;
			containerPortal = D0D778891A02E2B2000A5F51 /* Project object */;
			proxyType = 1;
			remoteGlobalIDString = D6F57E291A8BE4AF00B62BD9;
			remoteInfo = Programmatic;
		};
		D6F57E6D1A8BE4B600B62BD9 /* PBXContainerItemProxy */ = {
			isa = PBXContainerItemProxy;
			containerPortal = D0D778891A02E2B2000A5F51 /* Project object */;
			proxyType = 1;
			remoteGlobalIDString = D6F57E531A8BE4B500B62BD9;
			remoteInfo = Storyboard;
		};
/* End PBXContainerItemProxy section */

/* Begin PBXFileReference section */
		1886043CF840E83E9A77B78B /* Pods_UnitTests.framework */ = {isa = PBXFileReference; explicitFileType = wrapper.framework; includeInIndex = 0; path = Pods_UnitTests.framework; sourceTree = BUILT_PRODUCTS_DIR; };
		250C5EF21C7656610084EB18 /* LayerKit.framework */ = {isa = PBXFileReference; lastKnownFileType = wrapper.framework; name = LayerKit.framework; path = Carthage/Build/iOS/LayerKit.framework; sourceTree = "<group>"; };
		34C06B1C4F6FE86629A3C050 /* Pods-test-ProgrammaticTests.release.xcconfig */ = {isa = PBXFileReference; includeInIndex = 1; lastKnownFileType = text.xcconfig; name = "Pods-test-ProgrammaticTests.release.xcconfig"; path = "Pods/Target Support Files/Pods-test-ProgrammaticTests/Pods-test-ProgrammaticTests.release.xcconfig"; sourceTree = "<group>"; };
		40EBBF651E9D4C1B00C25041 /* ATLAvatarViewTest.m */ = {isa = PBXFileReference; fileEncoding = 4; lastKnownFileType = sourcecode.c.objc; path = ATLAvatarViewTest.m; sourceTree = "<group>"; };
		4160065E3D4E4D6CA1EF3F99 /* Pods-Storyboard.debug.xcconfig */ = {isa = PBXFileReference; includeInIndex = 1; lastKnownFileType = text.xcconfig; name = "Pods-Storyboard.debug.xcconfig"; path = "Pods/Target Support Files/Pods-Storyboard/Pods-Storyboard.debug.xcconfig"; sourceTree = "<group>"; };
		5A86A2D01B82BB11005AF74B /* ATLMessageCollectionViewCellTests.m */ = {isa = PBXFileReference; fileEncoding = 4; lastKnownFileType = sourcecode.c.objc; name = ATLMessageCollectionViewCellTests.m; path = Tests/ATLMessageCollectionViewCellTests.m; sourceTree = "<group>"; };
		5AEFC5CA1B79834300ADE4EC /* boatgif.gif */ = {isa = PBXFileReference; lastKnownFileType = image.gif; path = boatgif.gif; sourceTree = "<group>"; };
		5AF32FD21AA59C39005C13D7 /* ATLUserMockTest.m */ = {isa = PBXFileReference; fileEncoding = 4; lastKnownFileType = sourcecode.c.objc; path = ATLUserMockTest.m; sourceTree = "<group>"; };
		5BDC513D0E932968078A69D7 /* Pods-Programmatic.release.xcconfig */ = {isa = PBXFileReference; includeInIndex = 1; lastKnownFileType = text.xcconfig; name = "Pods-Programmatic.release.xcconfig"; path = "Pods/Target Support Files/Pods-Programmatic/Pods-Programmatic.release.xcconfig"; sourceTree = "<group>"; };
		5DE31FA9B1906CEA04D0C891 /* Pods.framework */ = {isa = PBXFileReference; explicitFileType = wrapper.framework; includeInIndex = 0; path = Pods.framework; sourceTree = BUILT_PRODUCTS_DIR; };
		62363A00A270318F0E8C0C38 /* Pods_test_StoryboardTests.framework */ = {isa = PBXFileReference; explicitFileType = wrapper.framework; includeInIndex = 0; path = Pods_test_StoryboardTests.framework; sourceTree = BUILT_PRODUCTS_DIR; };
		7858B60C1CE54BBE007795AB /* block.png */ = {isa = PBXFileReference; lastKnownFileType = image.png; name = block.png; path = Resources/block.png; sourceTree = "<group>"; };
		7858B60D1CE54BBE007795AB /* block@2x.png */ = {isa = PBXFileReference; lastKnownFileType = image.png; name = "block@2x.png"; path = "Resources/block@2x.png"; sourceTree = "<group>"; };
		7858B60E1CE54BBE007795AB /* block@3x.png */ = {isa = PBXFileReference; lastKnownFileType = image.png; name = "block@3x.png"; path = "Resources/block@3x.png"; sourceTree = "<group>"; };
		7858B60F1CE54BBE007795AB /* camera_dark.png */ = {isa = PBXFileReference; lastKnownFileType = image.png; name = camera_dark.png; path = Resources/camera_dark.png; sourceTree = "<group>"; };
		7858B6101CE54BBE007795AB /* camera_dark@2x.png */ = {isa = PBXFileReference; lastKnownFileType = image.png; name = "camera_dark@2x.png"; path = "Resources/camera_dark@2x.png"; sourceTree = "<group>"; };
		7858B6111CE54BBE007795AB /* camera_dark@3x.png */ = {isa = PBXFileReference; lastKnownFileType = image.png; name = "camera_dark@3x.png"; path = "Resources/camera_dark@3x.png"; sourceTree = "<group>"; };
		7858B6121CE54BBE007795AB /* chevron.png */ = {isa = PBXFileReference; lastKnownFileType = image.png; name = chevron.png; path = Resources/chevron.png; sourceTree = "<group>"; };
		7858B6131CE54BBE007795AB /* chevron@2x.png */ = {isa = PBXFileReference; lastKnownFileType = image.png; name = "chevron@2x.png"; path = "Resources/chevron@2x.png"; sourceTree = "<group>"; };
		7858B6141CE54BBE007795AB /* chevron@3x.png */ = {isa = PBXFileReference; lastKnownFileType = image.png; name = "chevron@3x.png"; path = "Resources/chevron@3x.png"; sourceTree = "<group>"; };
		7858B6151CE54BBE007795AB /* layerbell.caf */ = {isa = PBXFileReference; lastKnownFileType = file; name = layerbell.caf; path = Resources/layerbell.caf; sourceTree = "<group>"; };
		7858B6161CE54BBE007795AB /* layerLogo.png */ = {isa = PBXFileReference; lastKnownFileType = image.png; name = layerLogo.png; path = Resources/layerLogo.png; sourceTree = "<group>"; };
		7858B6171CE54BBE007795AB /* layerLogo@2x.png */ = {isa = PBXFileReference; lastKnownFileType = image.png; name = "layerLogo@2x.png"; path = "Resources/layerLogo@2x.png"; sourceTree = "<group>"; };
		7858B6181CE54BBE007795AB /* layerLogo@3x.png */ = {isa = PBXFileReference; lastKnownFileType = image.png; name = "layerLogo@3x.png"; path = "Resources/layerLogo@3x.png"; sourceTree = "<group>"; };
		7858B6191CE54BBE007795AB /* location_dark.png */ = {isa = PBXFileReference; lastKnownFileType = image.png; name = location_dark.png; path = Resources/location_dark.png; sourceTree = "<group>"; };
		7858B61A1CE54BBE007795AB /* location_dark@2x.png */ = {isa = PBXFileReference; lastKnownFileType = image.png; name = "location_dark@2x.png"; path = "Resources/location_dark@2x.png"; sourceTree = "<group>"; };
		7858B61B1CE54BBE007795AB /* location_dark@3x.png */ = {isa = PBXFileReference; lastKnownFileType = image.png; name = "location_dark@3x.png"; path = "Resources/location_dark@3x.png"; sourceTree = "<group>"; };
		7858B61C1CE54BBE007795AB /* plus.png */ = {isa = PBXFileReference; lastKnownFileType = image.png; name = plus.png; path = Resources/plus.png; sourceTree = "<group>"; };
		7858B61D1CE54BBE007795AB /* plus@2x.png */ = {isa = PBXFileReference; lastKnownFileType = image.png; name = "plus@2x.png"; path = "Resources/plus@2x.png"; sourceTree = "<group>"; };
		7858B61E1CE54BBE007795AB /* plus@3x.png */ = {isa = PBXFileReference; lastKnownFileType = image.png; name = "plus@3x.png"; path = "Resources/plus@3x.png"; sourceTree = "<group>"; };
		886A86EFB93A13A1717104CE /* Pods-UnitTests.debug.xcconfig */ = {isa = PBXFileReference; includeInIndex = 1; lastKnownFileType = text.xcconfig; name = "Pods-UnitTests.debug.xcconfig"; path = "Pods/Target Support Files/Pods-UnitTests/Pods-UnitTests.debug.xcconfig"; sourceTree = "<group>"; };
		91A456BCEC404FC7F83EC216 /* Pods-Storyboard.release.xcconfig */ = {isa = PBXFileReference; includeInIndex = 1; lastKnownFileType = text.xcconfig; name = "Pods-Storyboard.release.xcconfig"; path = "Pods/Target Support Files/Pods-Storyboard/Pods-Storyboard.release.xcconfig"; sourceTree = "<group>"; };
		921B2F42195B3C5F0569C57B /* Pods_Storyboard.framework */ = {isa = PBXFileReference; explicitFileType = wrapper.framework; includeInIndex = 0; path = Pods_Storyboard.framework; sourceTree = BUILT_PRODUCTS_DIR; };
		959F1869E1FC45A3651F40B6 /* Pods-test-StoryboardTests.release.xcconfig */ = {isa = PBXFileReference; includeInIndex = 1; lastKnownFileType = text.xcconfig; name = "Pods-test-StoryboardTests.release.xcconfig"; path = "Pods/Target Support Files/Pods-test-StoryboardTests/Pods-test-StoryboardTests.release.xcconfig"; sourceTree = "<group>"; };
		95A744001D22A9D600BED68D /* LayerKit.framework */ = {isa = PBXFileReference; lastKnownFileType = wrapper.framework; name = LayerKit.framework; path = Pods/LayerKit/LayerKit.framework; sourceTree = "<group>"; };
		98BF90733247F9CE21529791 /* Pods-UnitTests.release.xcconfig */ = {isa = PBXFileReference; includeInIndex = 1; lastKnownFileType = text.xcconfig; name = "Pods-UnitTests.release.xcconfig"; path = "Pods/Target Support Files/Pods-UnitTests/Pods-UnitTests.release.xcconfig"; sourceTree = "<group>"; };
		A8E39A93868BE92F637098C5 /* Pods-test-StoryboardTests.debug.xcconfig */ = {isa = PBXFileReference; includeInIndex = 1; lastKnownFileType = text.xcconfig; name = "Pods-test-StoryboardTests.debug.xcconfig"; path = "Pods/Target Support Files/Pods-test-StoryboardTests/Pods-test-StoryboardTests.debug.xcconfig"; sourceTree = "<group>"; };
		B085A18188DCFC913F85665D /* Pods_Programmatic.framework */ = {isa = PBXFileReference; explicitFileType = wrapper.framework; includeInIndex = 0; path = Pods_Programmatic.framework; sourceTree = BUILT_PRODUCTS_DIR; };
		D0294DD81A93F33900702856 /* UnitTests.xctest */ = {isa = PBXFileReference; explicitFileType = wrapper.cfbundle; includeInIndex = 0; path = UnitTests.xctest; sourceTree = BUILT_PRODUCTS_DIR; };
		D0294DE41A93F37000702856 /* ATLMediaStreamTests.m */ = {isa = PBXFileReference; fileEncoding = 4; lastKnownFileType = sourcecode.c.objc; name = ATLMediaStreamTests.m; path = Tests/ATLMediaStreamTests.m; sourceTree = "<group>"; };
		D0294DE61A93F37A00702856 /* Info.plist */ = {isa = PBXFileReference; fileEncoding = 4; lastKnownFileType = text.plist.xml; name = Info.plist; path = Tests/Info.plist; sourceTree = "<group>"; };
		D02CDCD91A9FFC930013CBE8 /* ATLTestUtilities.h */ = {isa = PBXFileReference; fileEncoding = 4; lastKnownFileType = sourcecode.c.h; path = ATLTestUtilities.h; sourceTree = "<group>"; };
		D02CDCDA1A9FFC930013CBE8 /* ATLTestUtilities.m */ = {isa = PBXFileReference; fileEncoding = 4; lastKnownFileType = sourcecode.c.objc; path = ATLTestUtilities.m; sourceTree = "<group>"; };
		D04517131A9F9A0C00E137D9 /* ATLMediaAttachmentTests.m */ = {isa = PBXFileReference; fileEncoding = 4; lastKnownFileType = sourcecode.c.objc; name = ATLMediaAttachmentTests.m; path = Tests/ATLMediaAttachmentTests.m; sourceTree = "<group>"; };
		D63C68DF1A94250000D235D5 /* test-logo.png */ = {isa = PBXFileReference; lastKnownFileType = image.png; path = "test-logo.png"; sourceTree = "<group>"; };
		D6C045431A9914080028E9D0 /* ProgrammaticAppDelegate.h */ = {isa = PBXFileReference; fileEncoding = 4; lastKnownFileType = sourcecode.c.h; name = ProgrammaticAppDelegate.h; path = Examples/Programmatic/ProgrammaticAppDelegate.h; sourceTree = SOURCE_ROOT; };
		D6C045441A9914080028E9D0 /* ProgrammaticAppDelegate.m */ = {isa = PBXFileReference; fileEncoding = 4; lastKnownFileType = sourcecode.c.objc; name = ProgrammaticAppDelegate.m; path = Examples/Programmatic/ProgrammaticAppDelegate.m; sourceTree = SOURCE_ROOT; };
		D6C0454E1A9953C70028E9D0 /* ALTAddressBarControllerTest.m */ = {isa = PBXFileReference; fileEncoding = 4; lastKnownFileType = sourcecode.c.objc; path = ALTAddressBarControllerTest.m; sourceTree = "<group>"; };
		D6F405A71A8FDDAA00AE9581 /* ATLSampleConversationAvatarItem.h */ = {isa = PBXFileReference; fileEncoding = 4; lastKnownFileType = sourcecode.c.h; name = ATLSampleConversationAvatarItem.h; path = Examples/ATLSampleConversationAvatarItem.h; sourceTree = SOURCE_ROOT; };
		D6F405A81A8FDDAA00AE9581 /* ATLSampleConversationAvatarItem.m */ = {isa = PBXFileReference; fileEncoding = 4; lastKnownFileType = sourcecode.c.objc; name = ATLSampleConversationAvatarItem.m; path = Examples/ATLSampleConversationAvatarItem.m; sourceTree = SOURCE_ROOT; };
		D6F405A91A8FDDAA00AE9581 /* ATLSampleConversationListViewController.h */ = {isa = PBXFileReference; fileEncoding = 4; lastKnownFileType = sourcecode.c.h; name = ATLSampleConversationListViewController.h; path = Examples/ATLSampleConversationListViewController.h; sourceTree = SOURCE_ROOT; };
		D6F405AA1A8FDDAA00AE9581 /* ATLSampleConversationListViewController.m */ = {isa = PBXFileReference; fileEncoding = 4; lastKnownFileType = sourcecode.c.objc; name = ATLSampleConversationListViewController.m; path = Examples/ATLSampleConversationListViewController.m; sourceTree = SOURCE_ROOT; };
		D6F405AB1A8FDDAA00AE9581 /* ATLSampleConversationViewController.h */ = {isa = PBXFileReference; fileEncoding = 4; lastKnownFileType = sourcecode.c.h; name = ATLSampleConversationViewController.h; path = Examples/ATLSampleConversationViewController.h; sourceTree = SOURCE_ROOT; };
		D6F405AC1A8FDDAA00AE9581 /* ATLSampleConversationViewController.m */ = {isa = PBXFileReference; fileEncoding = 4; lastKnownFileType = sourcecode.c.objc; name = ATLSampleConversationViewController.m; path = Examples/ATLSampleConversationViewController.m; sourceTree = SOURCE_ROOT; };
		D6F405AD1A8FDDAA00AE9581 /* ATLSampleParticipantTableViewController.h */ = {isa = PBXFileReference; fileEncoding = 4; lastKnownFileType = sourcecode.c.h; name = ATLSampleParticipantTableViewController.h; path = Examples/ATLSampleParticipantTableViewController.h; sourceTree = SOURCE_ROOT; };
		D6F405AE1A8FDDAA00AE9581 /* ATLSampleParticipantTableViewController.m */ = {isa = PBXFileReference; fileEncoding = 4; lastKnownFileType = sourcecode.c.objc; name = ATLSampleParticipantTableViewController.m; path = Examples/ATLSampleParticipantTableViewController.m; sourceTree = SOURCE_ROOT; };
		D6F405B31A8FDDE300AE9581 /* LayerKitMock.h */ = {isa = PBXFileReference; fileEncoding = 4; lastKnownFileType = sourcecode.c.h; name = LayerKitMock.h; path = Examples/Mocks/LayerKitMock.h; sourceTree = SOURCE_ROOT; };
		D6F405B61A8FDDE300AE9581 /* LYRClientMock.h */ = {isa = PBXFileReference; fileEncoding = 4; lastKnownFileType = sourcecode.c.h; name = LYRClientMock.h; path = Examples/Mocks/LYRClientMock.h; sourceTree = SOURCE_ROOT; };
		D6F405B71A8FDDE300AE9581 /* LYRClientMock.m */ = {isa = PBXFileReference; fileEncoding = 4; lastKnownFileType = sourcecode.c.objc; name = LYRClientMock.m; path = Examples/Mocks/LYRClientMock.m; sourceTree = SOURCE_ROOT; };
		D6F405B81A8FDDE300AE9581 /* LYRConversationMock.h */ = {isa = PBXFileReference; fileEncoding = 4; lastKnownFileType = sourcecode.c.h; name = LYRConversationMock.h; path = Examples/Mocks/LYRConversationMock.h; sourceTree = SOURCE_ROOT; };
		D6F405B91A8FDDE300AE9581 /* LYRConversationMock.m */ = {isa = PBXFileReference; fileEncoding = 4; lastKnownFileType = sourcecode.c.objc; name = LYRConversationMock.m; path = Examples/Mocks/LYRConversationMock.m; sourceTree = SOURCE_ROOT; };
		D6F405BA1A8FDDE300AE9581 /* LYRMessageMock.h */ = {isa = PBXFileReference; fileEncoding = 4; lastKnownFileType = sourcecode.c.h; name = LYRMessageMock.h; path = Examples/Mocks/LYRMessageMock.h; sourceTree = SOURCE_ROOT; };
		D6F405BB1A8FDDE300AE9581 /* LYRMessageMock.m */ = {isa = PBXFileReference; fileEncoding = 4; lastKnownFileType = sourcecode.c.objc; name = LYRMessageMock.m; path = Examples/Mocks/LYRMessageMock.m; sourceTree = SOURCE_ROOT; };
		D6F405BC1A8FDDE300AE9581 /* LYRMessagePartMock.h */ = {isa = PBXFileReference; fileEncoding = 4; lastKnownFileType = sourcecode.c.h; name = LYRMessagePartMock.h; path = Examples/Mocks/LYRMessagePartMock.h; sourceTree = SOURCE_ROOT; };
		D6F405BD1A8FDDE300AE9581 /* LYRMessagePartMock.m */ = {isa = PBXFileReference; fileEncoding = 4; lastKnownFileType = sourcecode.c.objc; name = LYRMessagePartMock.m; path = Examples/Mocks/LYRMessagePartMock.m; sourceTree = SOURCE_ROOT; };
		D6F405BE1A8FDDE300AE9581 /* LYRMockContentStore.h */ = {isa = PBXFileReference; fileEncoding = 4; lastKnownFileType = sourcecode.c.h; name = LYRMockContentStore.h; path = Examples/Mocks/LYRMockContentStore.h; sourceTree = SOURCE_ROOT; };
		D6F405BF1A8FDDE300AE9581 /* LYRMockContentStore.m */ = {isa = PBXFileReference; fileEncoding = 4; lastKnownFileType = sourcecode.c.objc; name = LYRMockContentStore.m; path = Examples/Mocks/LYRMockContentStore.m; sourceTree = SOURCE_ROOT; };
		D6F405C01A8FDDE300AE9581 /* LYRQueryControllerMock.h */ = {isa = PBXFileReference; fileEncoding = 4; lastKnownFileType = sourcecode.c.h; name = LYRQueryControllerMock.h; path = Examples/Mocks/LYRQueryControllerMock.h; sourceTree = SOURCE_ROOT; };
		D6F405C11A8FDDE300AE9581 /* LYRQueryControllerMock.m */ = {isa = PBXFileReference; fileEncoding = 4; lastKnownFileType = sourcecode.c.objc; name = LYRQueryControllerMock.m; path = Examples/Mocks/LYRQueryControllerMock.m; sourceTree = SOURCE_ROOT; };
		D6F405C21A8FDDE300AE9581 /* ATLUserMock.h */ = {isa = PBXFileReference; fileEncoding = 4; lastKnownFileType = sourcecode.c.h; name = ATLUserMock.h; path = Examples/Mocks/ATLUserMock.h; sourceTree = SOURCE_ROOT; };
		D6F405C31A8FDDE300AE9581 /* ATLUserMock.m */ = {isa = PBXFileReference; fileEncoding = 4; lastKnownFileType = sourcecode.c.objc; name = ATLUserMock.m; path = Examples/Mocks/ATLUserMock.m; sourceTree = SOURCE_ROOT; };
		D6F405CC1A8FDE1B00AE9581 /* Atlas.storyboard */ = {isa = PBXFileReference; fileEncoding = 4; lastKnownFileType = file.storyboard; name = Atlas.storyboard; path = Examples/Storyboard/Atlas.storyboard; sourceTree = SOURCE_ROOT; };
		D6F405D11A8FDE1B00AE9581 /* Base */ = {isa = PBXFileReference; lastKnownFileType = file.xib; name = Base; path = LaunchScreen.xib; sourceTree = "<group>"; };
		D6F405D21A8FDE1B00AE9581 /* Images.xcassets */ = {isa = PBXFileReference; lastKnownFileType = folder.assetcatalog; name = Images.xcassets; path = Examples/Storyboard/Images.xcassets; sourceTree = SOURCE_ROOT; };
		D6F405D31A8FDE1B00AE9581 /* Info.plist */ = {isa = PBXFileReference; fileEncoding = 4; lastKnownFileType = text.plist.xml; name = Info.plist; path = Examples/Storyboard/Info.plist; sourceTree = SOURCE_ROOT; };
		D6F405D41A8FDE1B00AE9581 /* main.m */ = {isa = PBXFileReference; fileEncoding = 4; lastKnownFileType = sourcecode.c.objc; name = main.m; path = Examples/Storyboard/main.m; sourceTree = SOURCE_ROOT; };
		D6F405D51A8FDE1B00AE9581 /* StoryboardAppDelegate.h */ = {isa = PBXFileReference; fileEncoding = 4; lastKnownFileType = sourcecode.c.h; name = StoryboardAppDelegate.h; path = Examples/Storyboard/StoryboardAppDelegate.h; sourceTree = SOURCE_ROOT; };
		D6F405D61A8FDE1B00AE9581 /* StoryboardAppDelegate.m */ = {isa = PBXFileReference; fileEncoding = 4; lastKnownFileType = sourcecode.c.objc; name = StoryboardAppDelegate.m; path = Examples/Storyboard/StoryboardAppDelegate.m; sourceTree = SOURCE_ROOT; };
		D6F405E11A8FDE3900AE9581 /* Base */ = {isa = PBXFileReference; lastKnownFileType = file.xib; name = Base; path = LaunchScreen.xib; sourceTree = "<group>"; };
		D6F405E21A8FDE3900AE9581 /* Images.xcassets */ = {isa = PBXFileReference; lastKnownFileType = folder.assetcatalog; name = Images.xcassets; path = Examples/Programmatic/Images.xcassets; sourceTree = SOURCE_ROOT; };
		D6F405E31A8FDE3900AE9581 /* Info.plist */ = {isa = PBXFileReference; fileEncoding = 4; lastKnownFileType = text.plist.xml; name = Info.plist; path = Examples/Programmatic/Info.plist; sourceTree = SOURCE_ROOT; };
		D6F405E41A8FDE3900AE9581 /* main.m */ = {isa = PBXFileReference; fileEncoding = 4; lastKnownFileType = sourcecode.c.objc; name = main.m; path = Examples/Programmatic/main.m; sourceTree = SOURCE_ROOT; };
		D6F406011A8FDEEB00AE9581 /* ATLConversationListViewControllerTest.m */ = {isa = PBXFileReference; fileEncoding = 4; lastKnownFileType = sourcecode.c.objc; path = ATLConversationListViewControllerTest.m; sourceTree = "<group>"; };
		D6F406021A8FDEEB00AE9581 /* ATLConversationTableViewCellTest.m */ = {isa = PBXFileReference; fileEncoding = 4; lastKnownFileType = sourcecode.c.objc; path = ATLConversationTableViewCellTest.m; sourceTree = "<group>"; };
		D6F406031A8FDEEB00AE9581 /* ATLConversationViewControllerTest.m */ = {isa = PBXFileReference; fileEncoding = 4; lastKnownFileType = sourcecode.c.objc; path = ATLConversationViewControllerTest.m; sourceTree = "<group>"; };
		D6F406041A8FDEEB00AE9581 /* ATLMessageCollectionViewCellTest.m */ = {isa = PBXFileReference; fileEncoding = 4; lastKnownFileType = sourcecode.c.objc; path = ATLMessageCollectionViewCellTest.m; sourceTree = "<group>"; };
		D6F406051A8FDEEB00AE9581 /* ATLMessageInputBarTest.m */ = {isa = PBXFileReference; fileEncoding = 4; lastKnownFileType = sourcecode.c.objc; path = ATLMessageInputBarTest.m; sourceTree = "<group>"; };
		D6F406071A8FDEEB00AE9581 /* ATLParticipantTableViewControllerTest.m */ = {isa = PBXFileReference; fileEncoding = 4; lastKnownFileType = sourcecode.c.objc; path = ATLParticipantTableViewControllerTest.m; sourceTree = "<group>"; };
		D6F406081A8FDEEB00AE9581 /* ATLParticipantTableViewCellTest.m */ = {isa = PBXFileReference; fileEncoding = 4; lastKnownFileType = sourcecode.c.objc; path = ATLParticipantTableViewCellTest.m; sourceTree = "<group>"; };
		D6F406091A8FDEEB00AE9581 /* ATLTestClasses.h */ = {isa = PBXFileReference; fileEncoding = 4; lastKnownFileType = sourcecode.c.h; path = ATLTestClasses.h; sourceTree = "<group>"; };
		D6F4060A1A8FDEEB00AE9581 /* ATLTestClasses.m */ = {isa = PBXFileReference; fileEncoding = 4; lastKnownFileType = sourcecode.c.objc; path = ATLTestClasses.m; sourceTree = "<group>"; };
		D6F4060B1A8FDEEB00AE9581 /* ATLTestInterface.h */ = {isa = PBXFileReference; fileEncoding = 4; lastKnownFileType = sourcecode.c.h; path = ATLTestInterface.h; sourceTree = "<group>"; };
		D6F4060C1A8FDEEB00AE9581 /* ATLTestInterface.m */ = {isa = PBXFileReference; fileEncoding = 4; lastKnownFileType = sourcecode.c.objc; path = ATLTestInterface.m; sourceTree = "<group>"; };
		D6F4060D1A8FDEEB00AE9581 /* LYRClientMockTests.m */ = {isa = PBXFileReference; fileEncoding = 4; lastKnownFileType = sourcecode.c.objc; path = LYRClientMockTests.m; sourceTree = "<group>"; };
		D6F4060F1A8FDEEB00AE9581 /* ProgrammaticTests-Info.plist */ = {isa = PBXFileReference; fileEncoding = 4; lastKnownFileType = text.plist.xml; path = "ProgrammaticTests-Info.plist"; sourceTree = "<group>"; };
		D6F406101A8FDEEB00AE9581 /* StoryboardTests-Info.plist */ = {isa = PBXFileReference; fileEncoding = 4; lastKnownFileType = text.plist.xml; path = "StoryboardTests-Info.plist"; sourceTree = "<group>"; };
		D6F406121A8FDEEB00AE9581 /* Unit Tests.xcscheme */ = {isa = PBXFileReference; fileEncoding = 4; lastKnownFileType = text.xml; path = "Unit Tests.xcscheme"; sourceTree = "<group>"; };
		D6F57E2A1A8BE4AF00B62BD9 /* Programmatic.app */ = {isa = PBXFileReference; explicitFileType = wrapper.application; includeInIndex = 0; path = Programmatic.app; sourceTree = BUILT_PRODUCTS_DIR; };
		D6F57E421A8BE4AF00B62BD9 /* ProgrammaticTests.xctest */ = {isa = PBXFileReference; explicitFileType = wrapper.cfbundle; includeInIndex = 0; path = ProgrammaticTests.xctest; sourceTree = BUILT_PRODUCTS_DIR; };
		D6F57E541A8BE4B500B62BD9 /* Storyboard.app */ = {isa = PBXFileReference; explicitFileType = wrapper.application; includeInIndex = 0; path = Storyboard.app; sourceTree = BUILT_PRODUCTS_DIR; };
		D6F57E6C1A8BE4B500B62BD9 /* StoryboardTests.xctest */ = {isa = PBXFileReference; explicitFileType = wrapper.cfbundle; includeInIndex = 0; path = StoryboardTests.xctest; sourceTree = BUILT_PRODUCTS_DIR; };
		D8050D6CFBC2EA1D5D6B800A /* Pods_test_ProgrammaticTests.framework */ = {isa = PBXFileReference; explicitFileType = wrapper.framework; includeInIndex = 0; path = Pods_test_ProgrammaticTests.framework; sourceTree = BUILT_PRODUCTS_DIR; };
		DD247AF2EF0D58C390C41D9F /* Pods-Programmatic.debug.xcconfig */ = {isa = PBXFileReference; includeInIndex = 1; lastKnownFileType = text.xcconfig; name = "Pods-Programmatic.debug.xcconfig"; path = "Pods/Target Support Files/Pods-Programmatic/Pods-Programmatic.debug.xcconfig"; sourceTree = "<group>"; };
		E994C194C8CEC4ECECA9506A /* Pods-test-ProgrammaticTests.debug.xcconfig */ = {isa = PBXFileReference; includeInIndex = 1; lastKnownFileType = text.xcconfig; name = "Pods-test-ProgrammaticTests.debug.xcconfig"; path = "Pods/Target Support Files/Pods-test-ProgrammaticTests/Pods-test-ProgrammaticTests.debug.xcconfig"; sourceTree = "<group>"; };
/* End PBXFileReference section */

/* Begin PBXFrameworksBuildPhase section */
		D0294DD51A93F33900702856 /* Frameworks */ = {
			isa = PBXFrameworksBuildPhase;
			buildActionMask = 2147483647;
			files = (
				8F5A8821F40061D9FC6CBB4F /* Pods_UnitTests.framework in Frameworks */,
			);
			runOnlyForDeploymentPostprocessing = 0;
		};
		D6F57E271A8BE4AF00B62BD9 /* Frameworks */ = {
			isa = PBXFrameworksBuildPhase;
			buildActionMask = 2147483647;
			files = (
				D9D282D2BB1B4AD3789CDAFE /* Pods_Programmatic.framework in Frameworks */,
			);
			runOnlyForDeploymentPostprocessing = 0;
		};
		D6F57E3F1A8BE4AF00B62BD9 /* Frameworks */ = {
			isa = PBXFrameworksBuildPhase;
			buildActionMask = 2147483647;
			files = (
				58239E45B91E3CD954E75554 /* Pods_test_ProgrammaticTests.framework in Frameworks */,
			);
			runOnlyForDeploymentPostprocessing = 0;
		};
		D6F57E511A8BE4B500B62BD9 /* Frameworks */ = {
			isa = PBXFrameworksBuildPhase;
			buildActionMask = 2147483647;
			files = (
				D8F526991CE2AE4E45DA34DB /* Pods_Storyboard.framework in Frameworks */,
			);
			runOnlyForDeploymentPostprocessing = 0;
		};
		D6F57E691A8BE4B500B62BD9 /* Frameworks */ = {
			isa = PBXFrameworksBuildPhase;
			buildActionMask = 2147483647;
			files = (
				917DFA240CA4D2A4EFD8C2DF /* Pods_test_StoryboardTests.framework in Frameworks */,
			);
			runOnlyForDeploymentPostprocessing = 0;
		};
/* End PBXFrameworksBuildPhase section */

/* Begin PBXGroup section */
		412524007C3A7505AC34F33C /* Frameworks */ = {
			isa = PBXGroup;
			children = (
				95A744001D22A9D600BED68D /* LayerKit.framework */,
				250C5EF21C7656610084EB18 /* LayerKit.framework */,
				5DE31FA9B1906CEA04D0C891 /* Pods.framework */,
				B085A18188DCFC913F85665D /* Pods_Programmatic.framework */,
				921B2F42195B3C5F0569C57B /* Pods_Storyboard.framework */,
				1886043CF840E83E9A77B78B /* Pods_UnitTests.framework */,
				D8050D6CFBC2EA1D5D6B800A /* Pods_test_ProgrammaticTests.framework */,
				62363A00A270318F0E8C0C38 /* Pods_test_StoryboardTests.framework */,
			);
			name = Frameworks;
			sourceTree = "<group>";
		};
		7858B60B1CE54B81007795AB /* Resources */ = {
			isa = PBXGroup;
			children = (
				7858B60C1CE54BBE007795AB /* block.png */,
				7858B60D1CE54BBE007795AB /* block@2x.png */,
				7858B60E1CE54BBE007795AB /* block@3x.png */,
				7858B60F1CE54BBE007795AB /* camera_dark.png */,
				7858B6101CE54BBE007795AB /* camera_dark@2x.png */,
				7858B6111CE54BBE007795AB /* camera_dark@3x.png */,
				7858B6121CE54BBE007795AB /* chevron.png */,
				7858B6131CE54BBE007795AB /* chevron@2x.png */,
				7858B6141CE54BBE007795AB /* chevron@3x.png */,
				7858B6151CE54BBE007795AB /* layerbell.caf */,
				7858B6161CE54BBE007795AB /* layerLogo.png */,
				7858B6171CE54BBE007795AB /* layerLogo@2x.png */,
				7858B6181CE54BBE007795AB /* layerLogo@3x.png */,
				7858B6191CE54BBE007795AB /* location_dark.png */,
				7858B61A1CE54BBE007795AB /* location_dark@2x.png */,
				7858B61B1CE54BBE007795AB /* location_dark@3x.png */,
				7858B61C1CE54BBE007795AB /* plus.png */,
				7858B61D1CE54BBE007795AB /* plus@2x.png */,
				7858B61E1CE54BBE007795AB /* plus@3x.png */,
			);
			name = Resources;
			sourceTree = "<group>";
		};
		B174A0FE34EB0548FDFABF32 /* Pods */ = {
			isa = PBXGroup;
			children = (
				DD247AF2EF0D58C390C41D9F /* Pods-Programmatic.debug.xcconfig */,
				5BDC513D0E932968078A69D7 /* Pods-Programmatic.release.xcconfig */,
				4160065E3D4E4D6CA1EF3F99 /* Pods-Storyboard.debug.xcconfig */,
				91A456BCEC404FC7F83EC216 /* Pods-Storyboard.release.xcconfig */,
				886A86EFB93A13A1717104CE /* Pods-UnitTests.debug.xcconfig */,
				98BF90733247F9CE21529791 /* Pods-UnitTests.release.xcconfig */,
				E994C194C8CEC4ECECA9506A /* Pods-test-ProgrammaticTests.debug.xcconfig */,
				34C06B1C4F6FE86629A3C050 /* Pods-test-ProgrammaticTests.release.xcconfig */,
				A8E39A93868BE92F637098C5 /* Pods-test-StoryboardTests.debug.xcconfig */,
				959F1869E1FC45A3651F40B6 /* Pods-test-StoryboardTests.release.xcconfig */,
			);
			name = Pods;
			sourceTree = "<group>";
		};
		D0294DE31A93F36100702856 /* Unit Tests */ = {
			isa = PBXGroup;
			children = (
				5A86A2D01B82BB11005AF74B /* ATLMessageCollectionViewCellTests.m */,
				D0294DE41A93F37000702856 /* ATLMediaStreamTests.m */,
				D04517131A9F9A0C00E137D9 /* ATLMediaAttachmentTests.m */,
				D0294DE61A93F37A00702856 /* Info.plist */,
			);
			name = "Unit Tests";
			sourceTree = "<group>";
		};
		D0D778881A02E2B2000A5F51 = {
			isa = PBXGroup;
			children = (
				7858B60B1CE54B81007795AB /* Resources */,
				D676CF171A8C4344002D9D27 /* Examples */,
				412524007C3A7505AC34F33C /* Frameworks */,
				D0D778941A02EAA9000A5F51 /* Products */,
				D6F406001A8FDEEB00AE9581 /* Tests */,
				D0294DE31A93F36100702856 /* Unit Tests */,
				B174A0FE34EB0548FDFABF32 /* Pods */,
			);
			sourceTree = "<group>";
		};
		D0D778941A02EAA9000A5F51 /* Products */ = {
			isa = PBXGroup;
			children = (
				D6F57E2A1A8BE4AF00B62BD9 /* Programmatic.app */,
				D6F57E421A8BE4AF00B62BD9 /* ProgrammaticTests.xctest */,
				D6F57E541A8BE4B500B62BD9 /* Storyboard.app */,
				D6F57E6C1A8BE4B500B62BD9 /* StoryboardTests.xctest */,
				D0294DD81A93F33900702856 /* UnitTests.xctest */,
			);
			name = Products;
			sourceTree = "<group>";
		};
		D0E729491A02F1C700B76672 /* Mocks */ = {
			isa = PBXGroup;
			children = (
				D6F405B31A8FDDE300AE9581 /* LayerKitMock.h */,
				D6F405B61A8FDDE300AE9581 /* LYRClientMock.h */,
				D6F405B71A8FDDE300AE9581 /* LYRClientMock.m */,
				D6F405B81A8FDDE300AE9581 /* LYRConversationMock.h */,
				D6F405B91A8FDDE300AE9581 /* LYRConversationMock.m */,
				D6F405BA1A8FDDE300AE9581 /* LYRMessageMock.h */,
				D6F405BB1A8FDDE300AE9581 /* LYRMessageMock.m */,
				D6F405BC1A8FDDE300AE9581 /* LYRMessagePartMock.h */,
				D6F405BD1A8FDDE300AE9581 /* LYRMessagePartMock.m */,
				D6F405BE1A8FDDE300AE9581 /* LYRMockContentStore.h */,
				D6F405BF1A8FDDE300AE9581 /* LYRMockContentStore.m */,
				D6F405C01A8FDDE300AE9581 /* LYRQueryControllerMock.h */,
				D6F405C11A8FDDE300AE9581 /* LYRQueryControllerMock.m */,
				D6F405C21A8FDDE300AE9581 /* ATLUserMock.h */,
				D6F405C31A8FDDE300AE9581 /* ATLUserMock.m */,
			);
			name = Mocks;
			path = "Sample Code/Shared";
			sourceTree = "<group>";
		};
		D676CF171A8C4344002D9D27 /* Examples */ = {
			isa = PBXGroup;
			children = (
				D0E729491A02F1C700B76672 /* Mocks */,
				D6F405A71A8FDDAA00AE9581 /* ATLSampleConversationAvatarItem.h */,
				D6F405A81A8FDDAA00AE9581 /* ATLSampleConversationAvatarItem.m */,
				D6F405A91A8FDDAA00AE9581 /* ATLSampleConversationListViewController.h */,
				D6F405AA1A8FDDAA00AE9581 /* ATLSampleConversationListViewController.m */,
				D6F405AB1A8FDDAA00AE9581 /* ATLSampleConversationViewController.h */,
				D6F405AC1A8FDDAA00AE9581 /* ATLSampleConversationViewController.m */,
				D6F405AD1A8FDDAA00AE9581 /* ATLSampleParticipantTableViewController.h */,
				D6F405AE1A8FDDAA00AE9581 /* ATLSampleParticipantTableViewController.m */,
				D6F57E2B1A8BE4AF00B62BD9 /* Programmatic */,
				D6F57E551A8BE4B500B62BD9 /* Storyboard */,
			);
			name = Examples;
			sourceTree = "<group>";
		};
		D6C0454C1A994B330028E9D0 /* Controllers */ = {
			isa = PBXGroup;
			children = (
				D6F406011A8FDEEB00AE9581 /* ATLConversationListViewControllerTest.m */,
				D6F406031A8FDEEB00AE9581 /* ATLConversationViewControllerTest.m */,
				D6F406051A8FDEEB00AE9581 /* ATLMessageInputBarTest.m */,
				D6F406071A8FDEEB00AE9581 /* ATLParticipantTableViewControllerTest.m */,
				D6C0454E1A9953C70028E9D0 /* ALTAddressBarControllerTest.m */,
			);
			name = Controllers;
			sourceTree = "<group>";
		};
		D6C0454D1A994B3A0028E9D0 /* Views */ = {
			isa = PBXGroup;
			children = (
				D6F406021A8FDEEB00AE9581 /* ATLConversationTableViewCellTest.m */,
				D6F406041A8FDEEB00AE9581 /* ATLMessageCollectionViewCellTest.m */,
				D6F406081A8FDEEB00AE9581 /* ATLParticipantTableViewCellTest.m */,
				40EBBF651E9D4C1B00C25041 /* ATLAvatarViewTest.m */,
			);
			name = Views;
			sourceTree = "<group>";
		};
		D6C045501A9966FD0028E9D0 /* Mocks */ = {
			isa = PBXGroup;
			children = (
				D6F4060D1A8FDEEB00AE9581 /* LYRClientMockTests.m */,
				5AF32FD21AA59C39005C13D7 /* ATLUserMockTest.m */,
			);
			name = Mocks;
			sourceTree = "<group>";
		};
		D6C045511A9967070028E9D0 /* Utilities */ = {
			isa = PBXGroup;
			children = (
				D6F406091A8FDEEB00AE9581 /* ATLTestClasses.h */,
				D6F4060A1A8FDEEB00AE9581 /* ATLTestClasses.m */,
				D6F4060B1A8FDEEB00AE9581 /* ATLTestInterface.h */,
				D6F4060C1A8FDEEB00AE9581 /* ATLTestInterface.m */,
				D02CDCD91A9FFC930013CBE8 /* ATLTestUtilities.h */,
				D02CDCDA1A9FFC930013CBE8 /* ATLTestUtilities.m */,
			);
			name = Utilities;
			sourceTree = "<group>";
		};
		D6F405CF1A8FDE1B00AE9581 /* Base.lproj */ = {
			isa = PBXGroup;
			children = (
				D6F405D01A8FDE1B00AE9581 /* LaunchScreen.xib */,
			);
			name = Base.lproj;
			path = Examples/Storyboard/Base.lproj;
			sourceTree = SOURCE_ROOT;
		};
		D6F405DF1A8FDE3900AE9581 /* Base.lproj */ = {
			isa = PBXGroup;
			children = (
				D6F405E01A8FDE3900AE9581 /* LaunchScreen.xib */,
			);
			name = Base.lproj;
			path = Examples/Programmatic/Base.lproj;
			sourceTree = SOURCE_ROOT;
		};
		D6F406001A8FDEEB00AE9581 /* Tests */ = {
			isa = PBXGroup;
			children = (
				D6C045511A9967070028E9D0 /* Utilities */,
				D6C045501A9966FD0028E9D0 /* Mocks */,
				D6C0454D1A994B3A0028E9D0 /* Views */,
				D6C0454C1A994B330028E9D0 /* Controllers */,
				D6F4060E1A8FDEEB00AE9581 /* Resources */,
				D6F406111A8FDEEB00AE9581 /* Schemes */,
			);
			path = Tests;
			sourceTree = "<group>";
		};
		D6F4060E1A8FDEEB00AE9581 /* Resources */ = {
			isa = PBXGroup;
			children = (
				5AEFC5CA1B79834300ADE4EC /* boatgif.gif */,
				D63C68DF1A94250000D235D5 /* test-logo.png */,
				D6F4060F1A8FDEEB00AE9581 /* ProgrammaticTests-Info.plist */,
				D6F406101A8FDEEB00AE9581 /* StoryboardTests-Info.plist */,
			);
			path = Resources;
			sourceTree = "<group>";
		};
		D6F406111A8FDEEB00AE9581 /* Schemes */ = {
			isa = PBXGroup;
			children = (
				D6F406121A8FDEEB00AE9581 /* Unit Tests.xcscheme */,
			);
			path = Schemes;
			sourceTree = "<group>";
		};
		D6F57E2B1A8BE4AF00B62BD9 /* Programmatic */ = {
			isa = PBXGroup;
			children = (
				D6C045431A9914080028E9D0 /* ProgrammaticAppDelegate.h */,
				D6C045441A9914080028E9D0 /* ProgrammaticAppDelegate.m */,
				D6F405DF1A8FDE3900AE9581 /* Base.lproj */,
				D6F405E21A8FDE3900AE9581 /* Images.xcassets */,
				D6F405E31A8FDE3900AE9581 /* Info.plist */,
				D6F405E41A8FDE3900AE9581 /* main.m */,
			);
			path = Programmatic;
			sourceTree = "<group>";
		};
		D6F57E551A8BE4B500B62BD9 /* Storyboard */ = {
			isa = PBXGroup;
			children = (
				D6F405CC1A8FDE1B00AE9581 /* Atlas.storyboard */,
				D6F405CF1A8FDE1B00AE9581 /* Base.lproj */,
				D6F405D21A8FDE1B00AE9581 /* Images.xcassets */,
				D6F405D31A8FDE1B00AE9581 /* Info.plist */,
				D6F405D41A8FDE1B00AE9581 /* main.m */,
				D6F405D51A8FDE1B00AE9581 /* StoryboardAppDelegate.h */,
				D6F405D61A8FDE1B00AE9581 /* StoryboardAppDelegate.m */,
			);
			path = Storyboard;
			sourceTree = "<group>";
		};
/* End PBXGroup section */

/* Begin PBXNativeTarget section */
		D0294DD71A93F33900702856 /* UnitTests */ = {
			isa = PBXNativeTarget;
			buildConfigurationList = D0294DE21A93F33900702856 /* Build configuration list for PBXNativeTarget "UnitTests" */;
			buildPhases = (
				CBCF98B5B1502954C192D5A1 /* [CP] Check Pods Manifest.lock */,
				D0294DD41A93F33900702856 /* Sources */,
				D0294DD51A93F33900702856 /* Frameworks */,
				D0294DD61A93F33900702856 /* Resources */,
				DBB73C07ACFE371256674EFE /* [CP] Embed Pods Frameworks */,
				F728FF30D518513156FA5822 /* [CP] Copy Pods Resources */,
			);
			buildRules = (
			);
			dependencies = (
			);
			name = UnitTests;
			productName = UnitTests;
			productReference = D0294DD81A93F33900702856 /* UnitTests.xctest */;
			productType = "com.apple.product-type.bundle.unit-test";
		};
		D6F57E291A8BE4AF00B62BD9 /* Programmatic */ = {
			isa = PBXNativeTarget;
			buildConfigurationList = D6F57E4A1A8BE4AF00B62BD9 /* Build configuration list for PBXNativeTarget "Programmatic" */;
			buildPhases = (
				0E91511FE1C31A95393AADF9 /* [CP] Check Pods Manifest.lock */,
				D6F57E261A8BE4AF00B62BD9 /* Sources */,
				D6F57E271A8BE4AF00B62BD9 /* Frameworks */,
				D6F57E281A8BE4AF00B62BD9 /* Resources */,
				F4A445D314319BCAB2ADA9CE /* [CP] Embed Pods Frameworks */,
				08CE458C0777E0BAD1AB2CCD /* [CP] Copy Pods Resources */,
			);
			buildRules = (
			);
			dependencies = (
			);
			name = Programmatic;
			productName = Programmatic;
			productReference = D6F57E2A1A8BE4AF00B62BD9 /* Programmatic.app */;
			productType = "com.apple.product-type.application";
		};
		D6F57E411A8BE4AF00B62BD9 /* ProgrammaticTests */ = {
			isa = PBXNativeTarget;
			buildConfigurationList = D6F57E4D1A8BE4AF00B62BD9 /* Build configuration list for PBXNativeTarget "ProgrammaticTests" */;
			buildPhases = (
				D7F25408D7A2A75304BAA423 /* [CP] Check Pods Manifest.lock */,
				D6F57E3E1A8BE4AF00B62BD9 /* Sources */,
				D6F57E3F1A8BE4AF00B62BD9 /* Frameworks */,
				D6F57E401A8BE4AF00B62BD9 /* Resources */,
				6A6F86F8CA07FFBB04E61E87 /* [CP] Embed Pods Frameworks */,
				FF085973D69F3AD4A0F6D230 /* [CP] Copy Pods Resources */,
			);
			buildRules = (
			);
			dependencies = (
				D6F57E441A8BE4AF00B62BD9 /* PBXTargetDependency */,
			);
			name = ProgrammaticTests;
			productName = ProgrammaticTests;
			productReference = D6F57E421A8BE4AF00B62BD9 /* ProgrammaticTests.xctest */;
			productType = "com.apple.product-type.bundle.unit-test";
		};
		D6F57E531A8BE4B500B62BD9 /* Storyboard */ = {
			isa = PBXNativeTarget;
			buildConfigurationList = D6F57E741A8BE4B600B62BD9 /* Build configuration list for PBXNativeTarget "Storyboard" */;
			buildPhases = (
				80CB5D26A71E58B05172DF0E /* [CP] Check Pods Manifest.lock */,
				D6F57E501A8BE4B500B62BD9 /* Sources */,
				D6F57E511A8BE4B500B62BD9 /* Frameworks */,
				D6F57E521A8BE4B500B62BD9 /* Resources */,
				7C8393B40F348433BAFDD0B9 /* [CP] Embed Pods Frameworks */,
				5C91C26C5EBCE2E7CCA364BC /* [CP] Copy Pods Resources */,
			);
			buildRules = (
			);
			dependencies = (
			);
			name = Storyboard;
			productName = Storyboard;
			productReference = D6F57E541A8BE4B500B62BD9 /* Storyboard.app */;
			productType = "com.apple.product-type.application";
		};
		D6F57E6B1A8BE4B500B62BD9 /* StoryboardTests */ = {
			isa = PBXNativeTarget;
			buildConfigurationList = D6F57E771A8BE4B600B62BD9 /* Build configuration list for PBXNativeTarget "StoryboardTests" */;
			buildPhases = (
				A6AC1293F3245E2306641C54 /* [CP] Check Pods Manifest.lock */,
				D6F57E681A8BE4B500B62BD9 /* Sources */,
				D6F57E691A8BE4B500B62BD9 /* Frameworks */,
				D6F57E6A1A8BE4B500B62BD9 /* Resources */,
				E5D44FE0613FCC68DD0D5DA8 /* [CP] Embed Pods Frameworks */,
				EB4412495A7D3F167A23153E /* [CP] Copy Pods Resources */,
			);
			buildRules = (
			);
			dependencies = (
				D6F57E6E1A8BE4B600B62BD9 /* PBXTargetDependency */,
			);
			name = StoryboardTests;
			productName = StoryboardTests;
			productReference = D6F57E6C1A8BE4B500B62BD9 /* StoryboardTests.xctest */;
			productType = "com.apple.product-type.bundle.unit-test";
		};
/* End PBXNativeTarget section */

/* Begin PBXProject section */
		D0D778891A02E2B2000A5F51 /* Project object */ = {
			isa = PBXProject;
			attributes = {
				LastUpgradeCheck = 0830;
				TargetAttributes = {
					D0294DD71A93F33900702856 = {
						CreatedOnToolsVersion = 6.1.1;
					};
					D6F57E291A8BE4AF00B62BD9 = {
						CreatedOnToolsVersion = 6.1.1;
					};
					D6F57E411A8BE4AF00B62BD9 = {
						CreatedOnToolsVersion = 6.1.1;
						TestTargetID = D6F57E291A8BE4AF00B62BD9;
					};
					D6F57E531A8BE4B500B62BD9 = {
						CreatedOnToolsVersion = 6.1.1;
					};
					D6F57E6B1A8BE4B500B62BD9 = {
						CreatedOnToolsVersion = 6.1.1;
						TestTargetID = D6F57E531A8BE4B500B62BD9;
					};
				};
			};
			buildConfigurationList = D0D7788C1A02E2B2000A5F51 /* Build configuration list for PBXProject "Atlas" */;
			compatibilityVersion = "Xcode 3.2";
			developmentRegion = English;
			hasScannedForEncodings = 0;
			knownRegions = (
				en,
				Base,
			);
			mainGroup = D0D778881A02E2B2000A5F51;
			productRefGroup = D0D778941A02EAA9000A5F51 /* Products */;
			projectDirPath = "";
			projectRoot = "";
			targets = (
				D0294DD71A93F33900702856 /* UnitTests */,
				D6F57E291A8BE4AF00B62BD9 /* Programmatic */,
				D6F57E411A8BE4AF00B62BD9 /* ProgrammaticTests */,
				D6F57E531A8BE4B500B62BD9 /* Storyboard */,
				D6F57E6B1A8BE4B500B62BD9 /* StoryboardTests */,
			);
		};
/* End PBXProject section */

/* Begin PBXResourcesBuildPhase section */
		D0294DD61A93F33900702856 /* Resources */ = {
			isa = PBXResourcesBuildPhase;
			buildActionMask = 2147483647;
			files = (
			);
			runOnlyForDeploymentPostprocessing = 0;
		};
		D6F57E281A8BE4AF00B62BD9 /* Resources */ = {
			isa = PBXResourcesBuildPhase;
			buildActionMask = 2147483647;
			files = (
				7858B63D1CE54BBE007795AB /* layerLogo.png in Resources */,
				7858B6551CE54BBE007795AB /* plus@3x.png in Resources */,
				7858B6341CE54BBE007795AB /* chevron@2x.png in Resources */,
				D6C0454B1A9941CD0028E9D0 /* test-logo.png in Resources */,
				7858B62B1CE54BBE007795AB /* camera_dark@2x.png in Resources */,
				7858B6251CE54BBE007795AB /* block@3x.png in Resources */,
				7858B64C1CE54BBE007795AB /* location_dark@3x.png in Resources */,
				7858B6221CE54BBE007795AB /* block@2x.png in Resources */,
				7858B6371CE54BBE007795AB /* chevron@3x.png in Resources */,
				7858B6491CE54BBE007795AB /* location_dark@2x.png in Resources */,
				D0294DE71A93F37A00702856 /* Info.plist in Resources */,
				D6F405E71A8FDE3900AE9581 /* Images.xcassets in Resources */,
				7858B64F1CE54BBE007795AB /* plus.png in Resources */,
				7858B6281CE54BBE007795AB /* camera_dark.png in Resources */,
				7858B63A1CE54BBE007795AB /* layerbell.caf in Resources */,
				7858B6401CE54BBE007795AB /* layerLogo@2x.png in Resources */,
				7858B6431CE54BBE007795AB /* layerLogo@3x.png in Resources */,
				7858B62E1CE54BBE007795AB /* camera_dark@3x.png in Resources */,
				7858B6521CE54BBE007795AB /* plus@2x.png in Resources */,
				7858B61F1CE54BBE007795AB /* block.png in Resources */,
				7858B6311CE54BBE007795AB /* chevron.png in Resources */,
				7858B6461CE54BBE007795AB /* location_dark.png in Resources */,
			);
			runOnlyForDeploymentPostprocessing = 0;
		};
		D6F57E401A8BE4AF00B62BD9 /* Resources */ = {
			isa = PBXResourcesBuildPhase;
			buildActionMask = 2147483647;
			files = (
				5AEFC5CB1B79834300ADE4EC /* boatgif.gif in Resources */,
			);
			runOnlyForDeploymentPostprocessing = 0;
		};
		D6F57E521A8BE4B500B62BD9 /* Resources */ = {
			isa = PBXResourcesBuildPhase;
			buildActionMask = 2147483647;
			files = (
				D6D48F921A9D165600C8872E /* Atlas.storyboard in Resources */,
				7858B6261CE54BBE007795AB /* block@3x.png in Resources */,
				7858B6471CE54BBE007795AB /* location_dark.png in Resources */,
				7858B63E1CE54BBE007795AB /* layerLogo.png in Resources */,
				7858B6291CE54BBE007795AB /* camera_dark.png in Resources */,
				7858B6321CE54BBE007795AB /* chevron.png in Resources */,
				7858B6351CE54BBE007795AB /* chevron@2x.png in Resources */,
				7858B6441CE54BBE007795AB /* layerLogo@3x.png in Resources */,
				7858B6381CE54BBE007795AB /* chevron@3x.png in Resources */,
				7858B6561CE54BBE007795AB /* plus@3x.png in Resources */,
				7858B63B1CE54BBE007795AB /* layerbell.caf in Resources */,
				7858B6411CE54BBE007795AB /* layerLogo@2x.png in Resources */,
				7858B6501CE54BBE007795AB /* plus.png in Resources */,
				7858B6531CE54BBE007795AB /* plus@2x.png in Resources */,
				7858B64A1CE54BBE007795AB /* location_dark@2x.png in Resources */,
				7858B62C1CE54BBE007795AB /* camera_dark@2x.png in Resources */,
				7858B6231CE54BBE007795AB /* block@2x.png in Resources */,
				7858B64D1CE54BBE007795AB /* location_dark@3x.png in Resources */,
				7858B6201CE54BBE007795AB /* block.png in Resources */,
				7858B62F1CE54BBE007795AB /* camera_dark@3x.png in Resources */,
			);
			runOnlyForDeploymentPostprocessing = 0;
		};
		D6F57E6A1A8BE4B500B62BD9 /* Resources */ = {
			isa = PBXResourcesBuildPhase;
			buildActionMask = 2147483647;
			files = (
				D63C68E11A94250000D235D5 /* test-logo.png in Resources */,
				5AEFC5CC1B79834300ADE4EC /* boatgif.gif in Resources */,
			);
			runOnlyForDeploymentPostprocessing = 0;
		};
/* End PBXResourcesBuildPhase section */

/* Begin PBXShellScriptBuildPhase section */
		08CE458C0777E0BAD1AB2CCD /* [CP] Copy Pods Resources */ = {
			isa = PBXShellScriptBuildPhase;
			buildActionMask = 2147483647;
			files = (
			);
			inputPaths = (
			);
			name = "[CP] Copy Pods Resources";
			outputPaths = (
			);
			runOnlyForDeploymentPostprocessing = 0;
			shellPath = /bin/sh;
			shellScript = "\"${SRCROOT}/Pods/Target Support Files/Pods-Programmatic/Pods-Programmatic-resources.sh\"\n";
			showEnvVarsInLog = 0;
		};
		0E91511FE1C31A95393AADF9 /* [CP] Check Pods Manifest.lock */ = {
			isa = PBXShellScriptBuildPhase;
			buildActionMask = 2147483647;
			files = (
			);
			inputPaths = (
			);
			name = "[CP] Check Pods Manifest.lock";
			outputPaths = (
			);
			runOnlyForDeploymentPostprocessing = 0;
			shellPath = /bin/sh;
			shellScript = "diff \"${PODS_ROOT}/../Podfile.lock\" \"${PODS_ROOT}/Manifest.lock\" > /dev/null\nif [ $? != 0 ] ; then\n    # print error to STDERR\n    echo \"error: The sandbox is not in sync with the Podfile.lock. Run 'pod install' or update your CocoaPods installation.\" >&2\n    exit 1\nfi\n";
			showEnvVarsInLog = 0;
		};
		5C91C26C5EBCE2E7CCA364BC /* [CP] Copy Pods Resources */ = {
			isa = PBXShellScriptBuildPhase;
			buildActionMask = 2147483647;
			files = (
			);
			inputPaths = (
			);
			name = "[CP] Copy Pods Resources";
			outputPaths = (
			);
			runOnlyForDeploymentPostprocessing = 0;
			shellPath = /bin/sh;
			shellScript = "\"${SRCROOT}/Pods/Target Support Files/Pods-Storyboard/Pods-Storyboard-resources.sh\"\n";
			showEnvVarsInLog = 0;
		};
		6A6F86F8CA07FFBB04E61E87 /* [CP] Embed Pods Frameworks */ = {
			isa = PBXShellScriptBuildPhase;
			buildActionMask = 2147483647;
			files = (
			);
			inputPaths = (
			);
			name = "[CP] Embed Pods Frameworks";
			outputPaths = (
			);
			runOnlyForDeploymentPostprocessing = 0;
			shellPath = /bin/sh;
			shellScript = "\"${SRCROOT}/Pods/Target Support Files/Pods-test-ProgrammaticTests/Pods-test-ProgrammaticTests-frameworks.sh\"\n";
			showEnvVarsInLog = 0;
		};
		7C8393B40F348433BAFDD0B9 /* [CP] Embed Pods Frameworks */ = {
			isa = PBXShellScriptBuildPhase;
			buildActionMask = 2147483647;
			files = (
			);
			inputPaths = (
			);
			name = "[CP] Embed Pods Frameworks";
			outputPaths = (
			);
			runOnlyForDeploymentPostprocessing = 0;
			shellPath = /bin/sh;
			shellScript = "\"${SRCROOT}/Pods/Target Support Files/Pods-Storyboard/Pods-Storyboard-frameworks.sh\"\n";
			showEnvVarsInLog = 0;
		};
		80CB5D26A71E58B05172DF0E /* [CP] Check Pods Manifest.lock */ = {
			isa = PBXShellScriptBuildPhase;
			buildActionMask = 2147483647;
			files = (
			);
			inputPaths = (
			);
			name = "[CP] Check Pods Manifest.lock";
			outputPaths = (
			);
			runOnlyForDeploymentPostprocessing = 0;
			shellPath = /bin/sh;
			shellScript = "diff \"${PODS_ROOT}/../Podfile.lock\" \"${PODS_ROOT}/Manifest.lock\" > /dev/null\nif [ $? != 0 ] ; then\n    # print error to STDERR\n    echo \"error: The sandbox is not in sync with the Podfile.lock. Run 'pod install' or update your CocoaPods installation.\" >&2\n    exit 1\nfi\n";
			showEnvVarsInLog = 0;
		};
		A6AC1293F3245E2306641C54 /* [CP] Check Pods Manifest.lock */ = {
			isa = PBXShellScriptBuildPhase;
			buildActionMask = 2147483647;
			files = (
			);
			inputPaths = (
			);
			name = "[CP] Check Pods Manifest.lock";
			outputPaths = (
			);
			runOnlyForDeploymentPostprocessing = 0;
			shellPath = /bin/sh;
			shellScript = "diff \"${PODS_ROOT}/../Podfile.lock\" \"${PODS_ROOT}/Manifest.lock\" > /dev/null\nif [ $? != 0 ] ; then\n    # print error to STDERR\n    echo \"error: The sandbox is not in sync with the Podfile.lock. Run 'pod install' or update your CocoaPods installation.\" >&2\n    exit 1\nfi\n";
			showEnvVarsInLog = 0;
		};
		CBCF98B5B1502954C192D5A1 /* [CP] Check Pods Manifest.lock */ = {
			isa = PBXShellScriptBuildPhase;
			buildActionMask = 2147483647;
			files = (
			);
			inputPaths = (
			);
			name = "[CP] Check Pods Manifest.lock";
			outputPaths = (
			);
			runOnlyForDeploymentPostprocessing = 0;
			shellPath = /bin/sh;
			shellScript = "diff \"${PODS_ROOT}/../Podfile.lock\" \"${PODS_ROOT}/Manifest.lock\" > /dev/null\nif [ $? != 0 ] ; then\n    # print error to STDERR\n    echo \"error: The sandbox is not in sync with the Podfile.lock. Run 'pod install' or update your CocoaPods installation.\" >&2\n    exit 1\nfi\n";
			showEnvVarsInLog = 0;
		};
		D7F25408D7A2A75304BAA423 /* [CP] Check Pods Manifest.lock */ = {
			isa = PBXShellScriptBuildPhase;
			buildActionMask = 2147483647;
			files = (
			);
			inputPaths = (
			);
			name = "[CP] Check Pods Manifest.lock";
			outputPaths = (
			);
			runOnlyForDeploymentPostprocessing = 0;
			shellPath = /bin/sh;
			shellScript = "diff \"${PODS_ROOT}/../Podfile.lock\" \"${PODS_ROOT}/Manifest.lock\" > /dev/null\nif [ $? != 0 ] ; then\n    # print error to STDERR\n    echo \"error: The sandbox is not in sync with the Podfile.lock. Run 'pod install' or update your CocoaPods installation.\" >&2\n    exit 1\nfi\n";
			showEnvVarsInLog = 0;
		};
		DBB73C07ACFE371256674EFE /* [CP] Embed Pods Frameworks */ = {
			isa = PBXShellScriptBuildPhase;
			buildActionMask = 2147483647;
			files = (
			);
			inputPaths = (
			);
			name = "[CP] Embed Pods Frameworks";
			outputPaths = (
			);
			runOnlyForDeploymentPostprocessing = 0;
			shellPath = /bin/sh;
			shellScript = "\"${SRCROOT}/Pods/Target Support Files/Pods-UnitTests/Pods-UnitTests-frameworks.sh\"\n";
			showEnvVarsInLog = 0;
		};
		E5D44FE0613FCC68DD0D5DA8 /* [CP] Embed Pods Frameworks */ = {
			isa = PBXShellScriptBuildPhase;
			buildActionMask = 2147483647;
			files = (
			);
			inputPaths = (
			);
			name = "[CP] Embed Pods Frameworks";
			outputPaths = (
			);
			runOnlyForDeploymentPostprocessing = 0;
			shellPath = /bin/sh;
			shellScript = "\"${SRCROOT}/Pods/Target Support Files/Pods-test-StoryboardTests/Pods-test-StoryboardTests-frameworks.sh\"\n";
			showEnvVarsInLog = 0;
		};
		EB4412495A7D3F167A23153E /* [CP] Copy Pods Resources */ = {
			isa = PBXShellScriptBuildPhase;
			buildActionMask = 2147483647;
			files = (
			);
			inputPaths = (
			);
			name = "[CP] Copy Pods Resources";
			outputPaths = (
			);
			runOnlyForDeploymentPostprocessing = 0;
			shellPath = /bin/sh;
			shellScript = "\"${SRCROOT}/Pods/Target Support Files/Pods-test-StoryboardTests/Pods-test-StoryboardTests-resources.sh\"\n";
			showEnvVarsInLog = 0;
		};
		F4A445D314319BCAB2ADA9CE /* [CP] Embed Pods Frameworks */ = {
			isa = PBXShellScriptBuildPhase;
			buildActionMask = 2147483647;
			files = (
			);
			inputPaths = (
			);
			name = "[CP] Embed Pods Frameworks";
			outputPaths = (
			);
			runOnlyForDeploymentPostprocessing = 0;
			shellPath = /bin/sh;
			shellScript = "\"${SRCROOT}/Pods/Target Support Files/Pods-Programmatic/Pods-Programmatic-frameworks.sh\"\n";
			showEnvVarsInLog = 0;
		};
		F728FF30D518513156FA5822 /* [CP] Copy Pods Resources */ = {
			isa = PBXShellScriptBuildPhase;
			buildActionMask = 2147483647;
			files = (
			);
			inputPaths = (
			);
			name = "[CP] Copy Pods Resources";
			outputPaths = (
			);
			runOnlyForDeploymentPostprocessing = 0;
			shellPath = /bin/sh;
			shellScript = "\"${SRCROOT}/Pods/Target Support Files/Pods-UnitTests/Pods-UnitTests-resources.sh\"\n";
			showEnvVarsInLog = 0;
		};
		FF085973D69F3AD4A0F6D230 /* [CP] Copy Pods Resources */ = {
			isa = PBXShellScriptBuildPhase;
			buildActionMask = 2147483647;
			files = (
			);
			inputPaths = (
			);
			name = "[CP] Copy Pods Resources";
			outputPaths = (
			);
			runOnlyForDeploymentPostprocessing = 0;
			shellPath = /bin/sh;
			shellScript = "\"${SRCROOT}/Pods/Target Support Files/Pods-test-ProgrammaticTests/Pods-test-ProgrammaticTests-resources.sh\"\n";
			showEnvVarsInLog = 0;
		};
/* End PBXShellScriptBuildPhase section */

/* Begin PBXSourcesBuildPhase section */
		D0294DD41A93F33900702856 /* Sources */ = {
			isa = PBXSourcesBuildPhase;
			buildActionMask = 2147483647;
			files = (
				D02CDCDD1A9FFC930013CBE8 /* ATLTestUtilities.m in Sources */,
				D0294DE81A93F39300702856 /* ATLMediaStreamTests.m in Sources */,
				D04517141A9F9A0C00E137D9 /* ATLMediaAttachmentTests.m in Sources */,
			);
			runOnlyForDeploymentPostprocessing = 0;
		};
		D6F57E261A8BE4AF00B62BD9 /* Sources */ = {
			isa = PBXSourcesBuildPhase;
			buildActionMask = 2147483647;
			files = (
				D6F405AF1A8FDDAA00AE9581 /* ATLSampleConversationAvatarItem.m in Sources */,
				D6F405CB1A8FDDE300AE9581 /* ATLUserMock.m in Sources */,
				D6C045451A9914090028E9D0 /* ProgrammaticAppDelegate.m in Sources */,
				D6F405CA1A8FDDE300AE9581 /* LYRQueryControllerMock.m in Sources */,
				D6F405E91A8FDE3900AE9581 /* main.m in Sources */,
				D6F405C51A8FDDE300AE9581 /* LYRClientMock.m in Sources */,
				D02CDCDB1A9FFC930013CBE8 /* ATLTestUtilities.m in Sources */,
				D6F405B01A8FDDAA00AE9581 /* ATLSampleConversationListViewController.m in Sources */,
				D6F405C81A8FDDE300AE9581 /* LYRMessagePartMock.m in Sources */,
				D6F405B21A8FDDAA00AE9581 /* ATLSampleParticipantTableViewController.m in Sources */,
				D6F405C61A8FDDE300AE9581 /* LYRConversationMock.m in Sources */,
				D6F405B11A8FDDAA00AE9581 /* ATLSampleConversationViewController.m in Sources */,
				D6F405C71A8FDDE300AE9581 /* LYRMessageMock.m in Sources */,
				D6F405C91A8FDDE300AE9581 /* LYRMockContentStore.m in Sources */,
			);
			runOnlyForDeploymentPostprocessing = 0;
		};
		D6F57E3E1A8BE4AF00B62BD9 /* Sources */ = {
			isa = PBXSourcesBuildPhase;
			buildActionMask = 2147483647;
			files = (
				D6F406361A8FE28C00AE9581 /* ATLTestInterface.m in Sources */,
				D6F406351A8FE28900AE9581 /* LYRClientMockTests.m in Sources */,
				D6F406341A8FE28600AE9581 /* ATLTestClasses.m in Sources */,
				D6F4062C1A8FE28000AE9581 /* ATLConversationListViewControllerTest.m in Sources */,
				D6F4062D1A8FE28000AE9581 /* ATLConversationTableViewCellTest.m in Sources */,
				D6F4062E1A8FE28000AE9581 /* ATLConversationViewControllerTest.m in Sources */,
				5AF32FD31AA59C39005C13D7 /* ATLUserMockTest.m in Sources */,
				D6F4062F1A8FE28000AE9581 /* ATLMessageCollectionViewCellTest.m in Sources */,
				D6F406301A8FE28000AE9581 /* ATLMessageInputBarTest.m in Sources */,
				40EBBF671E9D4C2300C25041 /* ATLAvatarViewTest.m in Sources */,
				D6C0454F1A9953C70028E9D0 /* ALTAddressBarControllerTest.m in Sources */,
				5A86A2D11B82BB11005AF74B /* ATLMessageCollectionViewCellTests.m in Sources */,
				D6F406321A8FE28000AE9581 /* ATLParticipantTableViewControllerTest.m in Sources */,
				D6F406331A8FE28000AE9581 /* ATLParticipantTableViewCellTest.m in Sources */,
			);
			runOnlyForDeploymentPostprocessing = 0;
		};
		D6F57E501A8BE4B500B62BD9 /* Sources */ = {
			isa = PBXSourcesBuildPhase;
			buildActionMask = 2147483647;
			files = (
				D6D48F901A9D159000C8872E /* main.m in Sources */,
				D6D48F851A9D140F00C8872E /* LYRClientMock.m in Sources */,
				D6D48F861A9D140F00C8872E /* LYRConversationMock.m in Sources */,
				D6D48F871A9D140F00C8872E /* LYRMessageMock.m in Sources */,
				D6D48F881A9D140F00C8872E /* LYRMessagePartMock.m in Sources */,
				D6D48F891A9D140F00C8872E /* LYRMockContentStore.m in Sources */,
				D02CDCDC1A9FFC930013CBE8 /* ATLTestUtilities.m in Sources */,
				D6D48F8A1A9D140F00C8872E /* LYRQueryControllerMock.m in Sources */,
				D6D48F8B1A9D140F00C8872E /* ATLUserMock.m in Sources */,
				D6D48F8C1A9D140F00C8872E /* ATLSampleConversationAvatarItem.m in Sources */,
				D6D48F8D1A9D140F00C8872E /* ATLSampleConversationListViewController.m in Sources */,
				D6D48F8E1A9D140F00C8872E /* ATLSampleConversationViewController.m in Sources */,
				D6D48F8F1A9D140F00C8872E /* ATLSampleParticipantTableViewController.m in Sources */,
				D6F406261A8FDF5900AE9581 /* StoryboardAppDelegate.m in Sources */,
			);
			runOnlyForDeploymentPostprocessing = 0;
		};
		D6F57E681A8BE4B500B62BD9 /* Sources */ = {
			isa = PBXSourcesBuildPhase;
			buildActionMask = 2147483647;
			files = (
				D6A122B51A9D2CA2004F67BE /* ATLTestClasses.m in Sources */,
				40EBBF681E9D4C2400C25041 /* ATLAvatarViewTest.m in Sources */,
				D6A122B61A9D2CA2004F67BE /* ATLTestInterface.m in Sources */,
				D6A122B71A9D2CA2004F67BE /* LYRClientMockTests.m in Sources */,
				D6A122B81A9D2CA2004F67BE /* ATLConversationTableViewCellTest.m in Sources */,
				D6A122B91A9D2CA2004F67BE /* ATLMessageCollectionViewCellTest.m in Sources */,
				D6A122BA1A9D2CA2004F67BE /* ATLParticipantTableViewCellTest.m in Sources */,
				D6A122BB1A9D2CA2004F67BE /* ATLConversationListViewControllerTest.m in Sources */,
				D6A122BC1A9D2CA2004F67BE /* ATLConversationViewControllerTest.m in Sources */,
				D6A122BD1A9D2CA2004F67BE /* ATLMessageInputBarTest.m in Sources */,
				D6A122BE1A9D2CA2004F67BE /* ATLParticipantTableViewControllerTest.m in Sources */,
				5A86A2D21B82BB11005AF74B /* ATLMessageCollectionViewCellTests.m in Sources */,
				D6A122BF1A9D2CA2004F67BE /* ALTAddressBarControllerTest.m in Sources */,
			);
			runOnlyForDeploymentPostprocessing = 0;
		};
/* End PBXSourcesBuildPhase section */

/* Begin PBXTargetDependency section */
		D6F57E441A8BE4AF00B62BD9 /* PBXTargetDependency */ = {
			isa = PBXTargetDependency;
			target = D6F57E291A8BE4AF00B62BD9 /* Programmatic */;
			targetProxy = D6F57E431A8BE4AF00B62BD9 /* PBXContainerItemProxy */;
		};
		D6F57E6E1A8BE4B600B62BD9 /* PBXTargetDependency */ = {
			isa = PBXTargetDependency;
			target = D6F57E531A8BE4B500B62BD9 /* Storyboard */;
			targetProxy = D6F57E6D1A8BE4B600B62BD9 /* PBXContainerItemProxy */;
		};
/* End PBXTargetDependency section */

/* Begin PBXVariantGroup section */
		D6F405D01A8FDE1B00AE9581 /* LaunchScreen.xib */ = {
			isa = PBXVariantGroup;
			children = (
				D6F405D11A8FDE1B00AE9581 /* Base */,
			);
			name = LaunchScreen.xib;
			sourceTree = "<group>";
		};
		D6F405E01A8FDE3900AE9581 /* LaunchScreen.xib */ = {
			isa = PBXVariantGroup;
			children = (
				D6F405E11A8FDE3900AE9581 /* Base */,
			);
			name = LaunchScreen.xib;
			sourceTree = "<group>";
		};
/* End PBXVariantGroup section */

/* Begin XCBuildConfiguration section */
		D0294DE01A93F33900702856 /* Debug */ = {
			isa = XCBuildConfiguration;
			baseConfigurationReference = 886A86EFB93A13A1717104CE /* Pods-UnitTests.debug.xcconfig */;
			buildSettings = {
				ALWAYS_SEARCH_USER_PATHS = NO;
				CLANG_CXX_LANGUAGE_STANDARD = "gnu++0x";
				CLANG_CXX_LIBRARY = "libc++";
				CLANG_ENABLE_MODULES = YES;
				CLANG_ENABLE_OBJC_ARC = YES;
				CLANG_WARN_BOOL_CONVERSION = YES;
				CLANG_WARN_CONSTANT_CONVERSION = YES;
				CLANG_WARN_DIRECT_OBJC_ISA_USAGE = YES_ERROR;
				CLANG_WARN_EMPTY_BODY = YES;
				CLANG_WARN_ENUM_CONVERSION = YES;
				CLANG_WARN_INT_CONVERSION = YES;
				CLANG_WARN_OBJC_ROOT_CLASS = YES_ERROR;
				CLANG_WARN_UNREACHABLE_CODE = YES;
				CLANG_WARN__DUPLICATE_METHOD_MATCH = YES;
				CODE_SIGN_IDENTITY = "iPhone Developer";
				COPY_PHASE_STRIP = NO;
				ENABLE_STRICT_OBJC_MSGSEND = YES;
				GCC_C_LANGUAGE_STANDARD = gnu99;
				GCC_DYNAMIC_NO_PIC = NO;
				GCC_OPTIMIZATION_LEVEL = 0;
				GCC_PREPROCESSOR_DEFINITIONS = (
					"DEBUG=1",
					"$(inherited)",
				);
				GCC_SYMBOLS_PRIVATE_EXTERN = NO;
				GCC_WARN_64_TO_32_BIT_CONVERSION = YES;
				GCC_WARN_ABOUT_RETURN_TYPE = YES_ERROR;
				GCC_WARN_UNDECLARED_SELECTOR = YES;
				GCC_WARN_UNINITIALIZED_AUTOS = YES_AGGRESSIVE;
				GCC_WARN_UNUSED_FUNCTION = YES;
				GCC_WARN_UNUSED_VARIABLE = YES;
				INFOPLIST_FILE = Tests/Info.plist;
				IPHONEOS_DEPLOYMENT_TARGET = 8.0;
				LD_RUNPATH_SEARCH_PATHS = "$(inherited) @executable_path/Frameworks @loader_path/Frameworks";
				MTL_ENABLE_DEBUG_INFO = YES;
				PRODUCT_BUNDLE_IDENTIFIER = "com.layer.Atlas.$(PRODUCT_NAME:rfc1034identifier)";
				PRODUCT_NAME = "$(TARGET_NAME)";
				SDKROOT = iphoneos;
			};
			name = Debug;
		};
		D0294DE11A93F33900702856 /* Release */ = {
			isa = XCBuildConfiguration;
			baseConfigurationReference = 98BF90733247F9CE21529791 /* Pods-UnitTests.release.xcconfig */;
			buildSettings = {
				ALWAYS_SEARCH_USER_PATHS = NO;
				CLANG_CXX_LANGUAGE_STANDARD = "gnu++0x";
				CLANG_CXX_LIBRARY = "libc++";
				CLANG_ENABLE_MODULES = YES;
				CLANG_ENABLE_OBJC_ARC = YES;
				CLANG_WARN_BOOL_CONVERSION = YES;
				CLANG_WARN_CONSTANT_CONVERSION = YES;
				CLANG_WARN_DIRECT_OBJC_ISA_USAGE = YES_ERROR;
				CLANG_WARN_EMPTY_BODY = YES;
				CLANG_WARN_ENUM_CONVERSION = YES;
				CLANG_WARN_INT_CONVERSION = YES;
				CLANG_WARN_OBJC_ROOT_CLASS = YES_ERROR;
				CLANG_WARN_UNREACHABLE_CODE = YES;
				CLANG_WARN__DUPLICATE_METHOD_MATCH = YES;
				CODE_SIGN_IDENTITY = "iPhone Developer";
				COPY_PHASE_STRIP = YES;
				ENABLE_NS_ASSERTIONS = NO;
				ENABLE_STRICT_OBJC_MSGSEND = YES;
				GCC_C_LANGUAGE_STANDARD = gnu99;
				GCC_WARN_64_TO_32_BIT_CONVERSION = YES;
				GCC_WARN_ABOUT_RETURN_TYPE = YES_ERROR;
				GCC_WARN_UNDECLARED_SELECTOR = YES;
				GCC_WARN_UNINITIALIZED_AUTOS = YES_AGGRESSIVE;
				GCC_WARN_UNUSED_FUNCTION = YES;
				GCC_WARN_UNUSED_VARIABLE = YES;
				INFOPLIST_FILE = Tests/Info.plist;
				IPHONEOS_DEPLOYMENT_TARGET = 8.0;
				LD_RUNPATH_SEARCH_PATHS = "$(inherited) @executable_path/Frameworks @loader_path/Frameworks";
				MTL_ENABLE_DEBUG_INFO = NO;
				PRODUCT_BUNDLE_IDENTIFIER = "com.layer.Atlas.$(PRODUCT_NAME:rfc1034identifier)";
				PRODUCT_NAME = "$(TARGET_NAME)";
				SDKROOT = iphoneos;
				VALIDATE_PRODUCT = YES;
			};
			name = Release;
		};
		D0D7788D1A02E2B2000A5F51 /* Debug */ = {
			isa = XCBuildConfiguration;
			buildSettings = {
				CLANG_WARN_BOOL_CONVERSION = YES;
				CLANG_WARN_CONSTANT_CONVERSION = YES;
				CLANG_WARN_EMPTY_BODY = YES;
				CLANG_WARN_ENUM_CONVERSION = YES;
				CLANG_WARN_INFINITE_RECURSION = YES;
				CLANG_WARN_INT_CONVERSION = YES;
				CLANG_WARN_SUSPICIOUS_MOVE = YES;
				CLANG_WARN_UNREACHABLE_CODE = YES;
				CLANG_WARN__DUPLICATE_METHOD_MATCH = YES;
				ENABLE_STRICT_OBJC_MSGSEND = YES;
				ENABLE_TESTABILITY = YES;
				GCC_NO_COMMON_BLOCKS = YES;
				GCC_TREAT_WARNINGS_AS_ERRORS = YES;
				GCC_WARN_64_TO_32_BIT_CONVERSION = YES;
				GCC_WARN_ABOUT_RETURN_TYPE = YES;
				GCC_WARN_UNDECLARED_SELECTOR = YES;
				GCC_WARN_UNINITIALIZED_AUTOS = YES;
				GCC_WARN_UNUSED_FUNCTION = YES;
				GCC_WARN_UNUSED_VARIABLE = YES;
				ONLY_ACTIVE_ARCH = YES;
			};
			name = Debug;
		};
		D0D7788E1A02E2B2000A5F51 /* Release */ = {
			isa = XCBuildConfiguration;
			buildSettings = {
				CLANG_WARN_BOOL_CONVERSION = YES;
				CLANG_WARN_CONSTANT_CONVERSION = YES;
				CLANG_WARN_EMPTY_BODY = YES;
				CLANG_WARN_ENUM_CONVERSION = YES;
				CLANG_WARN_INFINITE_RECURSION = YES;
				CLANG_WARN_INT_CONVERSION = YES;
				CLANG_WARN_SUSPICIOUS_MOVE = YES;
				CLANG_WARN_UNREACHABLE_CODE = YES;
				CLANG_WARN__DUPLICATE_METHOD_MATCH = YES;
				ENABLE_STRICT_OBJC_MSGSEND = YES;
				GCC_NO_COMMON_BLOCKS = YES;
				GCC_TREAT_WARNINGS_AS_ERRORS = YES;
				GCC_WARN_64_TO_32_BIT_CONVERSION = YES;
				GCC_WARN_ABOUT_RETURN_TYPE = YES;
				GCC_WARN_UNDECLARED_SELECTOR = YES;
				GCC_WARN_UNINITIALIZED_AUTOS = YES;
				GCC_WARN_UNUSED_FUNCTION = YES;
				GCC_WARN_UNUSED_VARIABLE = YES;
			};
			name = Release;
		};
		D6F57E4B1A8BE4AF00B62BD9 /* Debug */ = {
			isa = XCBuildConfiguration;
			baseConfigurationReference = DD247AF2EF0D58C390C41D9F /* Pods-Programmatic.debug.xcconfig */;
			buildSettings = {
				ALWAYS_SEARCH_USER_PATHS = NO;
				ASSETCATALOG_COMPILER_APPICON_NAME = AppIcon;
				ASSETCATALOG_COMPILER_LAUNCHIMAGE_NAME = LaunchImage;
				CLANG_CXX_LANGUAGE_STANDARD = "gnu++0x";
				CLANG_CXX_LIBRARY = "libc++";
				CLANG_ENABLE_MODULES = YES;
				CLANG_ENABLE_OBJC_ARC = YES;
				CLANG_WARN_BOOL_CONVERSION = YES;
				CLANG_WARN_CONSTANT_CONVERSION = YES;
				CLANG_WARN_DIRECT_OBJC_ISA_USAGE = YES_ERROR;
				CLANG_WARN_EMPTY_BODY = YES;
				CLANG_WARN_ENUM_CONVERSION = YES;
				CLANG_WARN_INT_CONVERSION = YES;
				CLANG_WARN_OBJC_ROOT_CLASS = YES_ERROR;
				CLANG_WARN_UNREACHABLE_CODE = YES;
				CLANG_WARN__DUPLICATE_METHOD_MATCH = YES;
				CODE_SIGN_IDENTITY = "iPhone Developer";
				"CODE_SIGN_IDENTITY[sdk=iphoneos*]" = "iPhone Developer";
				COPY_PHASE_STRIP = NO;
				ENABLE_STRICT_OBJC_MSGSEND = YES;
				GCC_C_LANGUAGE_STANDARD = gnu99;
				GCC_DYNAMIC_NO_PIC = NO;
				GCC_OPTIMIZATION_LEVEL = 0;
				GCC_PREPROCESSOR_DEFINITIONS = (
					"DEBUG=1",
					"$(inherited)",
				);
				GCC_SYMBOLS_PRIVATE_EXTERN = NO;
				GCC_WARN_64_TO_32_BIT_CONVERSION = YES;
				GCC_WARN_ABOUT_RETURN_TYPE = YES_ERROR;
				GCC_WARN_UNDECLARED_SELECTOR = YES;
				GCC_WARN_UNINITIALIZED_AUTOS = YES_AGGRESSIVE;
				GCC_WARN_UNUSED_FUNCTION = YES;
				GCC_WARN_UNUSED_VARIABLE = YES;
				HEADER_SEARCH_PATHS = (
					"$(inherited)",
					"\"${PODS_ROOT}/Headers/Public\"",
					"\"${PODS_ROOT}/Headers/Public/LayerKit\"/**",
				);
				INFOPLIST_FILE = Examples/Programmatic/Info.plist;
				IPHONEOS_DEPLOYMENT_TARGET = 8.0;
				LD_RUNPATH_SEARCH_PATHS = "$(inherited) @executable_path/Frameworks";
				MTL_ENABLE_DEBUG_INFO = YES;
				OTHER_LDFLAGS = (
					"$(inherited)",
					"-l\"z\"",
					"-framework",
					"\"Atlas\"",
					"-framework",
					"\"CFNetwork\"",
					"-framework",
					"\"CoreGraphics\"",
					"-framework",
					"\"MobileCoreServices\"",
					"-framework",
					"\"Security\"",
					"-framework",
					"\"SystemConfiguration\"",
					"-framework",
					"\"UIKit\"",
				);
				PRODUCT_BUNDLE_IDENTIFIER = "com.layer.$(PRODUCT_NAME:rfc1034identifier)";
				PRODUCT_NAME = "$(TARGET_NAME)";
				SDKROOT = iphoneos;
			};
			name = Debug;
		};
		D6F57E4C1A8BE4AF00B62BD9 /* Release */ = {
			isa = XCBuildConfiguration;
			baseConfigurationReference = 5BDC513D0E932968078A69D7 /* Pods-Programmatic.release.xcconfig */;
			buildSettings = {
				ALWAYS_SEARCH_USER_PATHS = NO;
				ASSETCATALOG_COMPILER_APPICON_NAME = AppIcon;
				ASSETCATALOG_COMPILER_LAUNCHIMAGE_NAME = LaunchImage;
				CLANG_CXX_LANGUAGE_STANDARD = "gnu++0x";
				CLANG_CXX_LIBRARY = "libc++";
				CLANG_ENABLE_MODULES = YES;
				CLANG_ENABLE_OBJC_ARC = YES;
				CLANG_WARN_BOOL_CONVERSION = YES;
				CLANG_WARN_CONSTANT_CONVERSION = YES;
				CLANG_WARN_DIRECT_OBJC_ISA_USAGE = YES_ERROR;
				CLANG_WARN_EMPTY_BODY = YES;
				CLANG_WARN_ENUM_CONVERSION = YES;
				CLANG_WARN_INT_CONVERSION = YES;
				CLANG_WARN_OBJC_ROOT_CLASS = YES_ERROR;
				CLANG_WARN_UNREACHABLE_CODE = YES;
				CLANG_WARN__DUPLICATE_METHOD_MATCH = YES;
				CODE_SIGN_IDENTITY = "iPhone Developer";
				"CODE_SIGN_IDENTITY[sdk=iphoneos*]" = "iPhone Developer";
				COPY_PHASE_STRIP = YES;
				ENABLE_STRICT_OBJC_MSGSEND = YES;
				GCC_C_LANGUAGE_STANDARD = gnu99;
				GCC_WARN_64_TO_32_BIT_CONVERSION = YES;
				GCC_WARN_ABOUT_RETURN_TYPE = YES_ERROR;
				GCC_WARN_UNDECLARED_SELECTOR = YES;
				GCC_WARN_UNINITIALIZED_AUTOS = YES_AGGRESSIVE;
				GCC_WARN_UNUSED_FUNCTION = YES;
				GCC_WARN_UNUSED_VARIABLE = YES;
				HEADER_SEARCH_PATHS = (
					"$(inherited)",
					"\"${PODS_ROOT}/Headers/Public\"",
					"\"${PODS_ROOT}/Headers/Public/LayerKit\"/**",
				);
				INFOPLIST_FILE = Examples/Programmatic/Info.plist;
				IPHONEOS_DEPLOYMENT_TARGET = 8.0;
				LD_RUNPATH_SEARCH_PATHS = "$(inherited) @executable_path/Frameworks";
				MTL_ENABLE_DEBUG_INFO = NO;
				OTHER_LDFLAGS = (
					"$(inherited)",
					"-l\"z\"",
					"-framework",
					"\"Atlas\"",
					"-framework",
					"\"CFNetwork\"",
					"-framework",
					"\"CoreGraphics\"",
					"-framework",
					"\"MobileCoreServices\"",
					"-framework",
					"\"Security\"",
					"-framework",
					"\"SystemConfiguration\"",
					"-framework",
					"\"UIKit\"",
				);
				PRODUCT_BUNDLE_IDENTIFIER = "com.layer.$(PRODUCT_NAME:rfc1034identifier)";
				PRODUCT_NAME = "$(TARGET_NAME)";
				SDKROOT = iphoneos;
				VALIDATE_PRODUCT = YES;
			};
			name = Release;
		};
		D6F57E4E1A8BE4AF00B62BD9 /* Debug */ = {
			isa = XCBuildConfiguration;
			baseConfigurationReference = E994C194C8CEC4ECECA9506A /* Pods-test-ProgrammaticTests.debug.xcconfig */;
			buildSettings = {
				ALWAYS_SEARCH_USER_PATHS = NO;
				BUNDLE_LOADER = "$(TEST_HOST)";
				CLANG_CXX_LANGUAGE_STANDARD = "gnu++0x";
				CLANG_CXX_LIBRARY = "libc++";
				CLANG_ENABLE_MODULES = YES;
				CLANG_ENABLE_OBJC_ARC = YES;
				CLANG_WARN_BOOL_CONVERSION = YES;
				CLANG_WARN_CONSTANT_CONVERSION = YES;
				CLANG_WARN_DIRECT_OBJC_ISA_USAGE = YES_ERROR;
				CLANG_WARN_EMPTY_BODY = YES;
				CLANG_WARN_ENUM_CONVERSION = YES;
				CLANG_WARN_INT_CONVERSION = YES;
				CLANG_WARN_OBJC_ROOT_CLASS = YES_ERROR;
				CLANG_WARN_UNREACHABLE_CODE = YES;
				CLANG_WARN__DUPLICATE_METHOD_MATCH = YES;
				COPY_PHASE_STRIP = NO;
				ENABLE_STRICT_OBJC_MSGSEND = YES;
				GCC_C_LANGUAGE_STANDARD = gnu99;
				GCC_DYNAMIC_NO_PIC = NO;
				GCC_OPTIMIZATION_LEVEL = 0;
				GCC_PREPROCESSOR_DEFINITIONS = (
					"DEBUG=1",
					"$(inherited)",
				);
				GCC_SYMBOLS_PRIVATE_EXTERN = NO;
				GCC_WARN_64_TO_32_BIT_CONVERSION = YES;
				GCC_WARN_ABOUT_RETURN_TYPE = YES_ERROR;
				GCC_WARN_UNDECLARED_SELECTOR = YES;
				GCC_WARN_UNINITIALIZED_AUTOS = YES_AGGRESSIVE;
				GCC_WARN_UNUSED_FUNCTION = YES;
				GCC_WARN_UNUSED_VARIABLE = YES;
				INFOPLIST_FILE = "Tests/Resources/ProgrammaticTests-Info.plist";
				IPHONEOS_DEPLOYMENT_TARGET = 8.0;
				LD_RUNPATH_SEARCH_PATHS = "$(inherited) @executable_path/Frameworks @loader_path/Frameworks";
				MTL_ENABLE_DEBUG_INFO = YES;
				PRODUCT_BUNDLE_IDENTIFIER = "com.layer.$(PRODUCT_NAME:rfc1034identifier)";
				PRODUCT_NAME = "$(TARGET_NAME)";
				SDKROOT = iphoneos;
				TEST_HOST = "$(BUILT_PRODUCTS_DIR)/Programmatic.app/Programmatic";
			};
			name = Debug;
		};
		D6F57E4F1A8BE4AF00B62BD9 /* Release */ = {
			isa = XCBuildConfiguration;
			baseConfigurationReference = 34C06B1C4F6FE86629A3C050 /* Pods-test-ProgrammaticTests.release.xcconfig */;
			buildSettings = {
				ALWAYS_SEARCH_USER_PATHS = NO;
				BUNDLE_LOADER = "$(TEST_HOST)";
				CLANG_CXX_LANGUAGE_STANDARD = "gnu++0x";
				CLANG_CXX_LIBRARY = "libc++";
				CLANG_ENABLE_MODULES = YES;
				CLANG_ENABLE_OBJC_ARC = YES;
				CLANG_WARN_BOOL_CONVERSION = YES;
				CLANG_WARN_CONSTANT_CONVERSION = YES;
				CLANG_WARN_DIRECT_OBJC_ISA_USAGE = YES_ERROR;
				CLANG_WARN_EMPTY_BODY = YES;
				CLANG_WARN_ENUM_CONVERSION = YES;
				CLANG_WARN_INT_CONVERSION = YES;
				CLANG_WARN_OBJC_ROOT_CLASS = YES_ERROR;
				CLANG_WARN_UNREACHABLE_CODE = YES;
				CLANG_WARN__DUPLICATE_METHOD_MATCH = YES;
				COPY_PHASE_STRIP = YES;
				ENABLE_NS_ASSERTIONS = NO;
				ENABLE_STRICT_OBJC_MSGSEND = YES;
				GCC_C_LANGUAGE_STANDARD = gnu99;
				GCC_WARN_64_TO_32_BIT_CONVERSION = YES;
				GCC_WARN_ABOUT_RETURN_TYPE = YES_ERROR;
				GCC_WARN_UNDECLARED_SELECTOR = YES;
				GCC_WARN_UNINITIALIZED_AUTOS = YES_AGGRESSIVE;
				GCC_WARN_UNUSED_FUNCTION = YES;
				GCC_WARN_UNUSED_VARIABLE = YES;
				INFOPLIST_FILE = "Tests/Resources/ProgrammaticTests-Info.plist";
				IPHONEOS_DEPLOYMENT_TARGET = 8.0;
				LD_RUNPATH_SEARCH_PATHS = "$(inherited) @executable_path/Frameworks @loader_path/Frameworks";
				MTL_ENABLE_DEBUG_INFO = NO;
				PRODUCT_BUNDLE_IDENTIFIER = "com.layer.$(PRODUCT_NAME:rfc1034identifier)";
				PRODUCT_NAME = "$(TARGET_NAME)";
				SDKROOT = iphoneos;
				TEST_HOST = "$(BUILT_PRODUCTS_DIR)/Programmatic.app/Programmatic";
				VALIDATE_PRODUCT = YES;
			};
			name = Release;
		};
		D6F57E751A8BE4B600B62BD9 /* Debug */ = {
			isa = XCBuildConfiguration;
			baseConfigurationReference = 4160065E3D4E4D6CA1EF3F99 /* Pods-Storyboard.debug.xcconfig */;
			buildSettings = {
				ALWAYS_SEARCH_USER_PATHS = NO;
				ASSETCATALOG_COMPILER_APPICON_NAME = AppIcon;
				CLANG_CXX_LANGUAGE_STANDARD = "gnu++0x";
				CLANG_CXX_LIBRARY = "libc++";
				CLANG_ENABLE_MODULES = YES;
				CLANG_ENABLE_OBJC_ARC = YES;
				CLANG_WARN_BOOL_CONVERSION = YES;
				CLANG_WARN_CONSTANT_CONVERSION = YES;
				CLANG_WARN_DIRECT_OBJC_ISA_USAGE = YES_ERROR;
				CLANG_WARN_EMPTY_BODY = YES;
				CLANG_WARN_ENUM_CONVERSION = YES;
				CLANG_WARN_INT_CONVERSION = YES;
				CLANG_WARN_OBJC_ROOT_CLASS = YES_ERROR;
				CLANG_WARN_UNREACHABLE_CODE = YES;
				CLANG_WARN__DUPLICATE_METHOD_MATCH = YES;
				CODE_SIGN_IDENTITY = "iPhone Developer";
				"CODE_SIGN_IDENTITY[sdk=iphoneos*]" = "iPhone Developer";
				COPY_PHASE_STRIP = NO;
				ENABLE_STRICT_OBJC_MSGSEND = YES;
				GCC_C_LANGUAGE_STANDARD = gnu99;
				GCC_DYNAMIC_NO_PIC = NO;
				GCC_OPTIMIZATION_LEVEL = 0;
				GCC_PREPROCESSOR_DEFINITIONS = (
					"DEBUG=1",
					"$(inherited)",
				);
				GCC_SYMBOLS_PRIVATE_EXTERN = NO;
				GCC_WARN_64_TO_32_BIT_CONVERSION = YES;
				GCC_WARN_ABOUT_RETURN_TYPE = YES_ERROR;
				GCC_WARN_UNDECLARED_SELECTOR = YES;
				GCC_WARN_UNINITIALIZED_AUTOS = YES_AGGRESSIVE;
				GCC_WARN_UNUSED_FUNCTION = YES;
				GCC_WARN_UNUSED_VARIABLE = YES;
				INFOPLIST_FILE = Examples/Storyboard/Info.plist;
				IPHONEOS_DEPLOYMENT_TARGET = 8.0;
				LD_RUNPATH_SEARCH_PATHS = "$(inherited) @executable_path/Frameworks";
				MTL_ENABLE_DEBUG_INFO = YES;
				PRODUCT_BUNDLE_IDENTIFIER = "com.layer.$(PRODUCT_NAME:rfc1034identifier)";
				PRODUCT_NAME = "$(TARGET_NAME)";
				SDKROOT = iphoneos;
			};
			name = Debug;
		};
		D6F57E761A8BE4B600B62BD9 /* Release */ = {
			isa = XCBuildConfiguration;
			baseConfigurationReference = 91A456BCEC404FC7F83EC216 /* Pods-Storyboard.release.xcconfig */;
			buildSettings = {
				ALWAYS_SEARCH_USER_PATHS = NO;
				ASSETCATALOG_COMPILER_APPICON_NAME = AppIcon;
				CLANG_CXX_LANGUAGE_STANDARD = "gnu++0x";
				CLANG_CXX_LIBRARY = "libc++";
				CLANG_ENABLE_MODULES = YES;
				CLANG_ENABLE_OBJC_ARC = YES;
				CLANG_WARN_BOOL_CONVERSION = YES;
				CLANG_WARN_CONSTANT_CONVERSION = YES;
				CLANG_WARN_DIRECT_OBJC_ISA_USAGE = YES_ERROR;
				CLANG_WARN_EMPTY_BODY = YES;
				CLANG_WARN_ENUM_CONVERSION = YES;
				CLANG_WARN_INT_CONVERSION = YES;
				CLANG_WARN_OBJC_ROOT_CLASS = YES_ERROR;
				CLANG_WARN_UNREACHABLE_CODE = YES;
				CLANG_WARN__DUPLICATE_METHOD_MATCH = YES;
				CODE_SIGN_IDENTITY = "iPhone Developer";
				"CODE_SIGN_IDENTITY[sdk=iphoneos*]" = "iPhone Developer";
				COPY_PHASE_STRIP = YES;
				ENABLE_STRICT_OBJC_MSGSEND = YES;
				GCC_C_LANGUAGE_STANDARD = gnu99;
				GCC_WARN_64_TO_32_BIT_CONVERSION = YES;
				GCC_WARN_ABOUT_RETURN_TYPE = YES_ERROR;
				GCC_WARN_UNDECLARED_SELECTOR = YES;
				GCC_WARN_UNINITIALIZED_AUTOS = YES_AGGRESSIVE;
				GCC_WARN_UNUSED_FUNCTION = YES;
				GCC_WARN_UNUSED_VARIABLE = YES;
				INFOPLIST_FILE = Examples/Storyboard/Info.plist;
				IPHONEOS_DEPLOYMENT_TARGET = 8.0;
				LD_RUNPATH_SEARCH_PATHS = "$(inherited) @executable_path/Frameworks";
				MTL_ENABLE_DEBUG_INFO = NO;
				PRODUCT_BUNDLE_IDENTIFIER = "com.layer.$(PRODUCT_NAME:rfc1034identifier)";
				PRODUCT_NAME = "$(TARGET_NAME)";
				SDKROOT = iphoneos;
				VALIDATE_PRODUCT = YES;
			};
			name = Release;
		};
		D6F57E781A8BE4B600B62BD9 /* Debug */ = {
			isa = XCBuildConfiguration;
			baseConfigurationReference = A8E39A93868BE92F637098C5 /* Pods-test-StoryboardTests.debug.xcconfig */;
			buildSettings = {
				ALWAYS_SEARCH_USER_PATHS = NO;
				BUNDLE_LOADER = "$(TEST_HOST)";
				CLANG_CXX_LANGUAGE_STANDARD = "gnu++0x";
				CLANG_CXX_LIBRARY = "libc++";
				CLANG_ENABLE_MODULES = YES;
				CLANG_ENABLE_OBJC_ARC = YES;
				CLANG_WARN_BOOL_CONVERSION = YES;
				CLANG_WARN_CONSTANT_CONVERSION = YES;
				CLANG_WARN_DIRECT_OBJC_ISA_USAGE = YES_ERROR;
				CLANG_WARN_EMPTY_BODY = YES;
				CLANG_WARN_ENUM_CONVERSION = YES;
				CLANG_WARN_INT_CONVERSION = YES;
				CLANG_WARN_OBJC_ROOT_CLASS = YES_ERROR;
				CLANG_WARN_UNREACHABLE_CODE = YES;
				CLANG_WARN__DUPLICATE_METHOD_MATCH = YES;
				COPY_PHASE_STRIP = NO;
				ENABLE_STRICT_OBJC_MSGSEND = YES;
				GCC_C_LANGUAGE_STANDARD = gnu99;
				GCC_DYNAMIC_NO_PIC = NO;
				GCC_OPTIMIZATION_LEVEL = 0;
				GCC_PREPROCESSOR_DEFINITIONS = (
					"DEBUG=1",
					"$(inherited)",
				);
				GCC_SYMBOLS_PRIVATE_EXTERN = NO;
				GCC_WARN_64_TO_32_BIT_CONVERSION = YES;
				GCC_WARN_ABOUT_RETURN_TYPE = YES_ERROR;
				GCC_WARN_UNDECLARED_SELECTOR = YES;
				GCC_WARN_UNINITIALIZED_AUTOS = YES_AGGRESSIVE;
				GCC_WARN_UNUSED_FUNCTION = YES;
				GCC_WARN_UNUSED_VARIABLE = YES;
				INFOPLIST_FILE = "Tests/Resources/StoryboardTests-Info.plist";
				IPHONEOS_DEPLOYMENT_TARGET = 8.0;
				LD_RUNPATH_SEARCH_PATHS = "$(inherited) @executable_path/Frameworks @loader_path/Frameworks";
				MTL_ENABLE_DEBUG_INFO = YES;
				PRODUCT_BUNDLE_IDENTIFIER = "com.layer.$(PRODUCT_NAME:rfc1034identifier)";
				PRODUCT_NAME = "$(TARGET_NAME)";
				SDKROOT = iphoneos;
				TEST_HOST = "$(BUILT_PRODUCTS_DIR)/Storyboard.app/Storyboard";
			};
			name = Debug;
		};
		D6F57E791A8BE4B600B62BD9 /* Release */ = {
			isa = XCBuildConfiguration;
			baseConfigurationReference = 959F1869E1FC45A3651F40B6 /* Pods-test-StoryboardTests.release.xcconfig */;
			buildSettings = {
				ALWAYS_SEARCH_USER_PATHS = NO;
				BUNDLE_LOADER = "$(TEST_HOST)";
				CLANG_CXX_LANGUAGE_STANDARD = "gnu++0x";
				CLANG_CXX_LIBRARY = "libc++";
				CLANG_ENABLE_MODULES = YES;
				CLANG_ENABLE_OBJC_ARC = YES;
				CLANG_WARN_BOOL_CONVERSION = YES;
				CLANG_WARN_CONSTANT_CONVERSION = YES;
				CLANG_WARN_DIRECT_OBJC_ISA_USAGE = YES_ERROR;
				CLANG_WARN_EMPTY_BODY = YES;
				CLANG_WARN_ENUM_CONVERSION = YES;
				CLANG_WARN_INT_CONVERSION = YES;
				CLANG_WARN_OBJC_ROOT_CLASS = YES_ERROR;
				CLANG_WARN_UNREACHABLE_CODE = YES;
				CLANG_WARN__DUPLICATE_METHOD_MATCH = YES;
				COPY_PHASE_STRIP = YES;
				ENABLE_NS_ASSERTIONS = NO;
				ENABLE_STRICT_OBJC_MSGSEND = YES;
				GCC_C_LANGUAGE_STANDARD = gnu99;
				GCC_WARN_64_TO_32_BIT_CONVERSION = YES;
				GCC_WARN_ABOUT_RETURN_TYPE = YES_ERROR;
				GCC_WARN_UNDECLARED_SELECTOR = YES;
				GCC_WARN_UNINITIALIZED_AUTOS = YES_AGGRESSIVE;
				GCC_WARN_UNUSED_FUNCTION = YES;
				GCC_WARN_UNUSED_VARIABLE = YES;
				INFOPLIST_FILE = "Tests/Resources/StoryboardTests-Info.plist";
				IPHONEOS_DEPLOYMENT_TARGET = 8.0;
				LD_RUNPATH_SEARCH_PATHS = "$(inherited) @executable_path/Frameworks @loader_path/Frameworks";
				MTL_ENABLE_DEBUG_INFO = NO;
				PRODUCT_BUNDLE_IDENTIFIER = "com.layer.$(PRODUCT_NAME:rfc1034identifier)";
				PRODUCT_NAME = "$(TARGET_NAME)";
				SDKROOT = iphoneos;
				TEST_HOST = "$(BUILT_PRODUCTS_DIR)/Storyboard.app/Storyboard";
				VALIDATE_PRODUCT = YES;
			};
			name = Release;
		};
/* End XCBuildConfiguration section */

/* Begin XCConfigurationList section */
		D0294DE21A93F33900702856 /* Build configuration list for PBXNativeTarget "UnitTests" */ = {
			isa = XCConfigurationList;
			buildConfigurations = (
				D0294DE01A93F33900702856 /* Debug */,
				D0294DE11A93F33900702856 /* Release */,
			);
			defaultConfigurationIsVisible = 0;
			defaultConfigurationName = Release;
		};
		D0D7788C1A02E2B2000A5F51 /* Build configuration list for PBXProject "Atlas" */ = {
			isa = XCConfigurationList;
			buildConfigurations = (
				D0D7788D1A02E2B2000A5F51 /* Debug */,
				D0D7788E1A02E2B2000A5F51 /* Release */,
			);
			defaultConfigurationIsVisible = 0;
			defaultConfigurationName = Release;
		};
		D6F57E4A1A8BE4AF00B62BD9 /* Build configuration list for PBXNativeTarget "Programmatic" */ = {
			isa = XCConfigurationList;
			buildConfigurations = (
				D6F57E4B1A8BE4AF00B62BD9 /* Debug */,
				D6F57E4C1A8BE4AF00B62BD9 /* Release */,
			);
			defaultConfigurationIsVisible = 0;
			defaultConfigurationName = Release;
		};
		D6F57E4D1A8BE4AF00B62BD9 /* Build configuration list for PBXNativeTarget "ProgrammaticTests" */ = {
			isa = XCConfigurationList;
			buildConfigurations = (
				D6F57E4E1A8BE4AF00B62BD9 /* Debug */,
				D6F57E4F1A8BE4AF00B62BD9 /* Release */,
			);
			defaultConfigurationIsVisible = 0;
			defaultConfigurationName = Release;
		};
		D6F57E741A8BE4B600B62BD9 /* Build configuration list for PBXNativeTarget "Storyboard" */ = {
			isa = XCConfigurationList;
			buildConfigurations = (
				D6F57E751A8BE4B600B62BD9 /* Debug */,
				D6F57E761A8BE4B600B62BD9 /* Release */,
			);
			defaultConfigurationIsVisible = 0;
			defaultConfigurationName = Release;
		};
		D6F57E771A8BE4B600B62BD9 /* Build configuration list for PBXNativeTarget "StoryboardTests" */ = {
			isa = XCConfigurationList;
			buildConfigurations = (
				D6F57E781A8BE4B600B62BD9 /* Debug */,
				D6F57E791A8BE4B600B62BD9 /* Release */,
			);
			defaultConfigurationIsVisible = 0;
			defaultConfigurationName = Release;
		};
/* End XCConfigurationList section */
	};
	rootObject = D0D778891A02E2B2000A5F51 /* Project object */;
}
