PODS:
  - Expecta (1.0.6)
  - KIF (3.6.0):
    - KIF/Core (= 3.6.0)
  - KIF/Core (3.6.0)
  - LayerKit (1.0.0-pre2)
  - LayerXDK/UI (1.0.0-pre2):
    - LayerKit (= 1.0.0-pre2)
  - OCHamcrest (7.0.2)
  - OCMock (3.4.1)
  - OCMockito (5.0.1):
    - OCHamcrest (~> 7.0)
  - Specta (1.0.7)

DEPENDENCIES:
  - Expecta
  - KIF
  - LayerKit (= 1.0.0-pre2)
  - LayerXDK/UI (from `../.`)
  - OCMock
  - OCMockito
  - Specta

EXTERNAL SOURCES:
  LayerXDK:
    :path: ../.

SPEC CHECKSUMS:
  Expecta: 3b6bd90a64b9a1dcb0b70aa0e10a7f8f631667d5
  KIF: bd770edd8ce49bc7308501e4871e58a02d137be3
  LayerKit: 57228d59f2036a8c81e8c871fdaeffb1ad7740e0
  LayerXDK: e5d9fe01dc7e0a7f8ac31edb97177f511d3bd086
  OCHamcrest: 706bfbf69a3df55a873bad096014e80e2e8ca93c
  OCMock: 2cd0716969bab32a2283ff3a46fd26a8c8b4c5e3
  OCMockito: 063837a086c058e764fcd23e771089c1759e7197
  Specta: 3e1bd89c3517421982dc4d1c992503e48bd5fe66

PODFILE CHECKSUM: 424435314705d0d6138b6d52746d7c5c3a82c2f1

COCOAPODS: 1.4.0
