PODS:
  - Expecta (1.0.6)
  - KIF (3.7.4):
    - KIF/Core (= 3.7.4)
  - KIF/Core (3.7.4)
  - LayerKit (4.1.0-pre3)
  - LayerXDK/UI (4.1.0-pre1):
    - LayerKit (~> 4.1.0-pre1)
  - OCHamcrest (7.1.1)
  - OCMock (3.4.3)
  - OCMockito (5.1.1):
    - OCHamcrest (~> 7.0)
  - Specta (1.0.7)

DEPENDENCIES:
  - Expecta
  - KIF
  - LayerKit (~> 4.1.0-pre1)
  - LayerXDK/UI (from `../.`)
  - OCMock
  - OCMockito
  - Specta

SPEC REPOS:
  https://github.com/cocoapods/specs.git:
    - Expecta
    - KIF
    - LayerKit
    - OCHamcrest
    - OCMock
    - OCMockito
    - Specta

EXTERNAL SOURCES:
  LayerXDK:
    :path: "../."

SPEC CHECKSUMS:
  Expecta: 3b6bd90a64b9a1dcb0b70aa0e10a7f8f631667d5
  KIF: f3d01c109ee9d1cfe6b0f2bb2aa278e807e971e2
  LayerKit: fe6faa66beebd7cc9d228328011dfc1e337c5e3f
  LayerXDK: a32462a44eeb85afdfc1d6bffe4d0750d17bbc65
  OCHamcrest: 3506736397451c35d8763ff0a9b13492e544115f
  OCMock: 43565190abc78977ad44a61c0d20d7f0784d35ab
  OCMockito: eccb29c256cbdd6c7bc206718cbb06ef737daa8b
  Specta: 3e1bd89c3517421982dc4d1c992503e48bd5fe66

PODFILE CHECKSUM: 58b52d40fa093dc2aa2d8720b143725a09b95e01

COCOAPODS: 1.5.3
